{
  "version": 4,
  "terraform_version": "1.14.3",
  "serial": 653,
  "lineage": "08389829-b10b-fd24-c09b-c2177adc6091",
  "outputs": {
    "ami": {
      "value": "ami-0c78dc042da77017f",
      "type": "string"
    },
    "cloudfront_distribution_id": {
      "value": "E2K6FPA7BBQ5K",
      "type": "string"
    },
    "cloudfront_domain_name": {
      "value": "d2pwhq49jbdqcs.cloudfront.net",
      "type": "string"
    },
    "region": {
      "value": "sa-east-1",
      "type": "string"
    },
    "vpc_cidr": {
      "value": "10.200.0.0/16",
      "type": "string"
    }
  },
  "resources": [
    {
      "mode": "data",
      "type": "aws_ami",
      "name": "amazon_linux",
      "provider": "provider[\"registry.terraform.io/hashicorp/aws\"]",
      "instances": [
        {
          "schema_version": 0,
          "attributes": {
            "allow_unsafe_filter": null,
            "architecture": "x86_64",
            "arn": "arn:aws:ec2:sa-east-1::image/ami-0c78dc042da77017f",
            "block_device_mappings": [
              {
                "device_name": "/dev/xvda",
                "ebs": {
                  "delete_on_termination": "true",
                  "encrypted": "false",
                  "iops": "0",
                  "snapshot_id": "snap-0777d634eeb3e47bd",
                  "throughput": "0",
                  "volume_initialization_rate": "0",
                  "volume_size": "8",
                  "volume_type": "gp2"
                },
                "no_device": "",
                "virtual_name": ""
              }
            ],
            "boot_mode": "",
            "creation_date": "2026-01-16T23:12:34.000Z",
            "deprecation_time": "2026-04-16T23:18:00.000Z",
            "description": "Amazon Linux 2 AMI 2.0.20260120.1 x86_64 HVM gp2",
            "ena_support": true,
            "executable_users": null,
            "filter": [
              {
                "name": "name",
                "values": [
                  "amzn2-ami-hvm-*-x86_64-gp2"
                ]
              },
              {
                "name": "virtualization-type",
                "values": [
                  "hvm"
                ]
              }
            ],
            "hypervisor": "xen",
            "id": "ami-0c78dc042da77017f",
            "image_id": "ami-0c78dc042da77017f",
            "image_location": "amazon/amzn2-ami-hvm-2.0.20260120.1-x86_64-gp2",
            "image_owner_alias": "amazon",
            "image_type": "machine",
            "imds_support": "",
            "include_deprecated": false,
            "kernel_id": "",
            "last_launched_time": "",
            "most_recent": true,
            "name": "amzn2-ami-hvm-2.0.20260120.1-x86_64-gp2",
            "name_regex": null,
            "owner_id": "137112412989",
            "owners": [
              "amazon"
            ],
            "platform": "",
            "platform_details": "Linux/UNIX",
            "product_codes": [],
            "public": true,
            "ramdisk_id": "",
            "region": "sa-east-1",
            "root_device_name": "/dev/xvda",
            "root_device_type": "ebs",
            "root_snapshot_id": "snap-0777d634eeb3e47bd",
            "sriov_net_support": "simple",
            "state": "available",
            "state_reason": {
              "code": "UNSET",
              "message": "UNSET"
            },
            "tags": {},
            "timeouts": null,
            "tpm_support": "",
            "uefi_data": null,
            "usage_operation": "RunInstances",
            "virtualization_type": "hvm"
          },
          "sensitive_attributes": [],
          "identity_schema_version": 0
        }
      ]
    },
    {
      "mode": "data",
      "type": "aws_ami",
      "name": "ec2_golden_ami",
      "provider": "provider[\"registry.terraform.io/hashicorp/aws\"]",
      "instances": [
        {
          "schema_version": 0,
          "attributes": {
            "allow_unsafe_filter": null,
            "architecture": "x86_64",
            "arn": "arn:aws:ec2:sa-east-1::image/ami-0f15c4c004b12c364",
            "block_device_mappings": [
              {
                "device_name": "/dev/xvda",
                "ebs": {
                  "delete_on_termination": "true",
                  "encrypted": "false",
                  "iops": "0",
                  "snapshot_id": "snap-0fa8a2f1a6e0e740b",
                  "throughput": "0",
                  "volume_initialization_rate": "0",
                  "volume_size": "8",
                  "volume_type": "gp2"
                },
                "no_device": "",
                "virtual_name": ""
              }
            ],
            "boot_mode": "",
            "creation_date": "2026-02-09T05:13:45.000Z",
            "deprecation_time": "",
            "description": "",
            "ena_support": true,
            "executable_users": null,
            "filter": [
              {
                "name": "name",
                "values": [
                  "ec2-golden-ami"
                ]
              },
              {
                "name": "state",
                "values": [
                  "available"
                ]
              }
            ],
            "hypervisor": "xen",
            "id": "ami-0f15c4c004b12c364",
            "image_id": "ami-0f15c4c004b12c364",
            "image_location": "329327479095/ec2-golden-ami",
            "image_owner_alias": "",
            "image_type": "machine",
            "imds_support": "",
            "include_deprecated": false,
            "kernel_id": "",
            "last_launched_time": "",
            "most_recent": true,
            "name": "ec2-golden-ami",
            "name_regex": null,
            "owner_id": "329327479095",
            "owners": [
              "self"
            ],
            "platform": "",
            "platform_details": "Linux/UNIX",
            "product_codes": [],
            "public": false,
            "ramdisk_id": "",
            "region": "sa-east-1",
            "root_device_name": "/dev/xvda",
            "root_device_type": "ebs",
            "root_snapshot_id": "snap-0fa8a2f1a6e0e740b",
            "sriov_net_support": "simple",
            "state": "available",
            "state_reason": {
              "code": "UNSET",
              "message": "UNSET"
            },
            "tags": {},
            "timeouts": null,
            "tpm_support": "",
            "uefi_data": null,
            "usage_operation": "RunInstances",
            "virtualization_type": "hvm"
          },
          "sensitive_attributes": [],
          "identity_schema_version": 0
        }
      ]
    },
    {
      "mode": "data",
      "type": "aws_availability_zones",
      "name": "available",
      "provider": "provider[\"registry.terraform.io/hashicorp/aws\"]",
      "instances": [
        {
          "schema_version": 0,
          "attributes": {
            "all_availability_zones": null,
            "exclude_names": null,
            "exclude_zone_ids": null,
            "filter": null,
            "group_names": [
              "sa-east-1-zg-1"
            ],
            "id": "sa-east-1",
            "names": [
              "sa-east-1a",
              "sa-east-1b",
              "sa-east-1c"
            ],
            "region": "sa-east-1",
            "state": "available",
            "timeouts": null,
            "zone_ids": [
              "sae1-az1",
              "sae1-az2",
              "sae1-az3"
            ]
          },
          "sensitive_attributes": [],
          "identity_schema_version": 0
        }
      ]
    },
    {
      "mode": "data",
      "type": "aws_caller_identity",
      "name": "current",
      "provider": "provider[\"registry.terraform.io/hashicorp/aws\"]",
      "instances": [
        {
          "schema_version": 0,
          "attributes": {
            "account_id": "329327479095",
            "arn": "arn:aws:iam::329327479095:user/AWSCLI",
            "id": "329327479095",
            "user_id": "AIDAUZLLSRE34AFKREANX"
          },
          "sensitive_attributes": [],
          "identity_schema_version": 0
        }
      ]
    },
    {
      "mode": "data",
      "type": "aws_ec2_managed_prefix_list",
      "name": "cloudfront_origin_facing",
      "provider": "provider[\"registry.terraform.io/hashicorp/aws\"]",
      "instances": [
        {
          "index_key": 0,
          "schema_version": 0,
          "attributes": {
            "address_family": "IPv4",
            "arn": "arn:aws:ec2:sa-east-1:aws:prefix-list/pl-5da64334",
            "entries": [
              {
                "cidr": "13.124.199.0/24",
                "description": ""
              },
              {
                "cidr": "130.176.0.0/18",
                "description": ""
              },
              {
                "cidr": "130.176.128.0/21",
                "description": ""
              },
              {
                "cidr": "130.176.136.0/23",
                "description": ""
              },
              {
                "cidr": "130.176.140.0/22",
                "description": ""
              },
              {
                "cidr": "130.176.144.0/20",
                "description": ""
              },
              {
                "cidr": "130.176.160.0/19",
                "description": ""
              },
              {
                "cidr": "130.176.192.0/19",
                "description": ""
              },
              {
                "cidr": "130.176.64.0/21",
                "description": ""
              },
              {
                "cidr": "130.176.72.0/22",
                "description": ""
              },
              {
                "cidr": "130.176.76.0/24",
                "description": ""
              },
              {
                "cidr": "130.176.78.0/23",
                "description": ""
              },
              {
                "cidr": "130.176.80.0/22",
                "description": ""
              },
              {
                "cidr": "130.176.86.0/23",
                "description": ""
              },
              {
                "cidr": "130.176.88.0/21",
                "description": ""
              },
              {
                "cidr": "130.176.96.0/19",
                "description": ""
              },
              {
                "cidr": "15.158.0.0/16",
                "description": ""
              },
              {
                "cidr": "18.68.0.0/16",
                "description": ""
              },
              {
                "cidr": "204.246.166.0/24",
                "description": ""
              },
              {
                "cidr": "205.251.218.0/24",
                "description": ""
              },
              {
                "cidr": "3.172.0.0/18",
                "description": ""
              },
              {
                "cidr": "3.172.64.0/18",
                "description": ""
              },
              {
                "cidr": "3.29.57.0/26",
                "description": ""
              },
              {
                "cidr": "52.46.0.0/18",
                "description": ""
              },
              {
                "cidr": "52.82.128.0/23",
                "description": ""
              },
              {
                "cidr": "52.82.134.0/23",
                "description": ""
              },
              {
                "cidr": "54.182.128.0/20",
                "description": ""
              },
              {
                "cidr": "54.182.144.0/21",
                "description": ""
              },
              {
                "cidr": "54.182.154.0/23",
                "description": ""
              },
              {
                "cidr": "54.182.156.0/22",
                "description": ""
              },
              {
                "cidr": "54.182.160.0/21",
                "description": ""
              },
              {
                "cidr": "54.182.172.0/22",
                "description": ""
              },
              {
                "cidr": "54.182.176.0/21",
                "description": ""
              },
              {
                "cidr": "54.182.184.0/22",
                "description": ""
              },
              {
                "cidr": "54.182.188.0/23",
                "description": ""
              },
              {
                "cidr": "54.182.224.0/21",
                "description": ""
              },
              {
                "cidr": "54.182.240.0/21",
                "description": ""
              },
              {
                "cidr": "54.182.248.0/22",
                "description": ""
              },
              {
                "cidr": "54.239.134.0/23",
                "description": ""
              },
              {
                "cidr": "54.239.170.0/23",
                "description": ""
              },
              {
                "cidr": "54.239.204.0/22",
                "description": ""
              },
              {
                "cidr": "54.239.208.0/21",
                "description": ""
              },
              {
                "cidr": "64.252.128.0/18",
                "description": ""
              },
              {
                "cidr": "64.252.64.0/18",
                "description": ""
              },
              {
                "cidr": "70.132.0.0/18",
                "description": ""
              }
            ],
            "filter": null,
            "id": "pl-5da64334",
            "max_entries": 0,
            "name": "com.amazonaws.global.cloudfront.origin-facing",
            "owner_id": "AWS",
            "region": "sa-east-1",
            "tags": {},
            "timeouts": null,
            "version": 0
          },
          "sensitive_attributes": [],
          "identity_schema_version": 0
        }
      ]
    },
    {
      "mode": "data",
      "type": "aws_ec2_transit_gateway_peering_attachment",
      "name": "attachment",
      "provider": "provider[\"registry.terraform.io/hashicorp/aws\"]",
      "instances": []
    },
    {
      "mode": "data",
      "type": "aws_elb_service_account",
      "name": "main",
      "provider": "provider[\"registry.terraform.io/hashicorp/aws\"]",
      "instances": [
        {
          "schema_version": 0,
          "attributes": {
            "arn": "arn:aws:iam::507241528517:root",
            "id": "507241528517",
            "region": "sa-east-1"
          },
          "sensitive_attributes": [],
          "identity_schema_version": 0
        }
      ]
    },
    {
      "mode": "data",
      "type": "aws_region",
      "name": "current",
      "provider": "provider[\"registry.terraform.io/hashicorp/aws\"]",
      "instances": [
        {
          "schema_version": 0,
          "attributes": {
            "description": "South America (Sao Paulo)",
            "endpoint": "ec2.sa-east-1.amazonaws.com",
            "id": "sa-east-1",
            "name": "sa-east-1",
            "region": "sa-east-1"
          },
          "sensitive_attributes": [],
          "identity_schema_version": 0
        }
      ]
    },
    {
      "mode": "data",
      "type": "aws_vpc",
      "name": "Tokyo",
      "provider": "provider[\"registry.terraform.io/hashicorp/aws\"]",
      "instances": []
    },
    {
      "mode": "managed",
      "type": "aws_acm_certificate",
      "name": "cloudfront_cert",
      "provider": "provider[\"registry.terraform.io/hashicorp/aws\"].us-east",
      "instances": [
        {
          "index_key": 0,
          "schema_version": 0,
          "attributes": {
            "arn": "arn:aws:acm:us-east-1:329327479095:certificate/6730b11c-fcdd-468f-96be-37ea21c027b7",
            "certificate_authority_arn": "",
            "certificate_body": null,
            "certificate_chain": null,
            "domain_name": "armageddonlab.com",
            "domain_validation_options": [
              {
                "domain_name": "*.armageddonlab.com",
                "resource_record_name": "_cd4483d45a41c44f2646fa068ce76070.armageddonlab.com.",
                "resource_record_type": "CNAME",
                "resource_record_value": "_eccce57f612af88ea8d80e728f14f056.jkddzztszm.acm-validations.aws."
              },
              {
                "domain_name": "armageddonlab.com",
                "resource_record_name": "_cd4483d45a41c44f2646fa068ce76070.armageddonlab.com.",
                "resource_record_type": "CNAME",
                "resource_record_value": "_eccce57f612af88ea8d80e728f14f056.jkddzztszm.acm-validations.aws."
              }
            ],
            "early_renewal_duration": "",
            "id": "arn:aws:acm:us-east-1:329327479095:certificate/6730b11c-fcdd-468f-96be-37ea21c027b7",
            "key_algorithm": "RSA_2048",
            "not_after": "2027-03-10T23:59:59Z",
            "not_before": "2026-02-09T00:00:00Z",
            "options": [
              {
                "certificate_transparency_logging_preference": "ENABLED",
                "export": "DISABLED"
              }
            ],
            "pending_renewal": false,
            "private_key": null,
            "region": "us-east-1",
            "renewal_eligibility": "ELIGIBLE",
            "renewal_summary": [],
            "status": "ISSUED",
            "subject_alternative_names": [
              "*.armageddonlab.com",
              "armageddonlab.com"
            ],
            "tags": {
              "Name": "star-cloudfront-cert"
            },
            "tags_all": {
              "Name": "star-cloudfront-cert"
            },
            "type": "AMAZON_ISSUED",
            "validation_emails": [],
            "validation_method": "DNS",
            "validation_option": []
          },
          "sensitive_attributes": [
            [
              {
                "type": "get_attr",
                "value": "private_key"
              }
            ]
          ],
          "identity_schema_version": 0,
          "identity": {
            "arn": "arn:aws:acm:us-east-1:329327479095:certificate/6730b11c-fcdd-468f-96be-37ea21c027b7"
          },
          "private": "bnVsbA==",
          "create_before_destroy": true
        }
      ]
    },
    {
      "mode": "managed",
      "type": "aws_acm_certificate",
      "name": "hidden_target_group2",
      "provider": "provider[\"registry.terraform.io/hashicorp/aws\"]",
      "instances": [
        {
          "schema_version": 0,
          "attributes": {
            "arn": "arn:aws:acm:sa-east-1:329327479095:certificate/20289f87-7120-46b8-9a1d-13e36b9e7359",
            "certificate_authority_arn": "",
            "certificate_body": null,
            "certificate_chain": null,
            "domain_name": "alb.armageddonlab.com",
            "domain_validation_options": [
              {
                "domain_name": "alb.armageddonlab.com",
                "resource_record_name": "_7791c5b6fe1e89bd4c208993c707eb61.alb.armageddonlab.com.",
                "resource_record_type": "CNAME",
                "resource_record_value": "_f5026d00690e2020d1d944836f9aecf9.jkddzztszm.acm-validations.aws."
              }
            ],
            "early_renewal_duration": "",
            "id": "arn:aws:acm:sa-east-1:329327479095:certificate/20289f87-7120-46b8-9a1d-13e36b9e7359",
            "key_algorithm": "RSA_2048",
            "not_after": "2027-03-10T23:59:59Z",
            "not_before": "2026-02-09T00:00:00Z",
            "options": [
              {
                "certificate_transparency_logging_preference": "ENABLED",
                "export": "DISABLED"
              }
            ],
            "pending_renewal": false,
            "private_key": null,
            "region": "sa-east-1",
            "renewal_eligibility": "INELIGIBLE",
            "renewal_summary": [],
            "status": "ISSUED",
            "subject_alternative_names": [
              "alb.armageddonlab.com"
            ],
            "tags": {
              "Name": "hidden target_group certificate"
            },
            "tags_all": {
              "Name": "hidden target_group certificate"
            },
            "type": "AMAZON_ISSUED",
            "validation_emails": [],
            "validation_method": "DNS",
            "validation_option": []
          },
          "sensitive_attributes": [
            [
              {
                "type": "get_attr",
                "value": "private_key"
              }
            ]
          ],
          "identity_schema_version": 0,
          "identity": {
            "arn": "arn:aws:acm:sa-east-1:329327479095:certificate/20289f87-7120-46b8-9a1d-13e36b9e7359"
          },
          "private": "bnVsbA==",
          "create_before_destroy": true
        },
        {
          "deposed": "e82539af",
          "schema_version": 0,
          "attributes": {
            "arn": "arn:aws:acm:sa-east-1:329327479095:certificate/26f36087-11bd-40ca-a26e-99e45446c01c",
            "certificate_authority_arn": "",
            "certificate_body": null,
            "certificate_chain": null,
            "domain_name": "www.armageddonlab.com",
            "domain_validation_options": [
              {
                "domain_name": "www.armageddonlab.com",
                "resource_record_name": "_f128b4dd6a02da406175ca8e6089476d.www.armageddonlab.com.",
                "resource_record_type": "CNAME",
                "resource_record_value": "_0c31d9faf64eac7f4136074ca27b9cf3.jkddzztszm.acm-validations.aws."
              }
            ],
            "early_renewal_duration": "",
            "id": "arn:aws:acm:sa-east-1:329327479095:certificate/26f36087-11bd-40ca-a26e-99e45446c01c",
            "key_algorithm": "RSA_2048",
            "not_after": "2027-03-10T23:59:59Z",
            "not_before": "2026-02-09T00:00:00Z",
            "options": [
              {
                "certificate_transparency_logging_preference": "ENABLED",
                "export": "DISABLED"
              }
            ],
            "pending_renewal": false,
            "private_key": null,
            "region": "sa-east-1",
            "renewal_eligibility": "ELIGIBLE",
            "renewal_summary": [],
            "status": "ISSUED",
            "subject_alternative_names": [
              "www.armageddonlab.com"
            ],
            "tags": {
              "Name": "hidden target_group certificate"
            },
            "tags_all": {
              "Name": "hidden target_group certificate"
            },
            "type": "AMAZON_ISSUED",
            "validation_emails": [],
            "validation_method": "DNS",
            "validation_option": []
          },
          "sensitive_attributes": [
            [
              {
                "type": "get_attr",
                "value": "private_key"
              }
            ]
          ],
          "identity_schema_version": 0,
          "identity": {
            "arn": "arn:aws:acm:sa-east-1:329327479095:certificate/26f36087-11bd-40ca-a26e-99e45446c01c"
          },
          "private": "bnVsbA==",
          "create_before_destroy": true
        }
      ]
    },
    {
      "mode": "managed",
      "type": "aws_acm_certificate_validation",
      "name": "cloudfront_cert_validation",
      "provider": "provider[\"registry.terraform.io/hashicorp/aws\"].us-east",
      "instances": [
        {
          "index_key": 0,
          "schema_version": 0,
          "attributes": {
            "certificate_arn": "arn:aws:acm:us-east-1:329327479095:certificate/6730b11c-fcdd-468f-96be-37ea21c027b7",
            "id": "2026-02-09 02:24:12.372 +0000 UTC",
            "region": "us-east-1",
            "timeouts": null,
            "validation_record_fqdns": [
              "_cd4483d45a41c44f2646fa068ce76070.armageddonlab.com"
            ]
          },
          "sensitive_attributes": [],
          "identity_schema_version": 0,
          "private": "eyJlMmJmYjczMC1lY2FhLTExZTYtOGY4OC0zNDM2M2JjN2M0YzAiOnsiY3JlYXRlIjo0NTAwMDAwMDAwMDAwfX0=",
          "dependencies": [
            "aws_acm_certificate.cloudfront_cert",
            "aws_route53_record.cloudfront_cert_validation",
            "aws_route53_zone.primary"
          ]
        }
      ]
    },
    {
      "mode": "managed",
      "type": "aws_acm_certificate_validation",
      "name": "star_cert_validation1",
      "provider": "provider[\"registry.terraform.io/hashicorp/aws\"]",
      "instances": [
        {
          "index_key": 0,
          "schema_version": 0,
          "attributes": {
            "certificate_arn": "arn:aws:acm:sa-east-1:329327479095:certificate/20289f87-7120-46b8-9a1d-13e36b9e7359",
            "id": "2026-02-09 04:40:29.612 +0000 UTC",
            "region": "sa-east-1",
            "timeouts": null,
            "validation_record_fqdns": [
              "_7791c5b6fe1e89bd4c208993c707eb61.alb.armageddonlab.com"
            ]
          },
          "sensitive_attributes": [],
          "identity_schema_version": 0,
          "private": "eyJlMmJmYjczMC1lY2FhLTExZTYtOGY4OC0zNDM2M2JjN2M0YzAiOnsiY3JlYXRlIjo0NTAwMDAwMDAwMDAwfX0=",
          "dependencies": [
            "aws_acm_certificate.hidden_target_group2",
            "aws_route53_record.cert_validation",
            "aws_route53_zone.primary"
          ]
        }
      ]
    },
    {
      "mode": "managed",
      "type": "aws_ami_from_instance",
      "name": "ec2_golden_ami",
      "provider": "provider[\"registry.terraform.io/hashicorp/aws\"]",
      "instances": [
        {
          "schema_version": 0,
          "attributes": {
            "architecture": "x86_64",
            "arn": "arn:aws:ec2:sa-east-1::image/ami-0f15c4c004b12c364",
            "boot_mode": "",
            "deprecation_time": "",
            "description": "",
            "ebs_block_device": [
              {
                "delete_on_termination": true,
                "device_name": "/dev/xvda",
                "encrypted": false,
                "iops": 0,
                "outpost_arn": "",
                "snapshot_id": "snap-0fa8a2f1a6e0e740b",
                "throughput": 0,
                "volume_size": 8,
                "volume_type": "gp2"
              }
            ],
            "ena_support": true,
            "ephemeral_block_device": [],
            "hypervisor": "xen",
            "id": "ami-0f15c4c004b12c364",
            "image_location": "329327479095/ec2-golden-ami",
            "image_owner_alias": "",
            "image_type": "machine",
            "imds_support": "",
            "kernel_id": "",
            "last_launched_time": "",
            "manage_ebs_snapshots": true,
            "name": "ec2-golden-ami",
            "owner_id": "329327479095",
            "platform": "",
            "platform_details": "Linux/UNIX",
            "public": false,
            "ramdisk_id": "",
            "region": "sa-east-1",
            "root_device_name": "/dev/xvda",
            "root_snapshot_id": "snap-0fa8a2f1a6e0e740b",
            "snapshot_without_reboot": null,
            "source_instance_id": "i-0d9b29ab676eb7cef",
            "sriov_net_support": "simple",
            "tags": null,
            "tags_all": {},
            "timeouts": null,
            "tpm_support": "",
            "uefi_data": null,
            "usage_operation": "RunInstances",
            "virtualization_type": "hvm"
          },
          "sensitive_attributes": [],
          "identity_schema_version": 0,
          "private": "eyJlMmJmYjczMC1lY2FhLTExZTYtOGY4OC0zNDM2M2JjN2M0YzAiOnsiY3JlYXRlIjoyNDAwMDAwMDAwMDAwLCJkZWxldGUiOjU0MDAwMDAwMDAwMDAsInVwZGF0ZSI6MjQwMDAwMDAwMDAwMH19",
          "dependencies": [
            "aws_iam_instance_profile.second",
            "aws_iam_role.EC2_Role2",
            "aws_instance.lab-ec2-app-public",
            "aws_security_group.EC2_SG",
            "aws_subnet.Star_Public_AZ1",
            "aws_vpc.Star",
            "data.aws_ami.amazon_linux",
            "data.aws_availability_zones.available",
            "time_sleep.wait_for_ami_settle"
          ]
        }
      ]
    },
    {
      "mode": "managed",
      "type": "aws_autoscaling_attachment",
      "name": "load_asg",
      "provider": "provider[\"registry.terraform.io/hashicorp/aws\"]",
      "instances": [
        {
          "schema_version": 0,
          "attributes": {
            "autoscaling_group_name": "Autoscaler",
            "elb": null,
            "id": "Autoscaler-20260209022933959400000011",
            "lb_target_group_arn": "arn:aws:elasticloadbalancing:sa-east-1:329327479095:targetgroup/hidden-target-group/458cefc8aa06ad2a",
            "region": "sa-east-1"
          },
          "sensitive_attributes": [],
          "identity_schema_version": 0,
          "private": "bnVsbA==",
          "dependencies": [
            "aws_ami_from_instance.ec2_golden_ami",
            "aws_autoscaling_group.bar",
            "aws_iam_instance_profile.second",
            "aws_iam_instance_profile.this",
            "aws_iam_role.EC2_Role",
            "aws_iam_role.EC2_Role2",
            "aws_instance.lab-ec2-app-public",
            "aws_launch_template.lab-ec2-app-private",
            "aws_lb_target_group.hidden_target_group",
            "aws_placement_group.private",
            "aws_security_group.EC2_SG",
            "aws_subnet.Star_Private_AZ1",
            "aws_subnet.Star_Private_AZ2",
            "aws_subnet.Star_Public_AZ1",
            "aws_vpc.Star",
            "data.aws_ami.amazon_linux",
            "data.aws_ami.ec2_golden_ami",
            "data.aws_availability_zones.available",
            "time_sleep.wait_for_ami_settle"
          ]
        }
      ]
    },
    {
      "mode": "managed",
      "type": "aws_autoscaling_group",
      "name": "bar",
      "provider": "provider[\"registry.terraform.io/hashicorp/aws\"]",
      "instances": [
        {
          "schema_version": 1,
          "attributes": {
            "arn": "arn:aws:autoscaling:sa-east-1:329327479095:autoScalingGroup:ba9b380e-3e2a-4243-96ec-c2e695eeebfd:autoScalingGroupName/Autoscaler",
            "availability_zone_distribution": [
              {
                "capacity_distribution_strategy": "balanced-best-effort"
              }
            ],
            "availability_zones": [
              "sa-east-1a",
              "sa-east-1b"
            ],
            "capacity_rebalance": false,
            "capacity_reservation_specification": [
              {
                "capacity_reservation_preference": "default",
                "capacity_reservation_target": []
              }
            ],
            "context": "",
            "default_cooldown": 300,
            "default_instance_warmup": 0,
            "desired_capacity": 1,
            "desired_capacity_type": "",
            "enabled_metrics": [],
            "force_delete": true,
            "force_delete_warm_pool": false,
            "health_check_grace_period": 300,
            "health_check_type": "EC2",
            "id": "Autoscaler",
            "ignore_failed_scaling_activities": false,
            "initial_lifecycle_hook": [],
            "instance_maintenance_policy": [
              {
                "max_healthy_percentage": 120,
                "min_healthy_percentage": 90
              }
            ],
            "instance_refresh": [],
            "launch_configuration": "",
            "launch_template": [
              {
                "id": "lt-0c6568e26e51baf30",
                "name": "terraform-2026020902290648670000000f",
                "version": "$Default"
              }
            ],
            "load_balancers": [],
            "max_instance_lifetime": 0,
            "max_size": 5,
            "metrics_granularity": "1Minute",
            "min_elb_capacity": null,
            "min_size": 0,
            "mixed_instances_policy": [],
            "name": "Autoscaler",
            "name_prefix": "",
            "placement_group": "test",
            "predicted_capacity": 0,
            "protect_from_scale_in": false,
            "region": "sa-east-1",
            "service_linked_role_arn": "arn:aws:iam::329327479095:role/aws-service-role/autoscaling.amazonaws.com/AWSServiceRoleForAutoScaling",
            "suspended_processes": [],
            "tag": [],
            "target_group_arns": [
              "arn:aws:elasticloadbalancing:sa-east-1:329327479095:targetgroup/hidden-target-group/458cefc8aa06ad2a"
            ],
            "termination_policies": [],
            "timeouts": null,
            "traffic_source": [
              {
                "identifier": "arn:aws:elasticloadbalancing:sa-east-1:329327479095:targetgroup/hidden-target-group/458cefc8aa06ad2a",
                "type": "elbv2"
              }
            ],
            "vpc_zone_identifier": [
              "subnet-033dc43cc6a544000",
              "subnet-0e35a805660b28407"
            ],
            "wait_for_capacity_timeout": "10m",
            "wait_for_elb_capacity": null,
            "warm_pool": [],
            "warm_pool_size": 0
          },
          "sensitive_attributes": [],
          "identity_schema_version": 0,
          "private": "eyJlMmJmYjczMC1lY2FhLTExZTYtOGY4OC0zNDM2M2JjN2M0YzAiOnsiZGVsZXRlIjo2MDAwMDAwMDAwMDAsInVwZGF0ZSI6NjAwMDAwMDAwMDAwfSwic2NoZW1hX3ZlcnNpb24iOiIxIn0=",
          "dependencies": [
            "aws_ami_from_instance.ec2_golden_ami",
            "aws_iam_instance_profile.second",
            "aws_iam_instance_profile.this",
            "aws_iam_role.EC2_Role",
            "aws_iam_role.EC2_Role2",
            "aws_instance.lab-ec2-app-public",
            "aws_launch_template.lab-ec2-app-private",
            "aws_lb_target_group.hidden_target_group",
            "aws_placement_group.private",
            "aws_security_group.EC2_SG",
            "aws_subnet.Star_Private_AZ1",
            "aws_subnet.Star_Private_AZ2",
            "aws_subnet.Star_Public_AZ1",
            "aws_vpc.Star",
            "data.aws_ami.amazon_linux",
            "data.aws_ami.ec2_golden_ami",
            "data.aws_availability_zones.available",
            "time_sleep.wait_for_ami_settle"
          ]
        }
      ]
    },
    {
      "mode": "managed",
      "type": "aws_autoscaling_policy",
      "name": "cpu_utilization_target",
      "provider": "provider[\"registry.terraform.io/hashicorp/aws\"]",
      "instances": [
        {
          "schema_version": 0,
          "attributes": {
            "adjustment_type": "",
            "arn": "arn:aws:autoscaling:sa-east-1:329327479095:scalingPolicy:7baf692d-7423-4f10-aa94-fea8b42e8830:autoScalingGroupName/Autoscaler:policyName/cpu-utilization-target-tracking",
            "autoscaling_group_name": "Autoscaler",
            "cooldown": 0,
            "enabled": true,
            "estimated_instance_warmup": 300,
            "id": "cpu-utilization-target-tracking",
            "metric_aggregation_type": "",
            "min_adjustment_magnitude": 0,
            "name": "cpu-utilization-target-tracking",
            "policy_type": "TargetTrackingScaling",
            "predictive_scaling_configuration": [],
            "region": "sa-east-1",
            "scaling_adjustment": 0,
            "step_adjustment": [],
            "target_tracking_configuration": [
              {
                "customized_metric_specification": [],
                "disable_scale_in": false,
                "predefined_metric_specification": [
                  {
                    "predefined_metric_type": "ASGAverageCPUUtilization",
                    "resource_label": ""
                  }
                ],
                "target_value": 70
              }
            ]
          },
          "sensitive_attributes": [],
          "identity_schema_version": 0,
          "private": "bnVsbA==",
          "dependencies": [
            "aws_ami_from_instance.ec2_golden_ami",
            "aws_autoscaling_group.bar",
            "aws_iam_instance_profile.second",
            "aws_iam_instance_profile.this",
            "aws_iam_role.EC2_Role",
            "aws_iam_role.EC2_Role2",
            "aws_instance.lab-ec2-app-public",
            "aws_launch_template.lab-ec2-app-private",
            "aws_lb_target_group.hidden_target_group",
            "aws_placement_group.private",
            "aws_security_group.EC2_SG",
            "aws_subnet.Star_Private_AZ1",
            "aws_subnet.Star_Private_AZ2",
            "aws_subnet.Star_Public_AZ1",
            "aws_vpc.Star",
            "data.aws_ami.amazon_linux",
            "data.aws_ami.ec2_golden_ami",
            "data.aws_availability_zones.available",
            "time_sleep.wait_for_ami_settle"
          ]
        }
      ]
    },
    {
      "mode": "managed",
      "type": "aws_cloudfront_cache_policy",
      "name": "api_no_cache",
      "provider": "provider[\"registry.terraform.io/hashicorp/aws\"]",
      "instances": [
        {
          "index_key": 0,
          "schema_version": 0,
          "attributes": {
            "arn": "arn:aws:cloudfront::329327479095:cache-policy/54c369a8-227a-4c42-99c2-0029a03f1239",
            "comment": "Disable caching for API endpoints",
            "default_ttl": 0,
            "etag": "E23ZP02F085DFQ",
            "id": "54c369a8-227a-4c42-99c2-0029a03f1239",
            "max_ttl": 0,
            "min_ttl": 0,
            "name": "star-cache-api-disabled",
            "parameters_in_cache_key_and_forwarded_to_origin": [
              {
                "cookies_config": [
                  {
                    "cookie_behavior": "none",
                    "cookies": []
                  }
                ],
                "enable_accept_encoding_brotli": false,
                "enable_accept_encoding_gzip": false,
                "headers_config": [
                  {
                    "header_behavior": "none",
                    "headers": []
                  }
                ],
                "query_strings_config": [
                  {
                    "query_string_behavior": "none",
                    "query_strings": []
                  }
                ]
              }
            ]
          },
          "sensitive_attributes": [],
          "identity_schema_version": 0,
          "private": "bnVsbA=="
        }
      ]
    },
    {
      "mode": "managed",
      "type": "aws_cloudfront_cache_policy",
      "name": "static_cache",
      "provider": "provider[\"registry.terraform.io/hashicorp/aws\"]",
      "instances": [
        {
          "index_key": 0,
          "schema_version": 0,
          "attributes": {
            "arn": "arn:aws:cloudfront::329327479095:cache-policy/c1e10fc0-a573-4f8b-8cb0-ba8abc462a5c",
            "comment": "Aggressive caching for static assets",
            "default_ttl": 86400,
            "etag": "E23ZP02F085DFQ",
            "id": "c1e10fc0-a573-4f8b-8cb0-ba8abc462a5c",
            "max_ttl": 31536000,
            "min_ttl": 0,
            "name": "star-cache-static",
            "parameters_in_cache_key_and_forwarded_to_origin": [
              {
                "cookies_config": [
                  {
                    "cookie_behavior": "none",
                    "cookies": []
                  }
                ],
                "enable_accept_encoding_brotli": true,
                "enable_accept_encoding_gzip": true,
                "headers_config": [
                  {
                    "header_behavior": "none",
                    "headers": []
                  }
                ],
                "query_strings_config": [
                  {
                    "query_string_behavior": "none",
                    "query_strings": []
                  }
                ]
              }
            ]
          },
          "sensitive_attributes": [],
          "identity_schema_version": 0,
          "private": "bnVsbA=="
        }
      ]
    },
    {
      "mode": "managed",
      "type": "aws_cloudfront_distribution",
      "name": "main",
      "provider": "provider[\"registry.terraform.io/hashicorp/aws\"]",
      "instances": [
        {
          "index_key": 0,
          "schema_version": 1,
          "attributes": {
            "aliases": [
              "app.armageddonlab.com",
              "armageddonlab.com",
              "www.armageddonlab.com"
            ],
            "anycast_ip_list_id": "",
            "arn": "arn:aws:cloudfront::329327479095:distribution/E2K6FPA7BBQ5K",
            "caller_reference": "terraform-2026020902242577140000000e",
            "comment": "star-cloudfront-distribution",
            "connection_function_association": [],
            "continuous_deployment_policy_id": "",
            "custom_error_response": [],
            "default_cache_behavior": [
              {
                "allowed_methods": [
                  "DELETE",
                  "GET",
                  "HEAD",
                  "OPTIONS",
                  "PATCH",
                  "POST",
                  "PUT"
                ],
                "cache_policy_id": "54c369a8-227a-4c42-99c2-0029a03f1239",
                "cached_methods": [
                  "GET",
                  "HEAD"
                ],
                "compress": true,
                "default_ttl": 0,
                "field_level_encryption_id": "",
                "forwarded_values": [],
                "function_association": [],
                "grpc_config": [
                  {
                    "enabled": false
                  }
                ],
                "lambda_function_association": [],
                "max_ttl": 0,
                "min_ttl": 0,
                "origin_request_policy_id": "394f155c-14d0-4076-b7ce-f98bbd85e48f",
                "realtime_log_config_arn": "",
                "response_headers_policy_id": "",
                "smooth_streaming": false,
                "target_origin_id": "star-alb-origin",
                "trusted_key_groups": [],
                "trusted_signers": [],
                "viewer_protocol_policy": "redirect-to-https"
              }
            ],
            "default_root_object": "",
            "domain_name": "d2pwhq49jbdqcs.cloudfront.net",
            "enabled": true,
            "etag": "ETVPDKIKX0DER",
            "hosted_zone_id": "Z2FDTNDATAQYW2",
            "http_version": "http2",
            "id": "E2K6FPA7BBQ5K",
            "in_progress_validation_batches": 0,
            "is_ipv6_enabled": true,
            "last_modified_time": "2026-02-09 04:05:23.202 +0000 UTC",
            "logging_config": [],
            "logging_v1_enabled": false,
            "ordered_cache_behavior": [
              {
                "allowed_methods": [
                  "GET",
                  "HEAD",
                  "OPTIONS"
                ],
                "cache_policy_id": "c1e10fc0-a573-4f8b-8cb0-ba8abc462a5c",
                "cached_methods": [
                  "GET",
                  "HEAD"
                ],
                "compress": true,
                "default_ttl": 0,
                "field_level_encryption_id": "",
                "forwarded_values": [],
                "function_association": [],
                "grpc_config": [
                  {
                    "enabled": false
                  }
                ],
                "lambda_function_association": [],
                "max_ttl": 0,
                "min_ttl": 0,
                "origin_request_policy_id": "21826505-8692-4fa5-b92f-e01bebcf509e",
                "path_pattern": "/static/*",
                "realtime_log_config_arn": "",
                "response_headers_policy_id": "779bb8a9-65d6-4f8e-86f4-0ac93f68e8b8",
                "smooth_streaming": false,
                "target_origin_id": "star-alb-origin",
                "trusted_key_groups": [],
                "trusted_signers": [],
                "viewer_protocol_policy": "redirect-to-https"
              }
            ],
            "origin": [
              {
                "connection_attempts": 3,
                "connection_timeout": 10,
                "custom_header": [
                  {
                    "name": "X-Origin-Verify",
                    "value": "aMDvr8G00AxaOL0aqokUpJjsGZPdYfFb"
                  }
                ],
                "custom_origin_config": [
                  {
                    "http_port": 80,
                    "https_port": 443,
                    "ip_address_type": "",
                    "origin_keepalive_timeout": 5,
                    "origin_protocol_policy": "https-only",
                    "origin_read_timeout": 30,
                    "origin_ssl_protocols": [
                      "TLSv1.2"
                    ]
                  }
                ],
                "domain_name": "alb.armageddonlab.com",
                "origin_access_control_id": "",
                "origin_id": "star-alb-origin",
                "origin_path": "",
                "origin_shield": [],
                "response_completion_timeout": 0,
                "s3_origin_config": [],
                "vpc_origin_config": []
              }
            ],
            "origin_group": [],
            "price_class": "PriceClass_100",
            "restrictions": [
              {
                "geo_restriction": [
                  {
                    "locations": [],
                    "restriction_type": "none"
                  }
                ]
              }
            ],
            "retain_on_delete": false,
            "staging": false,
            "status": "Deployed",
            "tags": {
              "Name": "star-cloudfront"
            },
            "tags_all": {
              "Name": "star-cloudfront"
            },
            "trusted_key_groups": [
              {
                "enabled": false,
                "items": []
              }
            ],
            "trusted_signers": [
              {
                "enabled": false,
                "items": []
              }
            ],
            "viewer_certificate": [
              {
                "acm_certificate_arn": "arn:aws:acm:us-east-1:329327479095:certificate/6730b11c-fcdd-468f-96be-37ea21c027b7",
                "cloudfront_default_certificate": false,
                "iam_certificate_id": "",
                "minimum_protocol_version": "TLSv1.2_2021",
                "ssl_support_method": "sni-only"
              }
            ],
            "viewer_mtls_config": [],
            "wait_for_deployment": true,
            "web_acl_id": "arn:aws:wafv2:us-east-1:329327479095:global/webacl/star-cloudfront-waf/dac192ca-c75b-4228-beef-4ed8093d5f29"
          },
          "sensitive_attributes": [
            [
              {
                "type": "get_attr",
                "value": "origin"
              }
            ]
          ],
          "identity_schema_version": 0,
          "private": "eyJzY2hlbWFfdmVyc2lvbiI6IjEifQ==",
          "dependencies": [
            "aws_acm_certificate.cloudfront_cert",
            "aws_acm_certificate_validation.cloudfront_cert_validation",
            "aws_cloudfront_cache_policy.api_no_cache",
            "aws_cloudfront_cache_policy.static_cache",
            "aws_cloudfront_origin_request_policy.api_origin",
            "aws_cloudfront_origin_request_policy.static_origin",
            "aws_cloudfront_response_headers_policy.static_headers",
            "aws_route53_record.cloudfront_cert_validation",
            "aws_route53_zone.primary",
            "aws_wafv2_web_acl.alb_waf",
            "random_password.origin_header_secret"
          ]
        }
      ]
    },
    {
      "mode": "managed",
      "type": "aws_cloudfront_origin_request_policy",
      "name": "api_origin",
      "provider": "provider[\"registry.terraform.io/hashicorp/aws\"]",
      "instances": [
        {
          "index_key": 0,
          "schema_version": 0,
          "attributes": {
            "arn": "arn:aws:cloudfront::329327479095:origin-request-policy/394f155c-14d0-4076-b7ce-f98bbd85e48f",
            "comment": "Forward necessary values for API calls",
            "cookies_config": [
              {
                "cookie_behavior": "all",
                "cookies": []
              }
            ],
            "etag": "E23ZP02F085DFQ",
            "headers_config": [
              {
                "header_behavior": "whitelist",
                "headers": [
                  {
                    "items": [
                      "Accept",
                      "Content-Type",
                      "Host",
                      "Origin"
                    ]
                  }
                ]
              }
            ],
            "id": "394f155c-14d0-4076-b7ce-f98bbd85e48f",
            "name": "star-orp-api",
            "query_strings_config": [
              {
                "query_string_behavior": "all",
                "query_strings": []
              }
            ]
          },
          "sensitive_attributes": [],
          "identity_schema_version": 0,
          "private": "bnVsbA=="
        }
      ]
    },
    {
      "mode": "managed",
      "type": "aws_cloudfront_origin_request_policy",
      "name": "static_origin",
      "provider": "provider[\"registry.terraform.io/hashicorp/aws\"]",
      "instances": [
        {
          "index_key": 0,
          "schema_version": 0,
          "attributes": {
            "arn": "arn:aws:cloudfront::329327479095:origin-request-policy/21826505-8692-4fa5-b92f-e01bebcf509e",
            "comment": "Minimal forwarding for static assets",
            "cookies_config": [
              {
                "cookie_behavior": "none",
                "cookies": []
              }
            ],
            "etag": "E23ZP02F085DFQ",
            "headers_config": [
              {
                "header_behavior": "none",
                "headers": []
              }
            ],
            "id": "21826505-8692-4fa5-b92f-e01bebcf509e",
            "name": "star-orp-static",
            "query_strings_config": [
              {
                "query_string_behavior": "none",
                "query_strings": []
              }
            ]
          },
          "sensitive_attributes": [],
          "identity_schema_version": 0,
          "private": "bnVsbA=="
        }
      ]
    },
    {
      "mode": "managed",
      "type": "aws_cloudfront_response_headers_policy",
      "name": "static_headers",
      "provider": "provider[\"registry.terraform.io/hashicorp/aws\"]",
      "instances": [
        {
          "index_key": 0,
          "schema_version": 0,
          "attributes": {
            "arn": "arn:aws:cloudfront::329327479095:response-headers-policy/779bb8a9-65d6-4f8e-86f4-0ac93f68e8b8",
            "comment": "Add Cache-Control for static content",
            "cors_config": [],
            "custom_headers_config": [
              {
                "items": [
                  {
                    "header": "Cache-Control",
                    "override": true,
                    "value": "public, max-age=86400, immutable"
                  }
                ]
              }
            ],
            "etag": "E23ZP02F085DFQ",
            "id": "779bb8a9-65d6-4f8e-86f4-0ac93f68e8b8",
            "name": "star-rsp-static",
            "remove_headers_config": [],
            "security_headers_config": [],
            "server_timing_headers_config": []
          },
          "sensitive_attributes": [],
          "identity_schema_version": 0,
          "private": "bnVsbA=="
        }
      ]
    },
    {
      "mode": "managed",
      "type": "aws_cloudwatch_dashboard",
      "name": "chewbacca_dashboard01",
      "provider": "provider[\"registry.terraform.io/hashicorp/aws\"]",
      "instances": [
        {
          "schema_version": 0,
          "attributes": {
            "dashboard_arn": "arn:aws:cloudwatch::329327479095:dashboard/star1-dashboard01",
            "dashboard_body": "{\"widgets\":[{\"height\":6,\"properties\":{\"metrics\":[[\"AWS/ApplicationELB\",\"RequestCount\",\"LoadBalancer\",\"app/LoadExternal/a8a436bf1a3f1485\"],[\".\",\"HTTPCode_ELB_5XX_Count\",\".\",\"app/LoadExternal/a8a436bf1a3f1485\"]],\"period\":300,\"region\":\"sa-east-1\",\"stat\":\"Sum\",\"title\":\"Chewbacca ALB: Requests + 5XX\"},\"type\":\"metric\",\"width\":12,\"x\":0,\"y\":0},{\"height\":6,\"properties\":{\"metrics\":[[\"AWS/ApplicationELB\",\"TargetResponseTime\",\"LoadBalancer\",\"app/LoadExternal/a8a436bf1a3f1485\"]],\"period\":300,\"region\":\"sa-east-1\",\"stat\":\"Average\",\"title\":\"Chewbacca ALB: Target Response Time\"},\"type\":\"metric\",\"width\":12,\"x\":12,\"y\":0}]}",
            "dashboard_name": "star1-dashboard01",
            "id": "star1-dashboard01",
            "region": "sa-east-1"
          },
          "sensitive_attributes": [],
          "identity_schema_version": 0,
          "private": "bnVsbA==",
          "dependencies": [
            "aws_lb.hidden_alb",
            "aws_s3_bucket.spire",
            "aws_security_group.ALB",
            "aws_subnet.Star_Public_AZ1",
            "aws_subnet.Star_Public_AZ2",
            "aws_vpc.Star",
            "data.aws_availability_zones.available",
            "data.aws_caller_identity.current",
            "data.aws_region.current"
          ]
        }
      ]
    },
    {
      "mode": "managed",
      "type": "aws_cloudwatch_log_group",
      "name": "star-alb-log1",
      "provider": "provider[\"registry.terraform.io/hashicorp/aws\"].us-east",
      "instances": [
        {
          "index_key": 0,
          "schema_version": 0,
          "attributes": {
            "arn": "arn:aws:logs:us-east-1:329327479095:log-group:aws-waf-logs-star1-webacl01",
            "deletion_protection_enabled": false,
            "id": "aws-waf-logs-star1-webacl01",
            "kms_key_id": "",
            "log_group_class": "STANDARD",
            "name": "aws-waf-logs-star1-webacl01",
            "name_prefix": "",
            "region": "us-east-1",
            "retention_in_days": 14,
            "skip_destroy": false,
            "tags": {
              "Name": "star1-waf-log-group01"
            },
            "tags_all": {
              "Name": "star1-waf-log-group01"
            }
          },
          "sensitive_attributes": [],
          "identity_schema_version": 0,
          "identity": {
            "account_id": "329327479095",
            "name": "aws-waf-logs-star1-webacl01",
            "region": "us-east-1"
          },
          "private": "bnVsbA==",
          "dependencies": [
            "aws_vpc.Star"
          ]
        }
      ]
    },
    {
      "mode": "managed",
      "type": "aws_cloudwatch_metric_alarm",
      "name": "asg_instance_unhealthy",
      "provider": "provider[\"registry.terraform.io/hashicorp/aws\"]",
      "instances": [
        {
          "schema_version": 1,
          "attributes": {
            "actions_enabled": true,
            "alarm_actions": [
              "arn:aws:sns:sa-east-1:329327479095:ServiceHealthCheckTopic"
            ],
            "alarm_description": "Triggers when an EC2 instance fails system or instance status checks",
            "alarm_name": "/lab/star1/ec2/health",
            "arn": "arn:aws:cloudwatch:sa-east-1:329327479095:alarm:/lab/star1/ec2/health",
            "comparison_operator": "GreaterThanOrEqualToThreshold",
            "datapoints_to_alarm": 0,
            "dimensions": {
              "AutoScalingGroupName": "Autoscaler"
            },
            "evaluate_low_sample_count_percentiles": "",
            "evaluation_periods": 2,
            "extended_statistic": "",
            "id": "/lab/star1/ec2/health",
            "insufficient_data_actions": [],
            "metric_name": "StatusCheckFailed",
            "metric_query": [],
            "namespace": "AWS/EC2",
            "ok_actions": [],
            "period": 60,
            "region": "sa-east-1",
            "statistic": "Maximum",
            "tags": {},
            "tags_all": {},
            "threshold": 1,
            "threshold_metric_id": "",
            "treat_missing_data": "breaching",
            "unit": ""
          },
          "sensitive_attributes": [],
          "identity_schema_version": 0,
          "identity": {
            "account_id": "329327479095",
            "alarm_name": "/lab/star1/ec2/health",
            "region": "sa-east-1"
          },
          "private": "eyJzY2hlbWFfdmVyc2lvbiI6IjEifQ==",
          "dependencies": [
            "aws_ami_from_instance.ec2_golden_ami",
            "aws_autoscaling_group.bar",
            "aws_iam_instance_profile.second",
            "aws_iam_instance_profile.this",
            "aws_iam_role.EC2_Role",
            "aws_iam_role.EC2_Role2",
            "aws_instance.lab-ec2-app-public",
            "aws_launch_template.lab-ec2-app-private",
            "aws_lb_target_group.hidden_target_group",
            "aws_placement_group.private",
            "aws_security_group.EC2_SG",
            "aws_sns_topic.health_check_topic",
            "aws_subnet.Star_Private_AZ1",
            "aws_subnet.Star_Private_AZ2",
            "aws_subnet.Star_Public_AZ1",
            "aws_vpc.Star",
            "data.aws_ami.amazon_linux",
            "data.aws_ami.ec2_golden_ami",
            "data.aws_availability_zones.available",
            "time_sleep.wait_for_ami_settle"
          ]
        }
      ]
    },
    {
      "mode": "managed",
      "type": "aws_cloudwatch_metric_alarm",
      "name": "chewbacca_alb_5xx_alarm01",
      "provider": "provider[\"registry.terraform.io/hashicorp/aws\"]",
      "instances": [
        {
          "schema_version": 1,
          "attributes": {
            "actions_enabled": true,
            "alarm_actions": [
              "arn:aws:sns:sa-east-1:329327479095:ServiceHealthCheckTopic"
            ],
            "alarm_description": "",
            "alarm_name": "star1-alb-5xx-alarm01",
            "arn": "arn:aws:cloudwatch:sa-east-1:329327479095:alarm:star1-alb-5xx-alarm01",
            "comparison_operator": "GreaterThanOrEqualToThreshold",
            "datapoints_to_alarm": 0,
            "dimensions": {
              "LoadBalancer": "app/LoadExternal/a8a436bf1a3f1485"
            },
            "evaluate_low_sample_count_percentiles": "",
            "evaluation_periods": 1,
            "extended_statistic": "",
            "id": "star1-alb-5xx-alarm01",
            "insufficient_data_actions": [],
            "metric_name": "HTTPCode_ELB_5XX_Count",
            "metric_query": [],
            "namespace": "AWS/ApplicationELB",
            "ok_actions": [],
            "period": 300,
            "region": "sa-east-1",
            "statistic": "Sum",
            "tags": {
              "Name": "star1-alb-5xx-alarm01"
            },
            "tags_all": {
              "Name": "star1-alb-5xx-alarm01"
            },
            "threshold": 10,
            "threshold_metric_id": "",
            "treat_missing_data": "missing",
            "unit": ""
          },
          "sensitive_attributes": [],
          "identity_schema_version": 0,
          "identity": {
            "account_id": "329327479095",
            "alarm_name": "star1-alb-5xx-alarm01",
            "region": "sa-east-1"
          },
          "private": "eyJzY2hlbWFfdmVyc2lvbiI6IjEifQ==",
          "dependencies": [
            "aws_lb.hidden_alb",
            "aws_s3_bucket.spire",
            "aws_security_group.ALB",
            "aws_sns_topic.health_check_topic",
            "aws_subnet.Star_Public_AZ1",
            "aws_subnet.Star_Public_AZ2",
            "aws_vpc.Star",
            "data.aws_availability_zones.available",
            "data.aws_caller_identity.current",
            "data.aws_region.current"
          ]
        }
      ]
    },
    {
      "mode": "managed",
      "type": "aws_ec2_transit_gateway",
      "name": "liberdade_tgw01",
      "provider": "provider[\"registry.terraform.io/hashicorp/aws\"].saopaulo",
      "instances": [
        {
          "schema_version": 0,
          "attributes": {
            "amazon_side_asn": 64512,
            "arn": "arn:aws:ec2:sa-east-1:329327479095:transit-gateway/tgw-0a4ca5fa20ef7561c",
            "association_default_route_table_id": "",
            "auto_accept_shared_attachments": "disable",
            "default_route_table_association": "disable",
            "default_route_table_propagation": "disable",
            "description": "liberdade-tgw01 (Sao Paulo spoke)",
            "dns_support": "enable",
            "encryption_support": "disable",
            "id": "tgw-0a4ca5fa20ef7561c",
            "multicast_support": "disable",
            "owner_id": "329327479095",
            "propagation_default_route_table_id": "",
            "region": "sa-east-1",
            "security_group_referencing_support": "disable",
            "tags": {
              "Name": "liberdade-tgw01"
            },
            "tags_all": {
              "Name": "liberdade-tgw01"
            },
            "timeouts": null,
            "transit_gateway_cidr_blocks": [],
            "vpn_ecmp_support": "enable"
          },
          "sensitive_attributes": [],
          "identity_schema_version": 0,
          "private": "eyJlMmJmYjczMC1lY2FhLTExZTYtOGY4OC0zNDM2M2JjN2M0YzAiOnsiY3JlYXRlIjo2MDAwMDAwMDAwMDAsImRlbGV0ZSI6NjAwMDAwMDAwMDAwLCJ1cGRhdGUiOjYwMDAwMDAwMDAwMH19"
        }
      ]
    },
    {
      "mode": "managed",
      "type": "aws_ec2_transit_gateway_peering_attachment_accepter",
      "name": "liberdade_accept_peer01",
      "provider": "provider[\"registry.terraform.io/hashicorp/aws\"].saopaulo",
      "instances": []
    },
    {
      "mode": "managed",
      "type": "aws_ec2_transit_gateway_route",
      "name": "to_region_b_vpc",
      "provider": "provider[\"registry.terraform.io/hashicorp/aws\"]",
      "instances": []
    },
    {
      "mode": "managed",
      "type": "aws_ec2_transit_gateway_route",
      "name": "to_region_b_vpc1",
      "provider": "provider[\"registry.terraform.io/hashicorp/aws\"]",
      "instances": []
    },
    {
      "mode": "managed",
      "type": "aws_ec2_transit_gateway_route_table",
      "name": "rt_a",
      "provider": "provider[\"registry.terraform.io/hashicorp/aws\"]",
      "instances": [
        {
          "schema_version": 0,
          "attributes": {
            "arn": "arn:aws:ec2:sa-east-1:329327479095:transit-gateway-route-table/tgw-rtb-012db163c457a96f8",
            "default_association_route_table": false,
            "default_propagation_route_table": false,
            "id": "tgw-rtb-012db163c457a96f8",
            "region": "sa-east-1",
            "tags": {
              "Name": "tgw-rt-b"
            },
            "tags_all": {
              "Name": "tgw-rt-b"
            },
            "transit_gateway_id": "tgw-0a4ca5fa20ef7561c"
          },
          "sensitive_attributes": [],
          "identity_schema_version": 0,
          "private": "bnVsbA==",
          "dependencies": [
            "aws_ec2_transit_gateway.liberdade_tgw01"
          ]
        }
      ]
    },
    {
      "mode": "managed",
      "type": "aws_ec2_transit_gateway_route_table_association",
      "name": "vpc_assoc",
      "provider": "provider[\"registry.terraform.io/hashicorp/aws\"]",
      "instances": [
        {
          "schema_version": 0,
          "attributes": {
            "id": "tgw-rtb-012db163c457a96f8_tgw-attach-0007831e361c210b0",
            "region": "sa-east-1",
            "replace_existing_association": false,
            "resource_id": "vpc-0c4fe5adffb914b12",
            "resource_type": "vpc",
            "transit_gateway_attachment_id": "tgw-attach-0007831e361c210b0",
            "transit_gateway_route_table_id": "tgw-rtb-012db163c457a96f8"
          },
          "sensitive_attributes": [],
          "identity_schema_version": 0,
          "private": "bnVsbA==",
          "dependencies": [
            "aws_ec2_transit_gateway.liberdade_tgw01",
            "aws_ec2_transit_gateway_route_table.rt_a",
            "aws_ec2_transit_gateway_vpc_attachment.liberdade_attach_sp_vpc01",
            "aws_subnet.Star_Private_AZ1",
            "aws_subnet.Star_Private_AZ2",
            "aws_vpc.Star",
            "data.aws_availability_zones.available"
          ]
        }
      ]
    },
    {
      "mode": "managed",
      "type": "aws_ec2_transit_gateway_route_table_association",
      "name": "vpc_assoc2",
      "provider": "provider[\"registry.terraform.io/hashicorp/aws\"]",
      "instances": []
    },
    {
      "mode": "managed",
      "type": "aws_ec2_transit_gateway_route_table_propagation",
      "name": "vpc_prop",
      "provider": "provider[\"registry.terraform.io/hashicorp/aws\"]",
      "instances": [
        {
          "schema_version": 0,
          "attributes": {
            "id": "tgw-rtb-012db163c457a96f8_tgw-attach-0007831e361c210b0",
            "region": "sa-east-1",
            "resource_id": "vpc-0c4fe5adffb914b12",
            "resource_type": "vpc",
            "transit_gateway_attachment_id": "tgw-attach-0007831e361c210b0",
            "transit_gateway_route_table_id": "tgw-rtb-012db163c457a96f8"
          },
          "sensitive_attributes": [],
          "identity_schema_version": 0,
          "private": "bnVsbA==",
          "dependencies": [
            "aws_ec2_transit_gateway.liberdade_tgw01",
            "aws_ec2_transit_gateway_route_table.rt_a",
            "aws_ec2_transit_gateway_vpc_attachment.liberdade_attach_sp_vpc01",
            "aws_subnet.Star_Private_AZ1",
            "aws_subnet.Star_Private_AZ2",
            "aws_vpc.Star",
            "data.aws_availability_zones.available"
          ]
        }
      ]
    },
    {
      "mode": "managed",
      "type": "aws_ec2_transit_gateway_vpc_attachment",
      "name": "liberdade_attach_sp_vpc01",
      "provider": "provider[\"registry.terraform.io/hashicorp/aws\"].saopaulo",
      "instances": [
        {
          "schema_version": 0,
          "attributes": {
            "appliance_mode_support": "enable",
            "arn": "arn:aws:ec2:sa-east-1:329327479095:transit-gateway-attachment/tgw-attach-0007831e361c210b0",
            "dns_support": "enable",
            "id": "tgw-attach-0007831e361c210b0",
            "ipv6_support": "disable",
            "region": "sa-east-1",
            "security_group_referencing_support": "enable",
            "subnet_ids": [
              "subnet-033dc43cc6a544000",
              "subnet-0e35a805660b28407"
            ],
            "tags": {
              "Name": "liberdade-attach-sp-vpc01"
            },
            "tags_all": {
              "Name": "liberdade-attach-sp-vpc01"
            },
            "transit_gateway_default_route_table_association": false,
            "transit_gateway_default_route_table_propagation": false,
            "transit_gateway_id": "tgw-0a4ca5fa20ef7561c",
            "vpc_id": "vpc-0c4fe5adffb914b12",
            "vpc_owner_id": "329327479095"
          },
          "sensitive_attributes": [],
          "identity_schema_version": 0,
          "private": "bnVsbA==",
          "dependencies": [
            "aws_ec2_transit_gateway.liberdade_tgw01",
            "aws_subnet.Star_Private_AZ1",
            "aws_subnet.Star_Private_AZ2",
            "aws_vpc.Star",
            "data.aws_availability_zones.available"
          ]
        }
      ]
    },
    {
      "mode": "managed",
      "type": "aws_iam_instance_profile",
      "name": "second",
      "provider": "provider[\"registry.terraform.io/hashicorp/aws\"]",
      "instances": [
        {
          "schema_version": 0,
          "attributes": {
            "arn": "arn:aws:iam::329327479095:instance-profile/EC2-ssm",
            "create_date": "2026-02-09T02:22:49Z",
            "id": "EC2-ssm",
            "name": "EC2-ssm",
            "name_prefix": "",
            "path": "/",
            "role": "EC2_Role2",
            "tags": {},
            "tags_all": {},
            "unique_id": "AIPAUZLLSRE32HYJL5MZW"
          },
          "sensitive_attributes": [],
          "identity_schema_version": 0,
          "private": "bnVsbA==",
          "dependencies": [
            "aws_iam_role.EC2_Role2"
          ]
        }
      ]
    },
    {
      "mode": "managed",
      "type": "aws_iam_instance_profile",
      "name": "this",
      "provider": "provider[\"registry.terraform.io/hashicorp/aws\"]",
      "instances": [
        {
          "schema_version": 0,
          "attributes": {
            "arn": "arn:aws:iam::329327479095:instance-profile/EC2_RDS",
            "create_date": "2026-02-09T02:22:49Z",
            "id": "EC2_RDS",
            "name": "EC2_RDS",
            "name_prefix": "",
            "path": "/",
            "role": "EC2_Role",
            "tags": {},
            "tags_all": {},
            "unique_id": "AIPAUZLLSRE37YZ4HAHQK"
          },
          "sensitive_attributes": [],
          "identity_schema_version": 0,
          "private": "bnVsbA==",
          "dependencies": [
            "aws_iam_role.EC2_Role"
          ]
        }
      ]
    },
    {
      "mode": "managed",
      "type": "aws_iam_policy",
      "name": "cloudwatch_least_priviege",
      "provider": "provider[\"registry.terraform.io/hashicorp/aws\"]",
      "instances": [
        {
          "schema_version": 0,
          "attributes": {
            "arn": "arn:aws:iam::329327479095:policy/star1-lp-cwlogs01",
            "attachment_count": 1,
            "delay_after_policy_creation_in_ms": null,
            "description": "Least-privilege CloudWatch Logs write for the app log group",
            "id": "arn:aws:iam::329327479095:policy/star1-lp-cwlogs01",
            "name": "star1-lp-cwlogs01",
            "name_prefix": "",
            "path": "/",
            "policy": "{\"Statement\":[{\"Action\":[\"logs:CreateLogStream\",\"logs:PutLogEvents\",\"logs:DescribeLogStreams\"],\"Effect\":\"Allow\",\"Resource\":[\"arn:aws:logs:us-east-1:329327479095:log-group:aws-waf-logs-star1-webacl01:*\"],\"Sid\":\"WriteLogs\"}],\"Version\":\"2012-10-17\"}",
            "policy_id": "ANPAUZLLSRE35DBROMUEQ",
            "tags": {},
            "tags_all": {}
          },
          "sensitive_attributes": [],
          "identity_schema_version": 0,
          "identity": {
            "arn": "arn:aws:iam::329327479095:policy/star1-lp-cwlogs01"
          },
          "private": "bnVsbA==",
          "dependencies": [
            "aws_cloudwatch_log_group.star-alb-log1",
            "aws_vpc.Star"
          ]
        }
      ]
    },
    {
      "mode": "managed",
      "type": "aws_iam_policy",
      "name": "parameter_store_secrets",
      "provider": "provider[\"registry.terraform.io/hashicorp/aws\"]",
      "instances": [
        {
          "schema_version": 0,
          "attributes": {
            "arn": "arn:aws:iam::329327479095:policy/star1-lp-ssm-read01",
            "attachment_count": 1,
            "delay_after_policy_creation_in_ms": null,
            "description": "Least-privilege read for SSM Parameter Store under /lab/db/*",
            "id": "arn:aws:iam::329327479095:policy/star1-lp-ssm-read01",
            "name": "star1-lp-ssm-read01",
            "name_prefix": "",
            "path": "/",
            "policy": "{\"Statement\":[{\"Action\":[\"ssm:GetParameter\",\"ssm:GetParameters\",\"ssm:GetParametersByPath\"],\"Effect\":\"Allow\",\"Resource\":[\"arn:aws:ssm:sa-east-1:329327479095:parameter/lab/db/**\"],\"Sid\":\"ReadLabDbParams\"}],\"Version\":\"2012-10-17\"}",
            "policy_id": "ANPAUZLLSRE3UIST2H6BP",
            "tags": {},
            "tags_all": {}
          },
          "sensitive_attributes": [],
          "identity_schema_version": 0,
          "identity": {
            "arn": "arn:aws:iam::329327479095:policy/star1-lp-ssm-read01"
          },
          "private": "bnVsbA==",
          "dependencies": [
            "aws_vpc.Star",
            "data.aws_caller_identity.current",
            "data.aws_region.current"
          ]
        }
      ]
    },
    {
      "mode": "managed",
      "type": "aws_iam_policy",
      "name": "secretsmanager_read_policy",
      "provider": "provider[\"registry.terraform.io/hashicorp/aws\"]",
      "instances": [
        {
          "schema_version": 0,
          "attributes": {
            "arn": "arn:aws:iam::329327479095:policy/test_policy",
            "attachment_count": 1,
            "delay_after_policy_creation_in_ms": null,
            "description": "My test policy",
            "id": "arn:aws:iam::329327479095:policy/test_policy",
            "name": "test_policy",
            "name_prefix": "",
            "path": "/",
            "policy": "{\"Statement\":[{\"Action\":[\"secretsmanager:GetSecretValue\"],\"Effect\":\"Allow\",\"Resource\":\"arn:aws:secretsmanager:sa-east-1:329327479095:secret:lab/rds/mysqv12*\",\"Sid\":\"ReadSpecificSecret\"}],\"Version\":\"2012-10-17\"}",
            "policy_id": "ANPAUZLLSRE3Z3TQBY4ON",
            "tags": {},
            "tags_all": {}
          },
          "sensitive_attributes": [],
          "identity_schema_version": 0,
          "identity": {
            "arn": "arn:aws:iam::329327479095:policy/test_policy"
          },
          "private": "bnVsbA==",
          "dependencies": [
            "data.aws_caller_identity.current",
            "data.aws_region.current"
          ]
        }
      ]
    },
    {
      "mode": "managed",
      "type": "aws_iam_role",
      "name": "EC2_Role",
      "provider": "provider[\"registry.terraform.io/hashicorp/aws\"]",
      "instances": [
        {
          "schema_version": 0,
          "attributes": {
            "arn": "arn:aws:iam::329327479095:role/EC2_Role",
            "assume_role_policy": "{\"Statement\":[{\"Action\":\"sts:AssumeRole\",\"Effect\":\"Allow\",\"Principal\":{\"Service\":\"ec2.amazonaws.com\"},\"Sid\":\"\"}],\"Version\":\"2012-10-17\"}",
            "create_date": "2026-02-09T02:22:48Z",
            "description": "",
            "force_detach_policies": false,
            "id": "EC2_Role",
            "inline_policy": [],
            "managed_policy_arns": [
              "arn:aws:iam::329327479095:policy/star1-lp-cwlogs01",
              "arn:aws:iam::329327479095:policy/star1-lp-ssm-read01",
              "arn:aws:iam::329327479095:policy/test_policy",
              "arn:aws:iam::aws:policy/AmazonSSMManagedInstanceCore"
            ],
            "max_session_duration": 3600,
            "name": "EC2_Role",
            "name_prefix": "",
            "path": "/",
            "permissions_boundary": "",
            "tags": {
              "tag-key": "tag-value"
            },
            "tags_all": {
              "tag-key": "tag-value"
            },
            "unique_id": "AROAUZLLSRE376Y5AKVSY"
          },
          "sensitive_attributes": [],
          "identity_schema_version": 0,
          "identity": {
            "account_id": "329327479095",
            "name": "EC2_Role"
          },
          "private": "bnVsbA=="
        }
      ]
    },
    {
      "mode": "managed",
      "type": "aws_iam_role",
      "name": "EC2_Role2",
      "provider": "provider[\"registry.terraform.io/hashicorp/aws\"]",
      "instances": [
        {
          "schema_version": 0,
          "attributes": {
            "arn": "arn:aws:iam::329327479095:role/EC2_Role2",
            "assume_role_policy": "{\"Statement\":[{\"Action\":\"sts:AssumeRole\",\"Effect\":\"Allow\",\"Principal\":{\"Service\":\"ec2.amazonaws.com\"},\"Sid\":\"\"}],\"Version\":\"2012-10-17\"}",
            "create_date": "2026-02-09T02:22:48Z",
            "description": "",
            "force_detach_policies": false,
            "id": "EC2_Role2",
            "inline_policy": [],
            "managed_policy_arns": [
              "arn:aws:iam::aws:policy/AmazonSSMManagedInstanceCore"
            ],
            "max_session_duration": 3600,
            "name": "EC2_Role2",
            "name_prefix": "",
            "path": "/",
            "permissions_boundary": "",
            "tags": {
              "tag-key": "tag-value"
            },
            "tags_all": {
              "tag-key": "tag-value"
            },
            "unique_id": "AROAUZLLSRE3RU3Q75DSL"
          },
          "sensitive_attributes": [],
          "identity_schema_version": 0,
          "identity": {
            "account_id": "329327479095",
            "name": "EC2_Role2"
          },
          "private": "bnVsbA=="
        }
      ]
    },
    {
      "mode": "managed",
      "type": "aws_iam_role",
      "name": "star_fire_hose1",
      "provider": "provider[\"registry.terraform.io/hashicorp/aws\"]",
      "instances": [
        {
          "index_key": 0,
          "schema_version": 0,
          "attributes": {
            "arn": "arn:aws:iam::329327479095:role/star1-firehose-role01",
            "assume_role_policy": "{\"Statement\":[{\"Action\":\"sts:AssumeRole\",\"Effect\":\"Allow\",\"Principal\":{\"Service\":\"firehose.amazonaws.com\"}}],\"Version\":\"2012-10-17\"}",
            "create_date": "2026-02-09T02:23:01Z",
            "description": "",
            "force_detach_policies": false,
            "id": "star1-firehose-role01",
            "inline_policy": [
              {
                "name": "star1-firehose-policy01",
                "policy": "{\"Version\":\"2012-10-17\",\"Statement\":[{\"Action\":[\"s3:AbortMultipartUpload\",\"s3:GetBucketLocation\",\"s3:GetObject\",\"s3:ListBucket\",\"s3:ListBucketMultipartUploads\",\"s3:PutObject\"],\"Effect\":\"Allow\",\"Resource\":[\"arn:aws:s3:::sa-east-1-star1-waf-firehose-dest-329327479095\",\"arn:aws:s3:::sa-east-1-star1-waf-firehose-dest-329327479095/*\"]}]}"
              }
            ],
            "managed_policy_arns": [],
            "max_session_duration": 3600,
            "name": "star1-firehose-role01",
            "name_prefix": "",
            "path": "/",
            "permissions_boundary": "",
            "tags": {},
            "tags_all": {},
            "unique_id": "AROAUZLLSRE3WQUIPHS62"
          },
          "sensitive_attributes": [],
          "identity_schema_version": 0,
          "identity": {
            "account_id": "329327479095",
            "name": "star1-firehose-role01"
          },
          "private": "bnVsbA==",
          "dependencies": [
            "aws_vpc.Star"
          ]
        }
      ]
    },
    {
      "mode": "managed",
      "type": "aws_iam_role_policy",
      "name": "chewbacca_firehose_policy01",
      "provider": "provider[\"registry.terraform.io/hashicorp/aws\"]",
      "instances": [
        {
          "index_key": 0,
          "schema_version": 0,
          "attributes": {
            "id": "star1-firehose-role01:star1-firehose-policy01",
            "name": "star1-firehose-policy01",
            "name_prefix": "",
            "policy": "{\"Version\":\"2012-10-17\",\"Statement\":[{\"Action\":[\"s3:AbortMultipartUpload\",\"s3:GetBucketLocation\",\"s3:GetObject\",\"s3:ListBucket\",\"s3:ListBucketMultipartUploads\",\"s3:PutObject\"],\"Effect\":\"Allow\",\"Resource\":[\"arn:aws:s3:::sa-east-1-star1-waf-firehose-dest-329327479095\",\"arn:aws:s3:::sa-east-1-star1-waf-firehose-dest-329327479095/*\"]}]}",
            "role": "star1-firehose-role01"
          },
          "sensitive_attributes": [],
          "identity_schema_version": 0,
          "identity": {
            "account_id": "329327479095",
            "name": "star1-firehose-policy01",
            "role": "star1-firehose-role01"
          },
          "private": "bnVsbA==",
          "dependencies": [
            "aws_iam_role.star_fire_hose1",
            "aws_s3_bucket.star_firehouse_waf_log",
            "aws_vpc.Star",
            "data.aws_caller_identity.current",
            "data.aws_region.current"
          ]
        }
      ]
    },
    {
      "mode": "managed",
      "type": "aws_iam_role_policy_attachment",
      "name": "example_attachment",
      "provider": "provider[\"registry.terraform.io/hashicorp/aws\"]",
      "instances": [
        {
          "schema_version": 0,
          "attributes": {
            "id": "EC2_Role/arn:aws:iam::329327479095:policy/star1-lp-cwlogs01",
            "policy_arn": "arn:aws:iam::329327479095:policy/star1-lp-cwlogs01",
            "role": "EC2_Role"
          },
          "sensitive_attributes": [],
          "identity_schema_version": 0,
          "identity": {
            "account_id": "329327479095",
            "policy_arn": "arn:aws:iam::329327479095:policy/star1-lp-cwlogs01",
            "role": "EC2_Role"
          },
          "private": "bnVsbA==",
          "dependencies": [
            "aws_cloudwatch_log_group.star-alb-log1",
            "aws_iam_policy.cloudwatch_least_priviege",
            "aws_iam_role.EC2_Role",
            "aws_vpc.Star"
          ]
        }
      ]
    },
    {
      "mode": "managed",
      "type": "aws_iam_role_policy_attachment",
      "name": "example_attachment2",
      "provider": "provider[\"registry.terraform.io/hashicorp/aws\"]",
      "instances": [
        {
          "schema_version": 0,
          "attributes": {
            "id": "EC2_Role/arn:aws:iam::aws:policy/AmazonSSMManagedInstanceCore",
            "policy_arn": "arn:aws:iam::aws:policy/AmazonSSMManagedInstanceCore",
            "role": "EC2_Role"
          },
          "sensitive_attributes": [],
          "identity_schema_version": 0,
          "identity": {
            "account_id": "329327479095",
            "policy_arn": "arn:aws:iam::aws:policy/AmazonSSMManagedInstanceCore",
            "role": "EC2_Role"
          },
          "private": "bnVsbA==",
          "dependencies": [
            "aws_iam_role.EC2_Role"
          ]
        }
      ]
    },
    {
      "mode": "managed",
      "type": "aws_iam_role_policy_attachment",
      "name": "example_attachment3",
      "provider": "provider[\"registry.terraform.io/hashicorp/aws\"]",
      "instances": [
        {
          "schema_version": 0,
          "attributes": {
            "id": "EC2_Role/arn:aws:iam::329327479095:policy/star1-lp-ssm-read01",
            "policy_arn": "arn:aws:iam::329327479095:policy/star1-lp-ssm-read01",
            "role": "EC2_Role"
          },
          "sensitive_attributes": [],
          "identity_schema_version": 0,
          "identity": {
            "account_id": "329327479095",
            "policy_arn": "arn:aws:iam::329327479095:policy/star1-lp-ssm-read01",
            "role": "EC2_Role"
          },
          "private": "bnVsbA==",
          "dependencies": [
            "aws_iam_policy.parameter_store_secrets",
            "aws_iam_role.EC2_Role",
            "aws_vpc.Star",
            "data.aws_caller_identity.current",
            "data.aws_region.current"
          ]
        }
      ]
    },
    {
      "mode": "managed",
      "type": "aws_iam_role_policy_attachment",
      "name": "example_attachment4",
      "provider": "provider[\"registry.terraform.io/hashicorp/aws\"]",
      "instances": [
        {
          "schema_version": 0,
          "attributes": {
            "id": "EC2_Role/arn:aws:iam::329327479095:policy/test_policy",
            "policy_arn": "arn:aws:iam::329327479095:policy/test_policy",
            "role": "EC2_Role"
          },
          "sensitive_attributes": [],
          "identity_schema_version": 0,
          "identity": {
            "account_id": "329327479095",
            "policy_arn": "arn:aws:iam::329327479095:policy/test_policy",
            "role": "EC2_Role"
          },
          "private": "bnVsbA==",
          "dependencies": [
            "aws_iam_policy.secretsmanager_read_policy",
            "aws_iam_role.EC2_Role",
            "data.aws_caller_identity.current",
            "data.aws_region.current"
          ]
        }
      ]
    },
    {
      "mode": "managed",
      "type": "aws_iam_role_policy_attachment",
      "name": "public-ssm",
      "provider": "provider[\"registry.terraform.io/hashicorp/aws\"]",
      "instances": [
        {
          "schema_version": 0,
          "attributes": {
            "id": "EC2_Role2/arn:aws:iam::aws:policy/AmazonSSMManagedInstanceCore",
            "policy_arn": "arn:aws:iam::aws:policy/AmazonSSMManagedInstanceCore",
            "role": "EC2_Role2"
          },
          "sensitive_attributes": [],
          "identity_schema_version": 0,
          "identity": {
            "account_id": "329327479095",
            "policy_arn": "arn:aws:iam::aws:policy/AmazonSSMManagedInstanceCore",
            "role": "EC2_Role2"
          },
          "private": "bnVsbA==",
          "dependencies": [
            "aws_iam_role.EC2_Role2"
          ]
        }
      ]
    },
    {
      "mode": "managed",
      "type": "aws_instance",
      "name": "lab-ec2-app-public",
      "provider": "provider[\"registry.terraform.io/hashicorp/aws\"]",
      "instances": [
        {
          "schema_version": 2,
          "attributes": {
            "ami": "ami-0c78dc042da77017f",
            "arn": "arn:aws:ec2:sa-east-1:329327479095:instance/i-0d9b29ab676eb7cef",
            "associate_public_ip_address": true,
            "availability_zone": "sa-east-1a",
            "capacity_reservation_specification": [
              {
                "capacity_reservation_preference": "open",
                "capacity_reservation_target": []
              }
            ],
            "cpu_options": [
              {
                "amd_sev_snp": "",
                "core_count": 1,
                "threads_per_core": 2
              }
            ],
            "credit_specification": [
              {
                "cpu_credits": "unlimited"
              }
            ],
            "disable_api_stop": false,
            "disable_api_termination": false,
            "ebs_block_device": [],
            "ebs_optimized": false,
            "enable_primary_ipv6": null,
            "enclave_options": [
              {
                "enabled": false
              }
            ],
            "ephemeral_block_device": [],
            "force_destroy": false,
            "get_password_data": false,
            "hibernation": false,
            "host_id": "",
            "host_resource_group_arn": null,
            "iam_instance_profile": "EC2-ssm",
            "id": "i-0d9b29ab676eb7cef",
            "instance_initiated_shutdown_behavior": "stop",
            "instance_lifecycle": "",
            "instance_market_options": [],
            "instance_state": "running",
            "instance_type": "t3.micro",
            "ipv6_address_count": 0,
            "ipv6_addresses": [],
            "key_name": "",
            "launch_template": [],
            "maintenance_options": [
              {
                "auto_recovery": "default"
              }
            ],
            "metadata_options": [
              {
                "http_endpoint": "enabled",
                "http_protocol_ipv6": "disabled",
                "http_put_response_hop_limit": 1,
                "http_tokens": "required",
                "instance_metadata_tags": "disabled"
              }
            ],
            "monitoring": false,
            "network_interface": [],
            "outpost_arn": "",
            "password_data": "",
            "placement_group": "",
            "placement_group_id": "",
            "placement_partition_number": 0,
            "primary_network_interface": [
              {
                "delete_on_termination": true,
                "network_interface_id": "eni-0717e7de8eb58ce45"
              }
            ],
            "primary_network_interface_id": "eni-0717e7de8eb58ce45",
            "private_dns": "ip-10-200-1-250.sa-east-1.compute.internal",
            "private_dns_name_options": [
              {
                "enable_resource_name_dns_a_record": false,
                "enable_resource_name_dns_aaaa_record": false,
                "hostname_type": "ip-name"
              }
            ],
            "private_ip": "10.200.1.250",
            "public_dns": "ec2-18-228-42-81.sa-east-1.compute.amazonaws.com",
            "public_ip": "18.228.42.81",
            "region": "sa-east-1",
            "root_block_device": [
              {
                "delete_on_termination": true,
                "device_name": "/dev/xvda",
                "encrypted": false,
                "iops": 100,
                "kms_key_id": "",
                "tags": {},
                "tags_all": {},
                "throughput": 0,
                "volume_id": "vol-0d23485e6d503cd46",
                "volume_size": 8,
                "volume_type": "gp2"
              }
            ],
            "secondary_private_ips": [],
            "security_groups": [
              "sg-0eb024dd1c8072b94"
            ],
            "source_dest_check": true,
            "spot_instance_request_id": "",
            "subnet_id": "subnet-04d89754bf4c5d01c",
            "tags": {
              "Name": "lab-ec2-app"
            },
            "tags_all": {
              "Name": "lab-ec2-app"
            },
            "tenancy": "default",
            "timeouts": null,
            "user_data": null,
            "user_data_base64": "IyEvYmluL2Jhc2gKZG5mIHVwZGF0ZSAteQpkbmYgaW5zdGFsbCAteSBweXRob24zLXBpcApwaXAzIGluc3RhbGwgZmxhc2sgcHlteXNxbCBib3RvMwoKCgpta2RpciAtcCAvb3B0L3Jkc2FwcApjYXQgPi9vcHQvcmRzYXBwL2FwcC5weSA8PCdQWScKaW1wb3J0IGpzb24KaW1wb3J0IG9zCmltcG9ydCBib3RvMwppbXBvcnQgcHlteXNxbApmcm9tIGZsYXNrIGltcG9ydCBGbGFzaywgcmVxdWVzdAoKUkVHSU9OID0gb3MuZW52aXJvbi5nZXQoIkFXU19SRUdJT04iLCAic2EtZWFzdC0xIikKU0VDUkVUX0lEID0gb3MuZW52aXJvbi5nZXQoIlNFQ1JFVF9JRCIsICJsYWIvcmRzL215c3F2MTEiKQoKc2VjcmV0cyA9IGJvdG8zLmNsaWVudCgic2VjcmV0c21hbmFnZXIiLCByZWdpb25fbmFtZT1SRUdJT04pCgpkZWYgZ2V0X2RiX2NyZWRzKCk6CiAgICByZXNwID0gc2VjcmV0cy5nZXRfc2VjcmV0X3ZhbHVlKFNlY3JldElkPVNFQ1JFVF9JRCkKICAgIHMgPSBqc29uLmxvYWRzKHJlc3BbIlNlY3JldFN0cmluZyJdKQogICAgIyBXaGVuIHlvdSB1c2UgIkNyZWRlbnRpYWxzIGZvciBSRFMgZGF0YWJhc2UiLCBBV1MgdXN1YWxseSBzdG9yZXM6CiAgICAjIHVzZXJuYW1lLCBwYXNzd29yZCwgaG9zdCwgcG9ydCwgZGJfbmFtZSAoc29tZXRpbWVzKQogICAgcmV0dXJuIHMKCmRlZiBnZXRfY29ubigpOgogICAgYyA9IGdldF9kYl9jcmVkcygpCiAgICBob3N0ID0gY1siaG9zdCJdCiAgICB1c2VyID0gY1sidXNlcm5hbWUiXQogICAgcGFzc3dvcmQgPSBjWyJwYXNzd29yZCJdCiAgICBwb3J0ID0gaW50KGMuZ2V0KCJwb3J0IiwgMzMwNikpCiAgICBkYiA9IGMuZ2V0KCJkYl9uYW1lIiwgImxhYmRiIikgICMgd2UnbGwgY3JlYXRlIHRoaXMgaWYgaXQgZG9lc24ndCBleGlzdAogICAgcmV0dXJuIHB5bXlzcWwuY29ubmVjdChob3N0PWhvc3QsIHVzZXI9dXNlciwgcGFzc3dvcmQ9cGFzc3dvcmQsIHBvcnQ9cG9ydCwgZGF0YWJhc2U9ZGIsIGF1dG9jb21taXQ9VHJ1ZSkKCmFwcCA9IEZsYXNrKF9fbmFtZV9fKQoKQGFwcC5yb3V0ZSgiLyIpCmRlZiBob21lKCk6CiAgICByZXR1cm4gIiIiCiAgICA8aDI+RUMyIOKGkiBSRFMgTm90ZXMgQXBwPC9oMj4KICAgIDxwPlBPU1QgL2FkZD9ub3RlPWhlbGxvPC9wPgogICAgPHA+R0VUIC9saXN0PC9wPgogICAgIiIiCgpAYXBwLnJvdXRlKCIvaW5pdCIpCmRlZiBpbml0X2RiKCk6CiAgICBjID0gZ2V0X2RiX2NyZWRzKCkKICAgIGhvc3QgPSBjWyJob3N0Il0KICAgIHVzZXIgPSBjWyJ1c2VybmFtZSJdCiAgICBwYXNzd29yZCA9IGNbInBhc3N3b3JkIl0KICAgIHBvcnQgPSBpbnQoYy5nZXQoInBvcnQiLCAzMzA2KSkKCiAgICAjIGNvbm5lY3Qgd2l0aG91dCBzcGVjaWZ5aW5nIGEgREIgZmlyc3QKICAgIGNvbm4gPSBweW15c3FsLmNvbm5lY3QoaG9zdD1ob3N0LCB1c2VyPXVzZXIsIHBhc3N3b3JkPXBhc3N3b3JkLCBwb3J0PXBvcnQsIGF1dG9jb21taXQ9VHJ1ZSkKICAgIGN1ciA9IGNvbm4uY3Vyc29yKCkKICAgIGN1ci5leGVjdXRlKCJDUkVBVEUgREFUQUJBU0UgSUYgTk9UIEVYSVNUUyBsYWJkYjsiKQogICAgY3VyLmV4ZWN1dGUoIlVTRSBsYWJkYjsiKQogICAgY3VyLmV4ZWN1dGUoIiIiCiAgICAgICAgQ1JFQVRFIFRBQkxFIElGIE5PVCBFWElTVFMgbm90ZXMgKAogICAgICAgICAgICBpZCBJTlQgQVVUT19JTkNSRU1FTlQgUFJJTUFSWSBLRVksCiAgICAgICAgICAgIG5vdGUgVkFSQ0hBUigyNTUpIE5PVCBOVUxMCiAgICAgICAgKTsKICAgICIiIikKICAgIGN1ci5jbG9zZSgpCiAgICBjb25uLmNsb3NlKCkKICAgIHJldHVybiAiSW5pdGlhbGl6ZWQgbGFiZGIgKyBub3RlcyB0YWJsZS4iCgpAYXBwLnJvdXRlKCIvYWRkIiwgbWV0aG9kcz1bIlBPU1QiLCAiR0VUIl0pCmRlZiBhZGRfbm90ZSgpOgogICAgbm90ZSA9IHJlcXVlc3QuYXJncy5nZXQoIm5vdGUiLCAiIikuc3RyaXAoKQogICAgaWYgbm90IG5vdGU6CiAgICAgICAgcmV0dXJuICJNaXNzaW5nIG5vdGUgcGFyYW0uIFRyeTogL2FkZD9ub3RlPWhlbGxvIiwgNDAwCiAgICBjb25uID0gZ2V0X2Nvbm4oKQogICAgY3VyID0gY29ubi5jdXJzb3IoKQogICAgY3VyLmV4ZWN1dGUoIklOU0VSVCBJTlRPIG5vdGVzKG5vdGUpIFZBTFVFUyglcyk7IiwgKG5vdGUsKSkKICAgIGN1ci5jbG9zZSgpCiAgICBjb25uLmNsb3NlKCkKICAgIHJldHVybiBmIkluc2VydGVkIG5vdGU6IHtub3RlfSIKCkBhcHAucm91dGUoIi9saXN0IikKZGVmIGxpc3Rfbm90ZXMoKToKICAgIGNvbm4gPSBnZXRfY29ubigpCiAgICBjdXIgPSBjb25uLmN1cnNvcigpCiAgICBjdXIuZXhlY3V0ZSgiU0VMRUNUIGlkLCBub3RlIEZST00gbm90ZXMgT1JERVIgQlkgaWQgREVTQzsiKQogICAgcm93cyA9IGN1ci5mZXRjaGFsbCgpCiAgICBjdXIuY2xvc2UoKQogICAgY29ubi5jbG9zZSgpCiAgICBvdXQgPSAiPGgzPk5vdGVzPC9oMz48dWw+IgogICAgZm9yIHIgaW4gcm93czoKICAgICAgICBvdXQgKz0gZiI8bGk+e3JbMF19OiB7clsxXX08L2xpPiIKICAgIG91dCArPSAiPC91bD4iCiAgICByZXR1cm4gb3V0CgppZiBfX25hbWVfXyA9PSAiX19tYWluX18iOgogICAgYXBwLnJ1bihob3N0PSIwLjAuMC4wIiwgcG9ydD04MCkKUFkKCmNhdCA+L2V0Yy9zeXN0ZW1kL3N5c3RlbS9yZHNhcHAuc2VydmljZSA8PCdTRVJWSUNFJwpbVW5pdF0KRGVzY3JpcHRpb249RUMyIHRvIFJEUyBOb3RlcyBBcHAKQWZ0ZXI9bmV0d29yay50YXJnZXQKCltTZXJ2aWNlXQpXb3JraW5nRGlyZWN0b3J5PS9vcHQvcmRzYXBwCkVudmlyb25tZW50PVNFQ1JFVF9JRD1sYWIvcmRzL215c3F2MTEKRXhlY1N0YXJ0PS91c3IvYmluL3B5dGhvbjMgL29wdC9yZHNhcHAvYXBwLnB5ClJlc3RhcnQ9YWx3YXlzCgpbSW5zdGFsbF0KV2FudGVkQnk9bXVsdGktdXNlci50YXJnZXQKU0VSVklDRQoKc3lzdGVtY3RsIGRhZW1vbi1yZWxvYWQKc3lzdGVtY3RsIGVuYWJsZSByZHNhcHAKc3lzdGVtY3RsIHN0YXJ0IHJkc2FwcAo=",
            "user_data_replace_on_change": false,
            "volume_tags": null,
            "vpc_security_group_ids": [
              "sg-0eb024dd1c8072b94"
            ]
          },
          "sensitive_attributes": [],
          "identity_schema_version": 0,
          "identity": {
            "account_id": "329327479095",
            "id": "i-0d9b29ab676eb7cef",
            "region": "sa-east-1"
          },
          "private": "eyJlMmJmYjczMC1lY2FhLTExZTYtOGY4OC0zNDM2M2JjN2M0YzAiOnsiY3JlYXRlIjo2MDAwMDAwMDAwMDAsImRlbGV0ZSI6MTIwMDAwMDAwMDAwMCwicmVhZCI6OTAwMDAwMDAwMDAwLCJ1cGRhdGUiOjYwMDAwMDAwMDAwMH0sInNjaGVtYV92ZXJzaW9uIjoiMiJ9",
          "dependencies": [
            "aws_iam_instance_profile.second",
            "aws_iam_role.EC2_Role2",
            "aws_security_group.EC2_SG",
            "aws_subnet.Star_Public_AZ1",
            "aws_vpc.Star",
            "data.aws_ami.amazon_linux",
            "data.aws_availability_zones.available"
          ]
        }
      ]
    },
    {
      "mode": "managed",
      "type": "aws_internet_gateway",
      "name": "internet",
      "provider": "provider[\"registry.terraform.io/hashicorp/aws\"]",
      "instances": [
        {
          "schema_version": 0,
          "attributes": {
            "arn": "arn:aws:ec2:sa-east-1:329327479095:internet-gateway/igw-07dfd0856b8dfabe1",
            "id": "igw-07dfd0856b8dfabe1",
            "owner_id": "329327479095",
            "region": "sa-east-1",
            "tags": {
              "Name": "Star_IGW"
            },
            "tags_all": {
              "Name": "Star_IGW"
            },
            "timeouts": null,
            "vpc_id": "vpc-0c4fe5adffb914b12"
          },
          "sensitive_attributes": [],
          "identity_schema_version": 0,
          "private": "eyJlMmJmYjczMC1lY2FhLTExZTYtOGY4OC0zNDM2M2JjN2M0YzAiOnsiY3JlYXRlIjoxMjAwMDAwMDAwMDAwLCJkZWxldGUiOjEyMDAwMDAwMDAwMDAsInVwZGF0ZSI6MTIwMDAwMDAwMDAwMH19",
          "dependencies": [
            "aws_vpc.Star"
          ]
        }
      ]
    },
    {
      "mode": "managed",
      "type": "aws_kinesis_firehose_delivery_stream",
      "name": "Star_Firehose_delivery1",
      "provider": "provider[\"registry.terraform.io/hashicorp/aws\"].us-east",
      "instances": [
        {
          "index_key": 0,
          "schema_version": 1,
          "attributes": {
            "arn": "arn:aws:firehose:us-east-1:329327479095:deliverystream/aws-waf-logs-star1-firehose01",
            "destination": "extended_s3",
            "destination_id": "destinationId-000000000001",
            "elasticsearch_configuration": [],
            "extended_s3_configuration": [
              {
                "bucket_arn": "arn:aws:s3:::sa-east-1-star1-waf-firehose-dest-329327479095",
                "buffering_interval": 300,
                "buffering_size": 5,
                "cloudwatch_logging_options": [
                  {
                    "enabled": false,
                    "log_group_name": "",
                    "log_stream_name": ""
                  }
                ],
                "compression_format": "UNCOMPRESSED",
                "custom_time_zone": "UTC",
                "data_format_conversion_configuration": [],
                "dynamic_partitioning_configuration": [],
                "error_output_prefix": "",
                "file_extension": "",
                "kms_key_arn": "",
                "prefix": "waf-logs/",
                "processing_configuration": [
                  {
                    "enabled": false,
                    "processors": []
                  }
                ],
                "role_arn": "arn:aws:iam::329327479095:role/star1-firehose-role01",
                "s3_backup_configuration": [],
                "s3_backup_mode": "Disabled"
              }
            ],
            "http_endpoint_configuration": [],
            "iceberg_configuration": [],
            "id": "arn:aws:firehose:us-east-1:329327479095:deliverystream/aws-waf-logs-star1-firehose01",
            "kinesis_source_configuration": [],
            "msk_source_configuration": [],
            "name": "aws-waf-logs-star1-firehose01",
            "opensearch_configuration": [],
            "opensearchserverless_configuration": [],
            "redshift_configuration": [],
            "region": "us-east-1",
            "server_side_encryption": [
              {
                "enabled": false,
                "key_arn": "",
                "key_type": "AWS_OWNED_CMK"
              }
            ],
            "snowflake_configuration": [],
            "splunk_configuration": [],
            "tags": {},
            "tags_all": {},
            "timeouts": null,
            "version_id": "1"
          },
          "sensitive_attributes": [],
          "identity_schema_version": 0,
          "private": "eyJlMmJmYjczMC1lY2FhLTExZTYtOGY4OC0zNDM2M2JjN2M0YzAiOnsiY3JlYXRlIjoxODAwMDAwMDAwMDAwLCJkZWxldGUiOjE4MDAwMDAwMDAwMDAsInVwZGF0ZSI6NjAwMDAwMDAwMDAwfSwic2NoZW1hX3ZlcnNpb24iOiIxIn0=",
          "dependencies": [
            "aws_iam_role.star_fire_hose1",
            "aws_s3_bucket.star_firehouse_waf_log",
            "aws_vpc.Star",
            "data.aws_caller_identity.current",
            "data.aws_region.current"
          ]
        }
      ]
    },
    {
      "mode": "managed",
      "type": "aws_launch_template",
      "name": "lab-ec2-app-private",
      "provider": "provider[\"registry.terraform.io/hashicorp/aws\"]",
      "instances": [
        {
          "schema_version": 1,
          "attributes": {
            "arn": "arn:aws:ec2:sa-east-1:329327479095:launch-template/lt-0c6568e26e51baf30",
            "block_device_mappings": [],
            "capacity_reservation_specification": [],
            "cpu_options": [],
            "credit_specification": [],
            "default_version": 7,
            "description": "",
            "disable_api_stop": false,
            "disable_api_termination": false,
            "ebs_optimized": "",
            "enclave_options": [],
            "hibernation_options": [],
            "iam_instance_profile": [
              {
                "arn": "",
                "name": "EC2_RDS"
              }
            ],
            "id": "lt-0c6568e26e51baf30",
            "image_id": "ami-0f15c4c004b12c364",
            "instance_initiated_shutdown_behavior": "",
            "instance_market_options": [],
            "instance_requirements": [],
            "instance_type": "t3.micro",
            "kernel_id": "",
            "key_name": "",
            "latest_version": 7,
            "license_specification": [],
            "maintenance_options": [],
            "metadata_options": [],
            "monitoring": [],
            "name": "terraform-2026020902290648670000000f",
            "name_prefix": "terraform-",
            "network_interfaces": [],
            "placement": [],
            "private_dns_name_options": [],
            "ram_disk_id": "",
            "region": "sa-east-1",
            "security_group_names": [],
            "tag_specifications": [],
            "tags": {
              "Name": "lab-ec2-app-private"
            },
            "tags_all": {
              "Name": "lab-ec2-app-private"
            },
            "update_default_version": true,
            "user_data": "",
            "vpc_security_group_ids": [
              "sg-0eb024dd1c8072b94"
            ]
          },
          "sensitive_attributes": [],
          "identity_schema_version": 0,
          "private": "eyJzY2hlbWFfdmVyc2lvbiI6IjEifQ==",
          "dependencies": [
            "aws_ami_from_instance.ec2_golden_ami",
            "aws_iam_instance_profile.second",
            "aws_iam_instance_profile.this",
            "aws_iam_role.EC2_Role",
            "aws_iam_role.EC2_Role2",
            "aws_instance.lab-ec2-app-public",
            "aws_security_group.EC2_SG",
            "aws_subnet.Star_Public_AZ1",
            "aws_vpc.Star",
            "data.aws_ami.amazon_linux",
            "data.aws_ami.ec2_golden_ami",
            "data.aws_availability_zones.available",
            "time_sleep.wait_for_ami_settle"
          ]
        }
      ]
    },
    {
      "mode": "managed",
      "type": "aws_lb",
      "name": "hidden_alb",
      "provider": "provider[\"registry.terraform.io/hashicorp/aws\"]",
      "instances": [
        {
          "schema_version": 0,
          "attributes": {
            "access_logs": [
              {
                "bucket": "aws-alb-logs-sa-east-1-star1-329327479095",
                "enabled": true,
                "prefix": "alb"
              }
            ],
            "arn": "arn:aws:elasticloadbalancing:sa-east-1:329327479095:loadbalancer/app/LoadExternal/a8a436bf1a3f1485",
            "arn_suffix": "app/LoadExternal/a8a436bf1a3f1485",
            "client_keep_alive": 3600,
            "connection_logs": [
              {
                "bucket": "",
                "enabled": false,
                "prefix": ""
              }
            ],
            "customer_owned_ipv4_pool": "",
            "desync_mitigation_mode": "defensive",
            "dns_name": "LoadExternal-1719787974.sa-east-1.elb.amazonaws.com",
            "dns_record_client_routing_policy": null,
            "drop_invalid_header_fields": false,
            "enable_cross_zone_load_balancing": true,
            "enable_deletion_protection": false,
            "enable_http2": true,
            "enable_tls_version_and_cipher_suite_headers": false,
            "enable_waf_fail_open": false,
            "enable_xff_client_port": false,
            "enable_zonal_shift": false,
            "enforce_security_group_inbound_rules_on_private_link_traffic": "",
            "health_check_logs": [
              {
                "bucket": "",
                "enabled": false,
                "prefix": ""
              }
            ],
            "id": "arn:aws:elasticloadbalancing:sa-east-1:329327479095:loadbalancer/app/LoadExternal/a8a436bf1a3f1485",
            "idle_timeout": 60,
            "internal": false,
            "ip_address_type": "ipv4",
            "ipam_pools": [],
            "load_balancer_type": "application",
            "minimum_load_balancer_capacity": [],
            "name": "LoadExternal",
            "name_prefix": "",
            "preserve_host_header": false,
            "region": "sa-east-1",
            "secondary_ips_auto_assigned_per_subnet": null,
            "security_groups": [
              "sg-0674e69c8a590de9d"
            ],
            "subnet_mapping": [
              {
                "allocation_id": "",
                "ipv6_address": "",
                "outpost_id": "",
                "private_ipv4_address": "",
                "subnet_id": "subnet-04d89754bf4c5d01c"
              },
              {
                "allocation_id": "",
                "ipv6_address": "",
                "outpost_id": "",
                "private_ipv4_address": "",
                "subnet_id": "subnet-069165f193a8d36b9"
              }
            ],
            "subnets": [
              "subnet-04d89754bf4c5d01c",
              "subnet-069165f193a8d36b9"
            ],
            "tags": {
              "Name": "App1LoadBalancer"
            },
            "tags_all": {
              "Name": "App1LoadBalancer"
            },
            "timeouts": null,
            "vpc_id": "vpc-0c4fe5adffb914b12",
            "xff_header_processing_mode": "append",
            "zone_id": "Z2P70J7HTTTPLU"
          },
          "sensitive_attributes": [],
          "identity_schema_version": 0,
          "identity": {
            "arn": "arn:aws:elasticloadbalancing:sa-east-1:329327479095:loadbalancer/app/LoadExternal/a8a436bf1a3f1485"
          },
          "private": "eyJlMmJmYjczMC1lY2FhLTExZTYtOGY4OC0zNDM2M2JjN2M0YzAiOnsiY3JlYXRlIjo2MDAwMDAwMDAwMDAsImRlbGV0ZSI6NjAwMDAwMDAwMDAwLCJ1cGRhdGUiOjYwMDAwMDAwMDAwMH19",
          "dependencies": [
            "aws_s3_bucket.spire",
            "aws_security_group.ALB",
            "aws_subnet.Star_Public_AZ1",
            "aws_subnet.Star_Public_AZ2",
            "aws_vpc.Star",
            "data.aws_availability_zones.available",
            "data.aws_caller_identity.current",
            "data.aws_region.current"
          ]
        }
      ]
    },
    {
      "mode": "managed",
      "type": "aws_lb_listener",
      "name": "http",
      "provider": "provider[\"registry.terraform.io/hashicorp/aws\"]",
      "instances": [
        {
          "schema_version": 0,
          "attributes": {
            "alpn_policy": null,
            "arn": "arn:aws:elasticloadbalancing:sa-east-1:329327479095:listener/app/LoadExternal/a8a436bf1a3f1485/e8364d87453d6ecf",
            "certificate_arn": null,
            "default_action": [
              {
                "authenticate_cognito": [],
                "authenticate_oidc": [],
                "fixed_response": [],
                "forward": [],
                "jwt_validation": [],
                "order": 1,
                "redirect": [
                  {
                    "host": "#{host}",
                    "path": "/#{path}",
                    "port": "443",
                    "protocol": "HTTPS",
                    "query": "#{query}",
                    "status_code": "HTTP_301"
                  }
                ],
                "target_group_arn": "",
                "type": "redirect"
              }
            ],
            "id": "arn:aws:elasticloadbalancing:sa-east-1:329327479095:listener/app/LoadExternal/a8a436bf1a3f1485/e8364d87453d6ecf",
            "load_balancer_arn": "arn:aws:elasticloadbalancing:sa-east-1:329327479095:loadbalancer/app/LoadExternal/a8a436bf1a3f1485",
            "mutual_authentication": [],
            "port": 80,
            "protocol": "HTTP",
            "region": "sa-east-1",
            "routing_http_request_x_amzn_mtls_clientcert_header_name": null,
            "routing_http_request_x_amzn_mtls_clientcert_issuer_header_name": null,
            "routing_http_request_x_amzn_mtls_clientcert_leaf_header_name": null,
            "routing_http_request_x_amzn_mtls_clientcert_serial_number_header_name": null,
            "routing_http_request_x_amzn_mtls_clientcert_subject_header_name": null,
            "routing_http_request_x_amzn_mtls_clientcert_validity_header_name": null,
            "routing_http_request_x_amzn_tls_cipher_suite_header_name": null,
            "routing_http_request_x_amzn_tls_version_header_name": null,
            "routing_http_response_access_control_allow_credentials_header_value": "",
            "routing_http_response_access_control_allow_headers_header_value": "",
            "routing_http_response_access_control_allow_methods_header_value": "",
            "routing_http_response_access_control_allow_origin_header_value": "",
            "routing_http_response_access_control_expose_headers_header_value": "",
            "routing_http_response_access_control_max_age_header_value": "",
            "routing_http_response_content_security_policy_header_value": "",
            "routing_http_response_server_enabled": true,
            "routing_http_response_strict_transport_security_header_value": "",
            "routing_http_response_x_content_type_options_header_value": "",
            "routing_http_response_x_frame_options_header_value": "",
            "ssl_policy": "",
            "tags": {},
            "tags_all": {},
            "tcp_idle_timeout_seconds": null,
            "timeouts": null
          },
          "sensitive_attributes": [],
          "identity_schema_version": 0,
          "identity": {
            "arn": "arn:aws:elasticloadbalancing:sa-east-1:329327479095:listener/app/LoadExternal/a8a436bf1a3f1485/e8364d87453d6ecf"
          },
          "private": "eyJlMmJmYjczMC1lY2FhLTExZTYtOGY4OC0zNDM2M2JjN2M0YzAiOnsiY3JlYXRlIjozMDAwMDAwMDAwMDAsInVwZGF0ZSI6MzAwMDAwMDAwMDAwfX0=",
          "dependencies": [
            "aws_lb.hidden_alb",
            "aws_s3_bucket.spire",
            "aws_security_group.ALB",
            "aws_subnet.Star_Public_AZ1",
            "aws_subnet.Star_Public_AZ2",
            "aws_vpc.Star",
            "data.aws_availability_zones.available",
            "data.aws_caller_identity.current",
            "data.aws_region.current"
          ]
        }
      ]
    },
    {
      "mode": "managed",
      "type": "aws_lb_listener",
      "name": "https",
      "provider": "provider[\"registry.terraform.io/hashicorp/aws\"]",
      "instances": [
        {
          "schema_version": 0,
          "attributes": {
            "alpn_policy": null,
            "arn": "arn:aws:elasticloadbalancing:sa-east-1:329327479095:listener/app/LoadExternal/a8a436bf1a3f1485/5c763a37ea0c34bd",
            "certificate_arn": "arn:aws:acm:sa-east-1:329327479095:certificate/26f36087-11bd-40ca-a26e-99e45446c01c",
            "default_action": [
              {
                "authenticate_cognito": [],
                "authenticate_oidc": [],
                "fixed_response": [],
                "forward": [],
                "jwt_validation": [],
                "order": 1,
                "redirect": [],
                "target_group_arn": "arn:aws:elasticloadbalancing:sa-east-1:329327479095:targetgroup/hidden-target-group/458cefc8aa06ad2a",
                "type": "forward"
              }
            ],
            "id": "arn:aws:elasticloadbalancing:sa-east-1:329327479095:listener/app/LoadExternal/a8a436bf1a3f1485/5c763a37ea0c34bd",
            "load_balancer_arn": "arn:aws:elasticloadbalancing:sa-east-1:329327479095:loadbalancer/app/LoadExternal/a8a436bf1a3f1485",
            "mutual_authentication": [
              {
                "advertise_trust_store_ca_names": "",
                "ignore_client_certificate_expiry": false,
                "mode": "off",
                "trust_store_arn": ""
              }
            ],
            "port": 443,
            "protocol": "HTTPS",
            "region": "sa-east-1",
            "routing_http_request_x_amzn_mtls_clientcert_header_name": "",
            "routing_http_request_x_amzn_mtls_clientcert_issuer_header_name": "",
            "routing_http_request_x_amzn_mtls_clientcert_leaf_header_name": "",
            "routing_http_request_x_amzn_mtls_clientcert_serial_number_header_name": "",
            "routing_http_request_x_amzn_mtls_clientcert_subject_header_name": "",
            "routing_http_request_x_amzn_mtls_clientcert_validity_header_name": "",
            "routing_http_request_x_amzn_tls_cipher_suite_header_name": "",
            "routing_http_request_x_amzn_tls_version_header_name": "",
            "routing_http_response_access_control_allow_credentials_header_value": "",
            "routing_http_response_access_control_allow_headers_header_value": "",
            "routing_http_response_access_control_allow_methods_header_value": "",
            "routing_http_response_access_control_allow_origin_header_value": "",
            "routing_http_response_access_control_expose_headers_header_value": "",
            "routing_http_response_access_control_max_age_header_value": "",
            "routing_http_response_content_security_policy_header_value": "",
            "routing_http_response_server_enabled": true,
            "routing_http_response_strict_transport_security_header_value": "",
            "routing_http_response_x_content_type_options_header_value": "",
            "routing_http_response_x_frame_options_header_value": "",
            "ssl_policy": "ELBSecurityPolicy-TLS13-1-2-2021-06",
            "tags": {},
            "tags_all": {},
            "tcp_idle_timeout_seconds": null,
            "timeouts": null
          },
          "sensitive_attributes": [],
          "identity_schema_version": 0,
          "identity": {
            "arn": "arn:aws:elasticloadbalancing:sa-east-1:329327479095:listener/app/LoadExternal/a8a436bf1a3f1485/5c763a37ea0c34bd"
          },
          "private": "eyJlMmJmYjczMC1lY2FhLTExZTYtOGY4OC0zNDM2M2JjN2M0YzAiOnsiY3JlYXRlIjozMDAwMDAwMDAwMDAsInVwZGF0ZSI6MzAwMDAwMDAwMDAwfX0=",
          "dependencies": [
            "aws_acm_certificate.hidden_target_group2",
            "aws_lb.hidden_alb",
            "aws_lb_target_group.hidden_target_group",
            "aws_s3_bucket.spire",
            "aws_security_group.ALB",
            "aws_subnet.Star_Public_AZ1",
            "aws_subnet.Star_Public_AZ2",
            "aws_vpc.Star",
            "data.aws_availability_zones.available",
            "data.aws_caller_identity.current",
            "data.aws_region.current"
          ]
        }
      ]
    },
    {
      "mode": "managed",
      "type": "aws_lb_listener_rule",
      "name": "block_direct_access",
      "provider": "provider[\"registry.terraform.io/hashicorp/aws\"]",
      "instances": [
        {
          "index_key": 0,
          "schema_version": 0,
          "attributes": {
            "action": [
              {
                "authenticate_cognito": [],
                "authenticate_oidc": [],
                "fixed_response": [
                  {
                    "content_type": "text/plain",
                    "message_body": "Forbidden - Direct access not allowed",
                    "status_code": "403"
                  }
                ],
                "forward": [],
                "jwt_validation": [],
                "order": 1,
                "redirect": [],
                "target_group_arn": "",
                "type": "fixed-response"
              }
            ],
            "arn": "arn:aws:elasticloadbalancing:sa-east-1:329327479095:listener-rule/app/LoadExternal/a8a436bf1a3f1485/5c763a37ea0c34bd/4b48689b80b3dd7d",
            "condition": [
              {
                "host_header": [],
                "http_header": [],
                "http_request_method": [],
                "path_pattern": [
                  {
                    "regex_values": [],
                    "values": [
                      "*"
                    ]
                  }
                ],
                "query_string": [],
                "source_ip": []
              }
            ],
            "id": "arn:aws:elasticloadbalancing:sa-east-1:329327479095:listener-rule/app/LoadExternal/a8a436bf1a3f1485/5c763a37ea0c34bd/4b48689b80b3dd7d",
            "listener_arn": "arn:aws:elasticloadbalancing:sa-east-1:329327479095:listener/app/LoadExternal/a8a436bf1a3f1485/5c763a37ea0c34bd",
            "priority": 99,
            "region": "sa-east-1",
            "tags": {},
            "tags_all": {},
            "transform": []
          },
          "sensitive_attributes": [],
          "identity_schema_version": 0,
          "identity": {
            "arn": "arn:aws:elasticloadbalancing:sa-east-1:329327479095:listener-rule/app/LoadExternal/a8a436bf1a3f1485/5c763a37ea0c34bd/4b48689b80b3dd7d"
          },
          "private": "bnVsbA==",
          "dependencies": [
            "aws_acm_certificate.hidden_target_group2",
            "aws_lb.hidden_alb",
            "aws_lb_listener.https",
            "aws_lb_target_group.hidden_target_group",
            "aws_s3_bucket.spire",
            "aws_security_group.ALB",
            "aws_subnet.Star_Public_AZ1",
            "aws_subnet.Star_Public_AZ2",
            "aws_vpc.Star",
            "data.aws_availability_zones.available",
            "data.aws_caller_identity.current",
            "data.aws_region.current"
          ]
        }
      ]
    },
    {
      "mode": "managed",
      "type": "aws_lb_listener_rule",
      "name": "require_origin_header",
      "provider": "provider[\"registry.terraform.io/hashicorp/aws\"]",
      "instances": [
        {
          "index_key": 0,
          "schema_version": 0,
          "attributes": {
            "action": [
              {
                "authenticate_cognito": [],
                "authenticate_oidc": [],
                "fixed_response": [],
                "forward": [],
                "jwt_validation": [],
                "order": 1,
                "redirect": [],
                "target_group_arn": "arn:aws:elasticloadbalancing:sa-east-1:329327479095:targetgroup/hidden-target-group/458cefc8aa06ad2a",
                "type": "forward"
              }
            ],
            "arn": "arn:aws:elasticloadbalancing:sa-east-1:329327479095:listener-rule/app/LoadExternal/a8a436bf1a3f1485/5c763a37ea0c34bd/ed79b8387569794e",
            "condition": [
              {
                "host_header": [],
                "http_header": [
                  {
                    "http_header_name": "X-Origin-Verify",
                    "regex_values": [],
                    "values": [
                      "aMDvr8G00AxaOL0aqokUpJjsGZPdYfFb"
                    ]
                  }
                ],
                "http_request_method": [],
                "path_pattern": [],
                "query_string": [],
                "source_ip": []
              }
            ],
            "id": "arn:aws:elasticloadbalancing:sa-east-1:329327479095:listener-rule/app/LoadExternal/a8a436bf1a3f1485/5c763a37ea0c34bd/ed79b8387569794e",
            "listener_arn": "arn:aws:elasticloadbalancing:sa-east-1:329327479095:listener/app/LoadExternal/a8a436bf1a3f1485/5c763a37ea0c34bd",
            "priority": 10,
            "region": "sa-east-1",
            "tags": {},
            "tags_all": {},
            "transform": []
          },
          "sensitive_attributes": [
            [
              {
                "type": "get_attr",
                "value": "condition"
              }
            ]
          ],
          "identity_schema_version": 0,
          "identity": {
            "arn": "arn:aws:elasticloadbalancing:sa-east-1:329327479095:listener-rule/app/LoadExternal/a8a436bf1a3f1485/5c763a37ea0c34bd/ed79b8387569794e"
          },
          "private": "bnVsbA==",
          "dependencies": [
            "aws_acm_certificate.hidden_target_group2",
            "aws_lb.hidden_alb",
            "aws_lb_listener.https",
            "aws_lb_target_group.hidden_target_group",
            "aws_s3_bucket.spire",
            "aws_security_group.ALB",
            "aws_subnet.Star_Public_AZ1",
            "aws_subnet.Star_Public_AZ2",
            "aws_vpc.Star",
            "data.aws_availability_zones.available",
            "data.aws_caller_identity.current",
            "data.aws_region.current",
            "random_password.origin_header_secret"
          ]
        }
      ]
    },
    {
      "mode": "managed",
      "type": "aws_lb_target_group",
      "name": "hidden_target_group",
      "provider": "provider[\"registry.terraform.io/hashicorp/aws\"]",
      "instances": [
        {
          "schema_version": 0,
          "attributes": {
            "arn": "arn:aws:elasticloadbalancing:sa-east-1:329327479095:targetgroup/hidden-target-group/458cefc8aa06ad2a",
            "arn_suffix": "targetgroup/hidden-target-group/458cefc8aa06ad2a",
            "connection_termination": null,
            "deregistration_delay": "300",
            "health_check": [
              {
                "enabled": true,
                "healthy_threshold": 2,
                "interval": 30,
                "matcher": "200-399",
                "path": "/",
                "port": "traffic-port",
                "protocol": "HTTP",
                "timeout": 5,
                "unhealthy_threshold": 2
              }
            ],
            "id": "arn:aws:elasticloadbalancing:sa-east-1:329327479095:targetgroup/hidden-target-group/458cefc8aa06ad2a",
            "ip_address_type": "ipv4",
            "lambda_multi_value_headers_enabled": false,
            "load_balancer_arns": [
              "arn:aws:elasticloadbalancing:sa-east-1:329327479095:loadbalancer/app/LoadExternal/a8a436bf1a3f1485"
            ],
            "load_balancing_algorithm_type": "round_robin",
            "load_balancing_anomaly_mitigation": "off",
            "load_balancing_cross_zone_enabled": "use_load_balancer_configuration",
            "name": "hidden-target-group",
            "name_prefix": "",
            "port": 80,
            "preserve_client_ip": null,
            "protocol": "HTTP",
            "protocol_version": "HTTP1",
            "proxy_protocol_v2": false,
            "region": "sa-east-1",
            "slow_start": 0,
            "stickiness": [
              {
                "cookie_duration": 86400,
                "cookie_name": "",
                "enabled": false,
                "type": "lb_cookie"
              }
            ],
            "tags": {
              "Name": "Target Group for hidden target_group"
            },
            "tags_all": {
              "Name": "Target Group for hidden target_group"
            },
            "target_control_port": 0,
            "target_failover": [
              {
                "on_deregistration": null,
                "on_unhealthy": null
              }
            ],
            "target_group_health": [
              {
                "dns_failover": [
                  {
                    "minimum_healthy_targets_count": "1",
                    "minimum_healthy_targets_percentage": "off"
                  }
                ],
                "unhealthy_state_routing": [
                  {
                    "minimum_healthy_targets_count": 1,
                    "minimum_healthy_targets_percentage": "off"
                  }
                ]
              }
            ],
            "target_health_state": [
              {
                "enable_unhealthy_connection_termination": null,
                "unhealthy_draining_interval": null
              }
            ],
            "target_type": "instance",
            "vpc_id": "vpc-0c4fe5adffb914b12"
          },
          "sensitive_attributes": [],
          "identity_schema_version": 0,
          "identity": {
            "arn": "arn:aws:elasticloadbalancing:sa-east-1:329327479095:targetgroup/hidden-target-group/458cefc8aa06ad2a"
          },
          "private": "bnVsbA==",
          "dependencies": [
            "aws_vpc.Star"
          ]
        }
      ]
    },
    {
      "mode": "managed",
      "type": "aws_placement_group",
      "name": "private",
      "provider": "provider[\"registry.terraform.io/hashicorp/aws\"]",
      "instances": [
        {
          "schema_version": 0,
          "attributes": {
            "arn": "arn:aws:ec2:sa-east-1:329327479095:placement-group/test",
            "id": "test",
            "name": "test",
            "partition_count": 0,
            "placement_group_id": "pg-0ecde8df9d9303a12",
            "region": "sa-east-1",
            "spread_level": "rack",
            "strategy": "spread",
            "tags": {},
            "tags_all": {}
          },
          "sensitive_attributes": [],
          "identity_schema_version": 0,
          "private": "bnVsbA=="
        }
      ]
    },
    {
      "mode": "managed",
      "type": "aws_route",
      "name": "liberdade_to_tokyo_route01",
      "provider": "provider[\"registry.terraform.io/hashicorp/aws\"].saopaulo",
      "instances": []
    },
    {
      "mode": "managed",
      "type": "aws_route53_record",
      "name": "Alb_zone",
      "provider": "provider[\"registry.terraform.io/hashicorp/aws\"]",
      "instances": [
        {
          "index_key": 0,
          "schema_version": 2,
          "attributes": {
            "alias": [
              {
                "evaluate_target_health": false,
                "name": "loadexternal-1719787974.sa-east-1.elb.amazonaws.com",
                "zone_id": "Z2P70J7HTTTPLU"
              }
            ],
            "allow_overwrite": null,
            "cidr_routing_policy": [],
            "failover_routing_policy": [],
            "fqdn": "alb.armageddonlab.com",
            "geolocation_routing_policy": [],
            "geoproximity_routing_policy": [],
            "health_check_id": "",
            "id": "Z09516461ZEBH9QPFDCB3_alb.armageddonlab.com_A",
            "latency_routing_policy": [],
            "multivalue_answer_routing_policy": false,
            "name": "alb.armageddonlab.com",
            "records": [],
            "set_identifier": "",
            "timeouts": null,
            "ttl": 0,
            "type": "A",
            "weighted_routing_policy": [],
            "zone_id": "Z09516461ZEBH9QPFDCB3"
          },
          "sensitive_attributes": [],
          "identity_schema_version": 0,
          "identity": {
            "account_id": "329327479095",
            "name": "alb.armageddonlab.com",
            "set_identifier": null,
            "type": "A",
            "zone_id": "Z09516461ZEBH9QPFDCB3"
          },
          "private": "eyJlMmJmYjczMC1lY2FhLTExZTYtOGY4OC0zNDM2M2JjN2M0YzAiOnsiY3JlYXRlIjoxODAwMDAwMDAwMDAwLCJkZWxldGUiOjE4MDAwMDAwMDAwMDAsInVwZGF0ZSI6MTgwMDAwMDAwMDAwMH0sInNjaGVtYV92ZXJzaW9uIjoiMiJ9",
          "dependencies": [
            "aws_acm_certificate.cloudfront_cert",
            "aws_lb.hidden_alb",
            "aws_route53_zone.primary",
            "aws_s3_bucket.spire",
            "aws_security_group.ALB",
            "aws_subnet.Star_Public_AZ1",
            "aws_subnet.Star_Public_AZ2",
            "aws_vpc.Star",
            "data.aws_availability_zones.available",
            "data.aws_caller_identity.current",
            "data.aws_region.current"
          ]
        }
      ]
    },
    {
      "mode": "managed",
      "type": "aws_route53_record",
      "name": "apex_to_cloudfront",
      "provider": "provider[\"registry.terraform.io/hashicorp/aws\"]",
      "instances": [
        {
          "index_key": 0,
          "schema_version": 2,
          "attributes": {
            "alias": [
              {
                "evaluate_target_health": false,
                "name": "d2pwhq49jbdqcs.cloudfront.net",
                "zone_id": "Z2FDTNDATAQYW2"
              }
            ],
            "allow_overwrite": null,
            "cidr_routing_policy": [],
            "failover_routing_policy": [],
            "fqdn": "armageddonlab.com",
            "geolocation_routing_policy": [],
            "geoproximity_routing_policy": [],
            "health_check_id": "",
            "id": "Z09516461ZEBH9QPFDCB3_armageddonlab.com_A",
            "latency_routing_policy": [],
            "multivalue_answer_routing_policy": false,
            "name": "armageddonlab.com",
            "records": [],
            "set_identifier": "",
            "timeouts": null,
            "ttl": 0,
            "type": "A",
            "weighted_routing_policy": [],
            "zone_id": "Z09516461ZEBH9QPFDCB3"
          },
          "sensitive_attributes": [],
          "identity_schema_version": 0,
          "identity": {
            "account_id": "329327479095",
            "name": "armageddonlab.com",
            "set_identifier": null,
            "type": "A",
            "zone_id": "Z09516461ZEBH9QPFDCB3"
          },
          "private": "eyJlMmJmYjczMC1lY2FhLTExZTYtOGY4OC0zNDM2M2JjN2M0YzAiOnsiY3JlYXRlIjoxODAwMDAwMDAwMDAwLCJkZWxldGUiOjE4MDAwMDAwMDAwMDAsInVwZGF0ZSI6MTgwMDAwMDAwMDAwMH0sInNjaGVtYV92ZXJzaW9uIjoiMiJ9",
          "dependencies": [
            "aws_acm_certificate.cloudfront_cert",
            "aws_acm_certificate_validation.cloudfront_cert_validation",
            "aws_cloudfront_cache_policy.api_no_cache",
            "aws_cloudfront_cache_policy.static_cache",
            "aws_cloudfront_distribution.main",
            "aws_cloudfront_origin_request_policy.api_origin",
            "aws_cloudfront_origin_request_policy.static_origin",
            "aws_cloudfront_response_headers_policy.static_headers",
            "aws_route53_record.cloudfront_cert_validation",
            "aws_route53_zone.primary",
            "aws_wafv2_web_acl.alb_waf",
            "random_password.origin_header_secret"
          ]
        }
      ]
    },
    {
      "mode": "managed",
      "type": "aws_route53_record",
      "name": "app_to_cloudfront",
      "provider": "provider[\"registry.terraform.io/hashicorp/aws\"]",
      "instances": [
        {
          "index_key": 0,
          "schema_version": 2,
          "attributes": {
            "alias": [
              {
                "evaluate_target_health": false,
                "name": "d2pwhq49jbdqcs.cloudfront.net",
                "zone_id": "Z2FDTNDATAQYW2"
              }
            ],
            "allow_overwrite": null,
            "cidr_routing_policy": [],
            "failover_routing_policy": [],
            "fqdn": "app.armageddonlab.com",
            "geolocation_routing_policy": [],
            "geoproximity_routing_policy": [],
            "health_check_id": "",
            "id": "Z09516461ZEBH9QPFDCB3_app.armageddonlab.com_A",
            "latency_routing_policy": [],
            "multivalue_answer_routing_policy": false,
            "name": "app.armageddonlab.com",
            "records": [],
            "set_identifier": "",
            "timeouts": null,
            "ttl": 0,
            "type": "A",
            "weighted_routing_policy": [],
            "zone_id": "Z09516461ZEBH9QPFDCB3"
          },
          "sensitive_attributes": [],
          "identity_schema_version": 0,
          "identity": {
            "account_id": "329327479095",
            "name": "app.armageddonlab.com",
            "set_identifier": null,
            "type": "A",
            "zone_id": "Z09516461ZEBH9QPFDCB3"
          },
          "private": "eyJlMmJmYjczMC1lY2FhLTExZTYtOGY4OC0zNDM2M2JjN2M0YzAiOnsiY3JlYXRlIjoxODAwMDAwMDAwMDAwLCJkZWxldGUiOjE4MDAwMDAwMDAwMDAsInVwZGF0ZSI6MTgwMDAwMDAwMDAwMH0sInNjaGVtYV92ZXJzaW9uIjoiMiJ9",
          "dependencies": [
            "aws_acm_certificate.cloudfront_cert",
            "aws_acm_certificate_validation.cloudfront_cert_validation",
            "aws_cloudfront_cache_policy.api_no_cache",
            "aws_cloudfront_cache_policy.static_cache",
            "aws_cloudfront_distribution.main",
            "aws_cloudfront_origin_request_policy.api_origin",
            "aws_cloudfront_origin_request_policy.static_origin",
            "aws_cloudfront_response_headers_policy.static_headers",
            "aws_route53_record.cloudfront_cert_validation",
            "aws_route53_zone.primary",
            "aws_wafv2_web_acl.alb_waf",
            "random_password.origin_header_secret"
          ]
        }
      ]
    },
    {
      "mode": "managed",
      "type": "aws_route53_record",
      "name": "cert_validation",
      "provider": "provider[\"registry.terraform.io/hashicorp/aws\"]",
      "instances": [
        {
          "index_key": "alb.armageddonlab.com",
          "schema_version": 2,
          "attributes": {
            "alias": [],
            "allow_overwrite": null,
            "cidr_routing_policy": [],
            "failover_routing_policy": [],
            "fqdn": "_7791c5b6fe1e89bd4c208993c707eb61.alb.armageddonlab.com",
            "geolocation_routing_policy": [],
            "geoproximity_routing_policy": [],
            "health_check_id": "",
            "id": "Z09516461ZEBH9QPFDCB3__7791c5b6fe1e89bd4c208993c707eb61.alb.armageddonlab.com._CNAME",
            "latency_routing_policy": [],
            "multivalue_answer_routing_policy": false,
            "name": "_7791c5b6fe1e89bd4c208993c707eb61.alb.armageddonlab.com",
            "records": [
              "_f5026d00690e2020d1d944836f9aecf9.jkddzztszm.acm-validations.aws."
            ],
            "set_identifier": "",
            "timeouts": null,
            "ttl": 60,
            "type": "CNAME",
            "weighted_routing_policy": [],
            "zone_id": "Z09516461ZEBH9QPFDCB3"
          },
          "sensitive_attributes": [],
          "identity_schema_version": 0,
          "identity": {
            "account_id": "329327479095",
            "name": "_7791c5b6fe1e89bd4c208993c707eb61.alb.armageddonlab.com",
            "set_identifier": null,
            "type": "CNAME",
            "zone_id": "Z09516461ZEBH9QPFDCB3"
          },
          "private": "eyJlMmJmYjczMC1lY2FhLTExZTYtOGY4OC0zNDM2M2JjN2M0YzAiOnsiY3JlYXRlIjoxODAwMDAwMDAwMDAwLCJkZWxldGUiOjE4MDAwMDAwMDAwMDAsInVwZGF0ZSI6MTgwMDAwMDAwMDAwMH0sInNjaGVtYV92ZXJzaW9uIjoiMiJ9",
          "dependencies": [
            "aws_acm_certificate.hidden_target_group2",
            "aws_route53_zone.primary"
          ],
          "create_before_destroy": true
        }
      ]
    },
    {
      "mode": "managed",
      "type": "aws_route53_record",
      "name": "cloudfront_cert_validation",
      "provider": "provider[\"registry.terraform.io/hashicorp/aws\"]",
      "instances": [
        {
          "index_key": "*.armageddonlab.com",
          "schema_version": 2,
          "attributes": {
            "alias": [],
            "allow_overwrite": true,
            "cidr_routing_policy": [],
            "failover_routing_policy": [],
            "fqdn": "_cd4483d45a41c44f2646fa068ce76070.armageddonlab.com",
            "geolocation_routing_policy": [],
            "geoproximity_routing_policy": [],
            "health_check_id": "",
            "id": "Z09516461ZEBH9QPFDCB3__cd4483d45a41c44f2646fa068ce76070.armageddonlab.com._CNAME",
            "latency_routing_policy": [],
            "multivalue_answer_routing_policy": false,
            "name": "_cd4483d45a41c44f2646fa068ce76070.armageddonlab.com",
            "records": [
              "_eccce57f612af88ea8d80e728f14f056.jkddzztszm.acm-validations.aws."
            ],
            "set_identifier": "",
            "timeouts": null,
            "ttl": 60,
            "type": "CNAME",
            "weighted_routing_policy": [],
            "zone_id": "Z09516461ZEBH9QPFDCB3"
          },
          "sensitive_attributes": [],
          "identity_schema_version": 0,
          "identity": {
            "account_id": "329327479095",
            "name": "_cd4483d45a41c44f2646fa068ce76070.armageddonlab.com",
            "set_identifier": null,
            "type": "CNAME",
            "zone_id": "Z09516461ZEBH9QPFDCB3"
          },
          "private": "eyJlMmJmYjczMC1lY2FhLTExZTYtOGY4OC0zNDM2M2JjN2M0YzAiOnsiY3JlYXRlIjoxODAwMDAwMDAwMDAwLCJkZWxldGUiOjE4MDAwMDAwMDAwMDAsInVwZGF0ZSI6MTgwMDAwMDAwMDAwMH0sInNjaGVtYV92ZXJzaW9uIjoiMiJ9",
          "dependencies": [
            "aws_acm_certificate.cloudfront_cert",
            "aws_route53_zone.primary"
          ]
        },
        {
          "index_key": "armageddonlab.com",
          "schema_version": 2,
          "attributes": {
            "alias": [],
            "allow_overwrite": true,
            "cidr_routing_policy": [],
            "failover_routing_policy": [],
            "fqdn": "_cd4483d45a41c44f2646fa068ce76070.armageddonlab.com",
            "geolocation_routing_policy": [],
            "geoproximity_routing_policy": [],
            "health_check_id": "",
            "id": "Z09516461ZEBH9QPFDCB3__cd4483d45a41c44f2646fa068ce76070.armageddonlab.com._CNAME",
            "latency_routing_policy": [],
            "multivalue_answer_routing_policy": false,
            "name": "_cd4483d45a41c44f2646fa068ce76070.armageddonlab.com",
            "records": [
              "_eccce57f612af88ea8d80e728f14f056.jkddzztszm.acm-validations.aws."
            ],
            "set_identifier": "",
            "timeouts": null,
            "ttl": 60,
            "type": "CNAME",
            "weighted_routing_policy": [],
            "zone_id": "Z09516461ZEBH9QPFDCB3"
          },
          "sensitive_attributes": [],
          "identity_schema_version": 0,
          "identity": {
            "account_id": "329327479095",
            "name": "_cd4483d45a41c44f2646fa068ce76070.armageddonlab.com",
            "set_identifier": null,
            "type": "CNAME",
            "zone_id": "Z09516461ZEBH9QPFDCB3"
          },
          "private": "eyJlMmJmYjczMC1lY2FhLTExZTYtOGY4OC0zNDM2M2JjN2M0YzAiOnsiY3JlYXRlIjoxODAwMDAwMDAwMDAwLCJkZWxldGUiOjE4MDAwMDAwMDAwMDAsInVwZGF0ZSI6MTgwMDAwMDAwMDAwMH0sInNjaGVtYV92ZXJzaW9uIjoiMiJ9",
          "dependencies": [
            "aws_acm_certificate.cloudfront_cert",
            "aws_route53_zone.primary"
          ]
        }
      ]
    },
    {
      "mode": "managed",
      "type": "aws_route53_record",
      "name": "www_to_cloudfront",
      "provider": "provider[\"registry.terraform.io/hashicorp/aws\"]",
      "instances": [
        {
          "index_key": 0,
          "schema_version": 2,
          "attributes": {
            "alias": [
              {
                "evaluate_target_health": false,
                "name": "d2pwhq49jbdqcs.cloudfront.net",
                "zone_id": "Z2FDTNDATAQYW2"
              }
            ],
            "allow_overwrite": null,
            "cidr_routing_policy": [],
            "failover_routing_policy": [],
            "fqdn": "www.armageddonlab.com",
            "geolocation_routing_policy": [],
            "geoproximity_routing_policy": [],
            "health_check_id": "",
            "id": "Z09516461ZEBH9QPFDCB3_www.armageddonlab.com_A",
            "latency_routing_policy": [],
            "multivalue_answer_routing_policy": false,
            "name": "www.armageddonlab.com",
            "records": [],
            "set_identifier": "",
            "timeouts": null,
            "ttl": 0,
            "type": "A",
            "weighted_routing_policy": [],
            "zone_id": "Z09516461ZEBH9QPFDCB3"
          },
          "sensitive_attributes": [],
          "identity_schema_version": 0,
          "identity": {
            "account_id": "329327479095",
            "name": "www.armageddonlab.com",
            "set_identifier": null,
            "type": "A",
            "zone_id": "Z09516461ZEBH9QPFDCB3"
          },
          "private": "eyJlMmJmYjczMC1lY2FhLTExZTYtOGY4OC0zNDM2M2JjN2M0YzAiOnsiY3JlYXRlIjoxODAwMDAwMDAwMDAwLCJkZWxldGUiOjE4MDAwMDAwMDAwMDAsInVwZGF0ZSI6MTgwMDAwMDAwMDAwMH0sInNjaGVtYV92ZXJzaW9uIjoiMiJ9",
          "dependencies": [
            "aws_acm_certificate.cloudfront_cert",
            "aws_acm_certificate_validation.cloudfront_cert_validation",
            "aws_cloudfront_cache_policy.api_no_cache",
            "aws_cloudfront_cache_policy.static_cache",
            "aws_cloudfront_distribution.main",
            "aws_cloudfront_origin_request_policy.api_origin",
            "aws_cloudfront_origin_request_policy.static_origin",
            "aws_cloudfront_response_headers_policy.static_headers",
            "aws_route53_record.cloudfront_cert_validation",
            "aws_route53_zone.primary",
            "aws_wafv2_web_acl.alb_waf",
            "random_password.origin_header_secret"
          ]
        }
      ]
    },
    {
      "mode": "managed",
      "type": "aws_route53_zone",
      "name": "primary",
      "provider": "provider[\"registry.terraform.io/hashicorp/aws\"]",
      "instances": [
        {
          "schema_version": 0,
          "attributes": {
            "arn": "arn:aws:route53:::hostedzone/Z09516461ZEBH9QPFDCB3",
            "comment": "Managed by Terraform",
            "delegation_set_id": "",
            "enable_accelerated_recovery": false,
            "force_destroy": false,
            "id": "Z09516461ZEBH9QPFDCB3",
            "name": "armageddonlab.com",
            "name_servers": [
              "ns-1326.awsdns-37.org",
              "ns-1671.awsdns-16.co.uk",
              "ns-802.awsdns-36.net",
              "ns-98.awsdns-12.com"
            ],
            "primary_name_server": "ns-1671.awsdns-16.co.uk",
            "tags": {},
            "tags_all": {},
            "timeouts": null,
            "vpc": [],
            "zone_id": "Z09516461ZEBH9QPFDCB3"
          },
          "sensitive_attributes": [],
          "identity_schema_version": 0,
          "private": "eyJlMmJmYjczMC1lY2FhLTExZTYtOGY4OC0zNDM2M2JjN2M0YzAiOnsiY3JlYXRlIjoxODAwMDAwMDAwMDAwLCJkZWxldGUiOjE4MDAwMDAwMDAwMDAsInVwZGF0ZSI6MTgwMDAwMDAwMDAwMH19",
          "create_before_destroy": true
        }
      ]
    },
    {
      "mode": "managed",
      "type": "aws_route53domains_registered_domain",
      "name": "unshieldedhollow",
      "provider": "provider[\"registry.terraform.io/hashicorp/aws\"]",
      "instances": [
        {
          "schema_version": 0,
          "attributes": {
            "abuse_contact_email": "trustandsafety@support.aws.com",
            "abuse_contact_phone": "+1.2024422253",
            "admin_contact": [
              {
                "address_line_1": "37 cottage street apt 2D",
                "address_line_2": "",
                "city": "Troy",
                "contact_type": "PERSON",
                "country_code": "US",
                "email": "pauljackson518@yahoo.com",
                "extra_params": {},
                "fax": "",
                "first_name": "Paul",
                "last_name": "Samuels",
                "organization_name": "",
                "phone_number": "+1.5188367748",
                "state": "NY",
                "zip_code": "12180"
              }
            ],
            "admin_privacy": true,
            "auto_renew": true,
            "billing_contact": [
              {
                "address_line_1": "37 cottage street apt 2D",
                "address_line_2": "",
                "city": "Troy",
                "contact_type": "PERSON",
                "country_code": "US",
                "email": "pauljackson518@yahoo.com",
                "extra_params": {},
                "fax": "",
                "first_name": "Paul",
                "last_name": "Samuels",
                "organization_name": "",
                "phone_number": "+1.5188367748",
                "state": "NY",
                "zip_code": "12180"
              }
            ],
            "billing_privacy": true,
            "creation_date": "2026-01-29T02:18:05Z",
            "domain_name": "armageddonlab.com",
            "expiration_date": "2027-01-29T02:18:05Z",
            "id": "armageddonlab.com",
            "name_server": [
              {
                "glue_ips": [],
                "name": "ns-1326.awsdns-37.org"
              },
              {
                "glue_ips": [],
                "name": "ns-1671.awsdns-16.co.uk"
              },
              {
                "glue_ips": [],
                "name": "ns-802.awsdns-36.net"
              },
              {
                "glue_ips": [],
                "name": "ns-98.awsdns-12.com"
              }
            ],
            "registrant_contact": [
              {
                "address_line_1": "37 cottage street apt 2D",
                "address_line_2": "",
                "city": "Troy",
                "contact_type": "PERSON",
                "country_code": "US",
                "email": "pauljackson518@yahoo.com",
                "extra_params": {},
                "fax": "",
                "first_name": "Paul",
                "last_name": "Samuels",
                "organization_name": "",
                "phone_number": "+1.5188367748",
                "state": "NY",
                "zip_code": "12180"
              }
            ],
            "registrant_privacy": true,
            "registrar_name": "Amazon Registrar, Inc.",
            "registrar_url": "http://registrar.amazon.com",
            "reseller": "",
            "status_list": [
              "clientDeleteProhibited",
              "clientTransferProhibited",
              "clientUpdateProhibited"
            ],
            "tags": {},
            "tags_all": {},
            "tech_contact": [
              {
                "address_line_1": "37 cottage street apt 2D",
                "address_line_2": "",
                "city": "Troy",
                "contact_type": "PERSON",
                "country_code": "US",
                "email": "pauljackson518@yahoo.com",
                "extra_params": {},
                "fax": "",
                "first_name": "Paul",
                "last_name": "Samuels",
                "organization_name": "",
                "phone_number": "+1.5188367748",
                "state": "NY",
                "zip_code": "12180"
              }
            ],
            "tech_privacy": true,
            "timeouts": null,
            "transfer_lock": true,
            "updated_date": "2026-01-29T02:28:20Z",
            "whois_server": "whois.registrar.amazon"
          },
          "sensitive_attributes": [],
          "identity_schema_version": 0,
          "private": "eyJlMmJmYjczMC1lY2FhLTExZTYtOGY4OC0zNDM2M2JjN2M0YzAiOnsiY3JlYXRlIjoxODAwMDAwMDAwMDAwLCJ1cGRhdGUiOjE4MDAwMDAwMDAwMDB9fQ==",
          "dependencies": [
            "aws_route53_zone.primary"
          ]
        }
      ]
    },
    {
      "mode": "managed",
      "type": "aws_route_table",
      "name": "Private",
      "provider": "provider[\"registry.terraform.io/hashicorp/aws\"]",
      "instances": [
        {
          "schema_version": 0,
          "attributes": {
            "arn": "arn:aws:ec2:sa-east-1:329327479095:route-table/rtb-03371ae820d0f319e",
            "id": "rtb-03371ae820d0f319e",
            "owner_id": "329327479095",
            "propagating_vgws": [],
            "region": "sa-east-1",
            "route": [
              {
                "carrier_gateway_id": "",
                "cidr_block": "10.200.0.0/16",
                "core_network_arn": "",
                "destination_prefix_list_id": "",
                "egress_only_gateway_id": "",
                "gateway_id": "local",
                "ipv6_cidr_block": "",
                "local_gateway_id": "",
                "nat_gateway_id": "",
                "network_interface_id": "",
                "transit_gateway_id": "",
                "vpc_endpoint_id": "",
                "vpc_peering_connection_id": ""
              }
            ],
            "tags": {
              "Name": "Private_Route"
            },
            "tags_all": {
              "Name": "Private_Route"
            },
            "timeouts": null,
            "vpc_id": "vpc-0c4fe5adffb914b12"
          },
          "sensitive_attributes": [],
          "identity_schema_version": 0,
          "identity": {
            "account_id": "329327479095",
            "id": "rtb-03371ae820d0f319e",
            "region": "sa-east-1"
          },
          "private": "eyJlMmJmYjczMC1lY2FhLTExZTYtOGY4OC0zNDM2M2JjN2M0YzAiOnsiY3JlYXRlIjozMDAwMDAwMDAwMDAsImRlbGV0ZSI6MzAwMDAwMDAwMDAwLCJ1cGRhdGUiOjEyMDAwMDAwMDAwMH19",
          "dependencies": [
            "aws_vpc.Star"
          ]
        }
      ]
    },
    {
      "mode": "managed",
      "type": "aws_route_table",
      "name": "Public",
      "provider": "provider[\"registry.terraform.io/hashicorp/aws\"]",
      "instances": [
        {
          "schema_version": 0,
          "attributes": {
            "arn": "arn:aws:ec2:sa-east-1:329327479095:route-table/rtb-01b48a3c71b618275",
            "id": "rtb-01b48a3c71b618275",
            "owner_id": "329327479095",
            "propagating_vgws": [],
            "region": "sa-east-1",
            "route": [
              {
                "carrier_gateway_id": "",
                "cidr_block": "0.0.0.0/0",
                "core_network_arn": "",
                "destination_prefix_list_id": "",
                "egress_only_gateway_id": "",
                "gateway_id": "igw-07dfd0856b8dfabe1",
                "ipv6_cidr_block": "",
                "local_gateway_id": "",
                "nat_gateway_id": "",
                "network_interface_id": "",
                "transit_gateway_id": "",
                "vpc_endpoint_id": "",
                "vpc_peering_connection_id": ""
              }
            ],
            "tags": {
              "Name": "Public_Route"
            },
            "tags_all": {
              "Name": "Public_Route"
            },
            "timeouts": null,
            "vpc_id": "vpc-0c4fe5adffb914b12"
          },
          "sensitive_attributes": [],
          "identity_schema_version": 0,
          "identity": {
            "account_id": "329327479095",
            "id": "rtb-01b48a3c71b618275",
            "region": "sa-east-1"
          },
          "private": "eyJlMmJmYjczMC1lY2FhLTExZTYtOGY4OC0zNDM2M2JjN2M0YzAiOnsiY3JlYXRlIjozMDAwMDAwMDAwMDAsImRlbGV0ZSI6MzAwMDAwMDAwMDAwLCJ1cGRhdGUiOjEyMDAwMDAwMDAwMH19",
          "dependencies": [
            "aws_internet_gateway.internet",
            "aws_vpc.Star"
          ]
        }
      ]
    },
    {
      "mode": "managed",
      "type": "aws_route_table_association",
      "name": "Known",
      "provider": "provider[\"registry.terraform.io/hashicorp/aws\"]",
      "instances": [
        {
          "index_key": "dos",
          "schema_version": 0,
          "attributes": {
            "gateway_id": "",
            "id": "rtbassoc-0452108e6399fa87e",
            "region": "sa-east-1",
            "route_table_id": "rtb-01b48a3c71b618275",
            "subnet_id": "subnet-069165f193a8d36b9",
            "timeouts": null
          },
          "sensitive_attributes": [],
          "identity_schema_version": 0,
          "private": "eyJlMmJmYjczMC1lY2FhLTExZTYtOGY4OC0zNDM2M2JjN2M0YzAiOnsiY3JlYXRlIjozMDAwMDAwMDAwMDAsImRlbGV0ZSI6MzAwMDAwMDAwMDAwLCJ1cGRhdGUiOjEyMDAwMDAwMDAwMH19",
          "dependencies": [
            "aws_internet_gateway.internet",
            "aws_route_table.Public",
            "aws_subnet.Star_Public_AZ1",
            "aws_subnet.Star_Public_AZ2",
            "aws_vpc.Star",
            "data.aws_availability_zones.available"
          ]
        },
        {
          "index_key": "uno",
          "schema_version": 0,
          "attributes": {
            "gateway_id": "",
            "id": "rtbassoc-080c2d878e2ef9f9d",
            "region": "sa-east-1",
            "route_table_id": "rtb-01b48a3c71b618275",
            "subnet_id": "subnet-04d89754bf4c5d01c",
            "timeouts": null
          },
          "sensitive_attributes": [],
          "identity_schema_version": 0,
          "private": "eyJlMmJmYjczMC1lY2FhLTExZTYtOGY4OC0zNDM2M2JjN2M0YzAiOnsiY3JlYXRlIjozMDAwMDAwMDAwMDAsImRlbGV0ZSI6MzAwMDAwMDAwMDAwLCJ1cGRhdGUiOjEyMDAwMDAwMDAwMH19",
          "dependencies": [
            "aws_internet_gateway.internet",
            "aws_route_table.Public",
            "aws_subnet.Star_Public_AZ1",
            "aws_subnet.Star_Public_AZ2",
            "aws_vpc.Star",
            "data.aws_availability_zones.available"
          ]
        }
      ]
    },
    {
      "mode": "managed",
      "type": "aws_route_table_association",
      "name": "Secret",
      "provider": "provider[\"registry.terraform.io/hashicorp/aws\"]",
      "instances": [
        {
          "index_key": "dos",
          "schema_version": 0,
          "attributes": {
            "gateway_id": "",
            "id": "rtbassoc-001e31d8e4df46ba6",
            "region": "sa-east-1",
            "route_table_id": "rtb-03371ae820d0f319e",
            "subnet_id": "subnet-033dc43cc6a544000",
            "timeouts": null
          },
          "sensitive_attributes": [],
          "identity_schema_version": 0,
          "private": "eyJlMmJmYjczMC1lY2FhLTExZTYtOGY4OC0zNDM2M2JjN2M0YzAiOnsiY3JlYXRlIjozMDAwMDAwMDAwMDAsImRlbGV0ZSI6MzAwMDAwMDAwMDAwLCJ1cGRhdGUiOjEyMDAwMDAwMDAwMH19",
          "dependencies": [
            "aws_route_table.Private",
            "aws_subnet.Star_Private_AZ1",
            "aws_subnet.Star_Private_AZ2",
            "aws_vpc.Star",
            "data.aws_availability_zones.available"
          ]
        },
        {
          "index_key": "uno",
          "schema_version": 0,
          "attributes": {
            "gateway_id": "",
            "id": "rtbassoc-0e14017215113b6ad",
            "region": "sa-east-1",
            "route_table_id": "rtb-03371ae820d0f319e",
            "subnet_id": "subnet-0e35a805660b28407",
            "timeouts": null
          },
          "sensitive_attributes": [],
          "identity_schema_version": 0,
          "private": "eyJlMmJmYjczMC1lY2FhLTExZTYtOGY4OC0zNDM2M2JjN2M0YzAiOnsiY3JlYXRlIjozMDAwMDAwMDAwMDAsImRlbGV0ZSI6MzAwMDAwMDAwMDAwLCJ1cGRhdGUiOjEyMDAwMDAwMDAwMH19",
          "dependencies": [
            "aws_route_table.Private",
            "aws_subnet.Star_Private_AZ1",
            "aws_subnet.Star_Private_AZ2",
            "aws_vpc.Star",
            "data.aws_availability_zones.available"
          ]
        }
      ]
    },
    {
      "mode": "managed",
      "type": "aws_s3_bucket",
      "name": "spire",
      "provider": "provider[\"registry.terraform.io/hashicorp/aws\"]",
      "instances": [
        {
          "schema_version": 0,
          "attributes": {
            "acceleration_status": "",
            "acl": null,
            "arn": "arn:aws:s3:::aws-alb-logs-sa-east-1-star1-329327479095",
            "bucket": "aws-alb-logs-sa-east-1-star1-329327479095",
            "bucket_domain_name": "aws-alb-logs-sa-east-1-star1-329327479095.s3.amazonaws.com",
            "bucket_prefix": "",
            "bucket_region": "sa-east-1",
            "bucket_regional_domain_name": "aws-alb-logs-sa-east-1-star1-329327479095.s3.sa-east-1.amazonaws.com",
            "cors_rule": [],
            "force_destroy": true,
            "grant": [
              {
                "id": "0ff711bf83c2167e04864cb4329ae419391aa10b8724e7d367ecef95a05c43db",
                "permissions": [
                  "FULL_CONTROL"
                ],
                "type": "CanonicalUser",
                "uri": ""
              }
            ],
            "hosted_zone_id": "Z7KQH4QJS55SO",
            "id": "aws-alb-logs-sa-east-1-star1-329327479095",
            "lifecycle_rule": [],
            "logging": [],
            "object_lock_configuration": [],
            "object_lock_enabled": false,
            "policy": "{\"Statement\":[{\"Action\":\"s3:*\",\"Condition\":{\"Bool\":{\"aws:SecureTransport\":\"false\"}},\"Effect\":\"Deny\",\"Principal\":\"*\",\"Resource\":[\"arn:aws:s3:::aws-alb-logs-sa-east-1-star1-329327479095\",\"arn:aws:s3:::aws-alb-logs-sa-east-1-star1-329327479095/*\"],\"Sid\":\"DenyInsecureTransport\"},{\"Action\":\"s3:PutObject\",\"Effect\":\"Allow\",\"Principal\":{\"AWS\":\"arn:aws:iam::507241528517:root\"},\"Resource\":\"arn:aws:s3:::aws-alb-logs-sa-east-1-star1-329327479095/alb/AWSLogs/329327479095/*\",\"Sid\":\"AllowELBLogDelivery\"},{\"Action\":\"s3:PutObject\",\"Effect\":\"Allow\",\"Principal\":{\"Service\":\"elasticloadbalancing.amazonaws.com\"},\"Resource\":\"arn:aws:s3:::aws-alb-logs-sa-east-1-star1-329327479095/alb/AWSLogs/329327479095/*\",\"Sid\":\"AllowELBPutObject\"}],\"Version\":\"2012-10-17\"}",
            "region": "sa-east-1",
            "replication_configuration": [],
            "request_payer": "BucketOwner",
            "server_side_encryption_configuration": [
              {
                "rule": [
                  {
                    "apply_server_side_encryption_by_default": [
                      {
                        "kms_master_key_id": "",
                        "sse_algorithm": "AES256"
                      }
                    ],
                    "bucket_key_enabled": false
                  }
                ]
              }
            ],
            "tags": {
              "Environment": "Dev",
              "Name": "My bucket"
            },
            "tags_all": {
              "Environment": "Dev",
              "Name": "My bucket"
            },
            "timeouts": null,
            "versioning": [
              {
                "enabled": false,
                "mfa_delete": false
              }
            ],
            "website": [],
            "website_domain": null,
            "website_endpoint": null
          },
          "sensitive_attributes": [],
          "identity_schema_version": 0,
          "identity": {
            "account_id": "329327479095",
            "bucket": "aws-alb-logs-sa-east-1-star1-329327479095",
            "region": "sa-east-1"
          },
          "private": "eyJlMmJmYjczMC1lY2FhLTExZTYtOGY4OC0zNDM2M2JjN2M0YzAiOnsiY3JlYXRlIjoxMjAwMDAwMDAwMDAwLCJkZWxldGUiOjM2MDAwMDAwMDAwMDAsInJlYWQiOjEyMDAwMDAwMDAwMDAsInVwZGF0ZSI6MTIwMDAwMDAwMDAwMH19",
          "dependencies": [
            "aws_vpc.Star",
            "data.aws_caller_identity.current",
            "data.aws_region.current"
          ]
        }
      ]
    },
    {
      "mode": "managed",
      "type": "aws_s3_bucket",
      "name": "star_firehouse_waf_log",
      "provider": "provider[\"registry.terraform.io/hashicorp/aws\"]",
      "instances": [
        {
          "index_key": 0,
          "schema_version": 0,
          "attributes": {
            "acceleration_status": "",
            "acl": null,
            "arn": "arn:aws:s3:::sa-east-1-star1-waf-firehose-dest-329327479095",
            "bucket": "sa-east-1-star1-waf-firehose-dest-329327479095",
            "bucket_domain_name": "sa-east-1-star1-waf-firehose-dest-329327479095.s3.amazonaws.com",
            "bucket_prefix": "",
            "bucket_region": "sa-east-1",
            "bucket_regional_domain_name": "sa-east-1-star1-waf-firehose-dest-329327479095.s3.sa-east-1.amazonaws.com",
            "cors_rule": [],
            "force_destroy": true,
            "grant": [
              {
                "id": "0ff711bf83c2167e04864cb4329ae419391aa10b8724e7d367ecef95a05c43db",
                "permissions": [
                  "FULL_CONTROL"
                ],
                "type": "CanonicalUser",
                "uri": ""
              }
            ],
            "hosted_zone_id": "Z7KQH4QJS55SO",
            "id": "sa-east-1-star1-waf-firehose-dest-329327479095",
            "lifecycle_rule": [],
            "logging": [],
            "object_lock_configuration": [],
            "object_lock_enabled": false,
            "policy": "",
            "region": "sa-east-1",
            "replication_configuration": [],
            "request_payer": "BucketOwner",
            "server_side_encryption_configuration": [
              {
                "rule": [
                  {
                    "apply_server_side_encryption_by_default": [
                      {
                        "kms_master_key_id": "",
                        "sse_algorithm": "AES256"
                      }
                    ],
                    "bucket_key_enabled": false
                  }
                ]
              }
            ],
            "tags": {
              "Name": "star1-waf-firehose-dest-bucket01"
            },
            "tags_all": {
              "Name": "star1-waf-firehose-dest-bucket01"
            },
            "timeouts": null,
            "versioning": [
              {
                "enabled": false,
                "mfa_delete": false
              }
            ],
            "website": [],
            "website_domain": null,
            "website_endpoint": null
          },
          "sensitive_attributes": [],
          "identity_schema_version": 0,
          "identity": {
            "account_id": "329327479095",
            "bucket": "sa-east-1-star1-waf-firehose-dest-329327479095",
            "region": "sa-east-1"
          },
          "private": "eyJlMmJmYjczMC1lY2FhLTExZTYtOGY4OC0zNDM2M2JjN2M0YzAiOnsiY3JlYXRlIjoxMjAwMDAwMDAwMDAwLCJkZWxldGUiOjM2MDAwMDAwMDAwMDAsInJlYWQiOjEyMDAwMDAwMDAwMDAsInVwZGF0ZSI6MTIwMDAwMDAwMDAwMH19",
          "dependencies": [
            "aws_vpc.Star",
            "data.aws_caller_identity.current",
            "data.aws_region.current"
          ]
        }
      ]
    },
    {
      "mode": "managed",
      "type": "aws_s3_bucket",
      "name": "star_waf_bucket_uno",
      "provider": "provider[\"registry.terraform.io/hashicorp/aws\"]",
      "instances": [
        {
          "index_key": 0,
          "schema_version": 0,
          "attributes": {
            "acceleration_status": "",
            "acl": null,
            "arn": "arn:aws:s3:::aws-waf-logs-sa-east-1-star1-329327479095",
            "bucket": "aws-waf-logs-sa-east-1-star1-329327479095",
            "bucket_domain_name": "aws-waf-logs-sa-east-1-star1-329327479095.s3.amazonaws.com",
            "bucket_prefix": "",
            "bucket_region": "sa-east-1",
            "bucket_regional_domain_name": "aws-waf-logs-sa-east-1-star1-329327479095.s3.sa-east-1.amazonaws.com",
            "cors_rule": [],
            "force_destroy": true,
            "grant": [
              {
                "id": "0ff711bf83c2167e04864cb4329ae419391aa10b8724e7d367ecef95a05c43db",
                "permissions": [
                  "FULL_CONTROL"
                ],
                "type": "CanonicalUser",
                "uri": ""
              }
            ],
            "hosted_zone_id": "Z7KQH4QJS55SO",
            "id": "aws-waf-logs-sa-east-1-star1-329327479095",
            "lifecycle_rule": [],
            "logging": [],
            "object_lock_configuration": [],
            "object_lock_enabled": false,
            "policy": "{\"Id\":\"AWSLogDeliveryWrite20150319\",\"Statement\":[{\"Action\":\"s3:PutObject\",\"Condition\":{\"ArnLike\":{\"aws:SourceArn\":\"arn:aws:logs:us-east-1:329327479095:*\"},\"StringEquals\":{\"aws:SourceAccount\":\"329327479095\",\"s3:x-amz-acl\":\"bucket-owner-full-control\"}},\"Effect\":\"Allow\",\"Principal\":{\"Service\":\"delivery.logs.amazonaws.com\"},\"Resource\":\"arn:aws:s3:::aws-waf-logs-sa-east-1-star1-329327479095/AWSLogs/329327479095/*\",\"Sid\":\"AWSLogDeliveryWrite1\"},{\"Action\":\"s3:GetBucketAcl\",\"Condition\":{\"ArnLike\":{\"aws:SourceArn\":\"arn:aws:logs:us-east-1:329327479095:*\"},\"StringEquals\":{\"aws:SourceAccount\":\"329327479095\"}},\"Effect\":\"Allow\",\"Principal\":{\"Service\":\"delivery.logs.amazonaws.com\"},\"Resource\":\"arn:aws:s3:::aws-waf-logs-sa-east-1-star1-329327479095\",\"Sid\":\"AWSLogDeliveryAclCheck1\"}],\"Version\":\"2012-10-17\"}",
            "region": "sa-east-1",
            "replication_configuration": [],
            "request_payer": "BucketOwner",
            "server_side_encryption_configuration": [
              {
                "rule": [
                  {
                    "apply_server_side_encryption_by_default": [
                      {
                        "kms_master_key_id": "",
                        "sse_algorithm": "AES256"
                      }
                    ],
                    "bucket_key_enabled": false
                  }
                ]
              }
            ],
            "tags": {
              "Name": "star1-waf-logs-bucket01"
            },
            "tags_all": {
              "Name": "star1-waf-logs-bucket01"
            },
            "timeouts": null,
            "versioning": [
              {
                "enabled": false,
                "mfa_delete": false
              }
            ],
            "website": [],
            "website_domain": null,
            "website_endpoint": null
          },
          "sensitive_attributes": [],
          "identity_schema_version": 0,
          "identity": {
            "account_id": "329327479095",
            "bucket": "aws-waf-logs-sa-east-1-star1-329327479095",
            "region": "sa-east-1"
          },
          "private": "eyJlMmJmYjczMC1lY2FhLTExZTYtOGY4OC0zNDM2M2JjN2M0YzAiOnsiY3JlYXRlIjoxMjAwMDAwMDAwMDAwLCJkZWxldGUiOjM2MDAwMDAwMDAwMDAsInJlYWQiOjEyMDAwMDAwMDAwMDAsInVwZGF0ZSI6MTIwMDAwMDAwMDAwMH19",
          "dependencies": [
            "aws_vpc.Star",
            "data.aws_caller_identity.current",
            "data.aws_region.current"
          ]
        }
      ]
    },
    {
      "mode": "managed",
      "type": "aws_s3_bucket_ownership_controls",
      "name": "alb_logs_owner01",
      "provider": "provider[\"registry.terraform.io/hashicorp/aws\"]",
      "instances": [
        {
          "index_key": 0,
          "schema_version": 0,
          "attributes": {
            "bucket": "aws-alb-logs-sa-east-1-star1-329327479095",
            "id": "aws-alb-logs-sa-east-1-star1-329327479095",
            "region": "sa-east-1",
            "rule": [
              {
                "object_ownership": "BucketOwnerPreferred"
              }
            ]
          },
          "sensitive_attributes": [],
          "identity_schema_version": 0,
          "identity": {
            "account_id": "329327479095",
            "bucket": "aws-alb-logs-sa-east-1-star1-329327479095",
            "region": "sa-east-1"
          },
          "private": "bnVsbA==",
          "dependencies": [
            "aws_s3_bucket.spire",
            "aws_vpc.Star",
            "data.aws_caller_identity.current",
            "data.aws_region.current"
          ]
        }
      ]
    },
    {
      "mode": "managed",
      "type": "aws_s3_bucket_policy",
      "name": "alb_logs_policy01",
      "provider": "provider[\"registry.terraform.io/hashicorp/aws\"]",
      "instances": [
        {
          "index_key": 0,
          "schema_version": 0,
          "attributes": {
            "bucket": "aws-alb-logs-sa-east-1-star1-329327479095",
            "id": "aws-alb-logs-sa-east-1-star1-329327479095",
            "policy": "{\"Statement\":[{\"Action\":\"s3:*\",\"Condition\":{\"Bool\":{\"aws:SecureTransport\":\"false\"}},\"Effect\":\"Deny\",\"Principal\":\"*\",\"Resource\":[\"arn:aws:s3:::aws-alb-logs-sa-east-1-star1-329327479095\",\"arn:aws:s3:::aws-alb-logs-sa-east-1-star1-329327479095/*\"],\"Sid\":\"DenyInsecureTransport\"},{\"Action\":\"s3:PutObject\",\"Effect\":\"Allow\",\"Principal\":{\"Service\":\"elasticloadbalancing.amazonaws.com\"},\"Resource\":\"arn:aws:s3:::aws-alb-logs-sa-east-1-star1-329327479095/alb/AWSLogs/329327479095/*\",\"Sid\":\"AllowELBPutObject\"}],\"Version\":\"2012-10-17\"}",
            "region": "sa-east-1"
          },
          "sensitive_attributes": [],
          "identity_schema_version": 0,
          "identity": {
            "account_id": "329327479095",
            "bucket": "aws-alb-logs-sa-east-1-star1-329327479095",
            "region": "sa-east-1"
          },
          "private": "bnVsbA==",
          "dependencies": [
            "aws_s3_bucket.spire",
            "aws_vpc.Star",
            "data.aws_caller_identity.current",
            "data.aws_region.current"
          ]
        }
      ]
    },
    {
      "mode": "managed",
      "type": "aws_s3_bucket_policy",
      "name": "lb_bucket_policy",
      "provider": "provider[\"registry.terraform.io/hashicorp/aws\"]",
      "instances": [
        {
          "schema_version": 0,
          "attributes": {
            "bucket": "aws-alb-logs-sa-east-1-star1-329327479095",
            "id": "aws-alb-logs-sa-east-1-star1-329327479095",
            "policy": "{\"Statement\":[{\"Action\":\"s3:*\",\"Condition\":{\"Bool\":{\"aws:SecureTransport\":\"false\"}},\"Effect\":\"Deny\",\"Principal\":\"*\",\"Resource\":[\"arn:aws:s3:::aws-alb-logs-sa-east-1-star1-329327479095\",\"arn:aws:s3:::aws-alb-logs-sa-east-1-star1-329327479095/*\"],\"Sid\":\"DenyInsecureTransport\"},{\"Action\":\"s3:PutObject\",\"Effect\":\"Allow\",\"Principal\":{\"AWS\":\"arn:aws:iam::507241528517:root\"},\"Resource\":\"arn:aws:s3:::aws-alb-logs-sa-east-1-star1-329327479095/alb/AWSLogs/329327479095/*\",\"Sid\":\"AllowELBLogDelivery\"},{\"Action\":\"s3:PutObject\",\"Effect\":\"Allow\",\"Principal\":{\"Service\":\"elasticloadbalancing.amazonaws.com\"},\"Resource\":\"arn:aws:s3:::aws-alb-logs-sa-east-1-star1-329327479095/alb/AWSLogs/329327479095/*\",\"Sid\":\"AllowELBPutObject\"}],\"Version\":\"2012-10-17\"}",
            "region": "sa-east-1"
          },
          "sensitive_attributes": [],
          "identity_schema_version": 0,
          "identity": {
            "account_id": "329327479095",
            "bucket": "aws-alb-logs-sa-east-1-star1-329327479095",
            "region": "sa-east-1"
          },
          "private": "bnVsbA==",
          "dependencies": [
            "aws_s3_bucket.spire",
            "aws_vpc.Star",
            "data.aws_caller_identity.current",
            "data.aws_elb_service_account.main",
            "data.aws_region.current"
          ]
        }
      ]
    },
    {
      "mode": "managed",
      "type": "aws_s3_bucket_public_access_block",
      "name": "chewbacca_alb_logs_pab01",
      "provider": "provider[\"registry.terraform.io/hashicorp/aws\"]",
      "instances": [
        {
          "index_key": 0,
          "schema_version": 0,
          "attributes": {
            "block_public_acls": true,
            "block_public_policy": true,
            "bucket": "aws-alb-logs-sa-east-1-star1-329327479095",
            "id": "aws-alb-logs-sa-east-1-star1-329327479095",
            "ignore_public_acls": true,
            "region": "sa-east-1",
            "restrict_public_buckets": true,
            "skip_destroy": null
          },
          "sensitive_attributes": [],
          "identity_schema_version": 0,
          "identity": {
            "account_id": "329327479095",
            "bucket": "aws-alb-logs-sa-east-1-star1-329327479095",
            "region": "sa-east-1"
          },
          "private": "bnVsbA==",
          "dependencies": [
            "aws_s3_bucket.spire",
            "aws_vpc.Star",
            "data.aws_caller_identity.current",
            "data.aws_region.current"
          ]
        }
      ]
    },
    {
      "mode": "managed",
      "type": "aws_s3_bucket_public_access_block",
      "name": "chewbacca_waf_logs_pab01",
      "provider": "provider[\"registry.terraform.io/hashicorp/aws\"]",
      "instances": [
        {
          "index_key": 0,
          "schema_version": 0,
          "attributes": {
            "block_public_acls": true,
            "block_public_policy": true,
            "bucket": "aws-waf-logs-sa-east-1-star1-329327479095",
            "id": "aws-waf-logs-sa-east-1-star1-329327479095",
            "ignore_public_acls": true,
            "region": "sa-east-1",
            "restrict_public_buckets": true,
            "skip_destroy": null
          },
          "sensitive_attributes": [],
          "identity_schema_version": 0,
          "identity": {
            "account_id": "329327479095",
            "bucket": "aws-waf-logs-sa-east-1-star1-329327479095",
            "region": "sa-east-1"
          },
          "private": "bnVsbA==",
          "dependencies": [
            "aws_s3_bucket.star_waf_bucket_uno",
            "aws_vpc.Star",
            "data.aws_caller_identity.current",
            "data.aws_region.current"
          ]
        }
      ]
    },
    {
      "mode": "managed",
      "type": "aws_secretsmanager_secret",
      "name": "origin_verify",
      "provider": "provider[\"registry.terraform.io/hashicorp/aws\"]",
      "instances": [
        {
          "index_key": 0,
          "schema_version": 0,
          "attributes": {
            "arn": "arn:aws:secretsmanager:sa-east-1:329327479095:secret:cloudfront/2lab/rds/mysqv12-cuwvtb",
            "description": "Secret header for CloudFront origin verification",
            "force_overwrite_replica_secret": false,
            "id": "arn:aws:secretsmanager:sa-east-1:329327479095:secret:cloudfront/2lab/rds/mysqv12-cuwvtb",
            "kms_key_id": "",
            "name": "cloudfront/2lab/rds/mysqv12",
            "name_prefix": "",
            "policy": "",
            "recovery_window_in_days": 7,
            "region": "sa-east-1",
            "replica": [],
            "tags": {},
            "tags_all": {}
          },
          "sensitive_attributes": [],
          "identity_schema_version": 0,
          "identity": {
            "arn": "arn:aws:secretsmanager:sa-east-1:329327479095:secret:cloudfront/2lab/rds/mysqv12-cuwvtb"
          },
          "private": "bnVsbA=="
        }
      ]
    },
    {
      "mode": "managed",
      "type": "aws_secretsmanager_secret_version",
      "name": "origin_verify",
      "provider": "provider[\"registry.terraform.io/hashicorp/aws\"]",
      "instances": [
        {
          "index_key": 0,
          "schema_version": 0,
          "attributes": {
            "arn": "arn:aws:secretsmanager:sa-east-1:329327479095:secret:cloudfront/2lab/rds/mysqv12-cuwvtb",
            "has_secret_string_wo": null,
            "id": "arn:aws:secretsmanager:sa-east-1:329327479095:secret:cloudfront/2lab/rds/mysqv12-cuwvtb|terraform-20260209030022734100000002",
            "region": "sa-east-1",
            "secret_binary": "",
            "secret_id": "arn:aws:secretsmanager:sa-east-1:329327479095:secret:cloudfront/2lab/rds/mysqv12-cuwvtb",
            "secret_string": "aMDvr8G00AxaOL0aqokUpJjsGZPdYfFb",
            "secret_string_wo": null,
            "secret_string_wo_version": null,
            "version_id": "terraform-20260209030022734100000002",
            "version_stages": [
              "AWSCURRENT"
            ]
          },
          "sensitive_attributes": [
            [
              {
                "type": "get_attr",
                "value": "secret_binary"
              }
            ],
            [
              {
                "type": "get_attr",
                "value": "secret_string"
              }
            ],
            [
              {
                "type": "get_attr",
                "value": "secret_string_wo"
              }
            ]
          ],
          "identity_schema_version": 0,
          "identity": {
            "account_id": "329327479095",
            "region": "sa-east-1",
            "secret_id": "arn:aws:secretsmanager:sa-east-1:329327479095:secret:cloudfront/2lab/rds/mysqv12-cuwvtb",
            "version_id": "terraform-20260209030022734100000002"
          },
          "private": "bnVsbA==",
          "dependencies": [
            "aws_secretsmanager_secret.origin_verify",
            "random_password.origin_header_secret"
          ]
        }
      ]
    },
    {
      "mode": "managed",
      "type": "aws_security_group",
      "name": "ALB",
      "provider": "provider[\"registry.terraform.io/hashicorp/aws\"]",
      "instances": [
        {
          "schema_version": 1,
          "attributes": {
            "arn": "arn:aws:ec2:sa-east-1:329327479095:security-group/sg-0674e69c8a590de9d",
            "description": "Allow TLS inbound traffic on HTTPS all outbound traffic",
            "egress": [
              {
                "cidr_blocks": [
                  "0.0.0.0/0"
                ],
                "description": "",
                "from_port": 0,
                "ipv6_cidr_blocks": [],
                "prefix_list_ids": [],
                "protocol": "-1",
                "security_groups": [],
                "self": false,
                "to_port": 0
              }
            ],
            "id": "sg-0674e69c8a590de9d",
            "ingress": [
              {
                "cidr_blocks": [],
                "description": "Allow HTTPS from CloudFront only",
                "from_port": 443,
                "ipv6_cidr_blocks": [],
                "prefix_list_ids": [
                  "pl-5da64334"
                ],
                "protocol": "tcp",
                "security_groups": [],
                "self": false,
                "to_port": 443
              }
            ],
            "name": "ALB",
            "name_prefix": "",
            "owner_id": "329327479095",
            "region": "sa-east-1",
            "revoke_rules_on_delete": false,
            "tags": {
              "Name": "EC2_SG"
            },
            "tags_all": {
              "Name": "EC2_SG"
            },
            "timeouts": null,
            "vpc_id": "vpc-0c4fe5adffb914b12"
          },
          "sensitive_attributes": [],
          "identity_schema_version": 0,
          "identity": {
            "account_id": "329327479095",
            "id": "sg-0674e69c8a590de9d",
            "region": "sa-east-1"
          },
          "private": "eyJlMmJmYjczMC1lY2FhLTExZTYtOGY4OC0zNDM2M2JjN2M0YzAiOnsiY3JlYXRlIjo2MDAwMDAwMDAwMDAsImRlbGV0ZSI6OTAwMDAwMDAwMDAwfSwic2NoZW1hX3ZlcnNpb24iOiIxIn0=",
          "dependencies": [
            "aws_vpc.Star"
          ]
        }
      ]
    },
    {
      "mode": "managed",
      "type": "aws_security_group",
      "name": "EC2_SG",
      "provider": "provider[\"registry.terraform.io/hashicorp/aws\"]",
      "instances": [
        {
          "schema_version": 1,
          "attributes": {
            "arn": "arn:aws:ec2:sa-east-1:329327479095:security-group/sg-0eb024dd1c8072b94",
            "description": "Allow TLS inbound traffic on HTTP and RDP and all outbound traffic",
            "egress": [
              {
                "cidr_blocks": [
                  "0.0.0.0/0"
                ],
                "description": "",
                "from_port": 0,
                "ipv6_cidr_blocks": [],
                "prefix_list_ids": [],
                "protocol": "-1",
                "security_groups": [],
                "self": false,
                "to_port": 0
              }
            ],
            "id": "sg-0eb024dd1c8072b94",
            "ingress": [
              {
                "cidr_blocks": [
                  "0.0.0.0/0"
                ],
                "description": "",
                "from_port": 3306,
                "ipv6_cidr_blocks": [],
                "prefix_list_ids": [],
                "protocol": "tcp",
                "security_groups": [],
                "self": false,
                "to_port": 3306
              },
              {
                "cidr_blocks": [
                  "0.0.0.0/0"
                ],
                "description": "",
                "from_port": 443,
                "ipv6_cidr_blocks": [],
                "prefix_list_ids": [],
                "protocol": "tcp",
                "security_groups": [],
                "self": false,
                "to_port": 443
              },
              {
                "cidr_blocks": [
                  "0.0.0.0/0"
                ],
                "description": "",
                "from_port": 80,
                "ipv6_cidr_blocks": [],
                "prefix_list_ids": [],
                "protocol": "tcp",
                "security_groups": [],
                "self": false,
                "to_port": 80
              }
            ],
            "name": "EC2_SG",
            "name_prefix": "",
            "owner_id": "329327479095",
            "region": "sa-east-1",
            "revoke_rules_on_delete": false,
            "tags": {
              "Name": "EC2_SG"
            },
            "tags_all": {
              "Name": "EC2_SG"
            },
            "timeouts": null,
            "vpc_id": "vpc-0c4fe5adffb914b12"
          },
          "sensitive_attributes": [],
          "identity_schema_version": 0,
          "identity": {
            "account_id": "329327479095",
            "id": "sg-0eb024dd1c8072b94",
            "region": "sa-east-1"
          },
          "private": "eyJlMmJmYjczMC1lY2FhLTExZTYtOGY4OC0zNDM2M2JjN2M0YzAiOnsiY3JlYXRlIjo2MDAwMDAwMDAwMDAsImRlbGV0ZSI6OTAwMDAwMDAwMDAwfSwic2NoZW1hX3ZlcnNpb24iOiIxIn0=",
          "dependencies": [
            "aws_vpc.Star"
          ]
        }
      ]
    },
    {
      "mode": "managed",
      "type": "aws_security_group",
      "name": "Endpoint_SG",
      "provider": "provider[\"registry.terraform.io/hashicorp/aws\"]",
      "instances": [
        {
          "schema_version": 1,
          "attributes": {
            "arn": "arn:aws:ec2:sa-east-1:329327479095:security-group/sg-0af3855e34178860f",
            "description": "Endpoints traffic from 80,443",
            "egress": [
              {
                "cidr_blocks": [
                  "0.0.0.0/0"
                ],
                "description": "",
                "from_port": 0,
                "ipv6_cidr_blocks": [],
                "prefix_list_ids": [],
                "protocol": "-1",
                "security_groups": [],
                "self": false,
                "to_port": 0
              }
            ],
            "id": "sg-0af3855e34178860f",
            "ingress": [
              {
                "cidr_blocks": [
                  "0.0.0.0/0"
                ],
                "description": "",
                "from_port": 443,
                "ipv6_cidr_blocks": [],
                "prefix_list_ids": [],
                "protocol": "tcp",
                "security_groups": [],
                "self": false,
                "to_port": 443
              },
              {
                "cidr_blocks": [
                  "0.0.0.0/0"
                ],
                "description": "",
                "from_port": 80,
                "ipv6_cidr_blocks": [],
                "prefix_list_ids": [],
                "protocol": "tcp",
                "security_groups": [],
                "self": false,
                "to_port": 80
              }
            ],
            "name": "Endpoint_SG",
            "name_prefix": "",
            "owner_id": "329327479095",
            "region": "sa-east-1",
            "revoke_rules_on_delete": false,
            "tags": {
              "Name": "Endpoint_SG"
            },
            "tags_all": {
              "Name": "Endpoint_SG"
            },
            "timeouts": null,
            "vpc_id": "vpc-0c4fe5adffb914b12"
          },
          "sensitive_attributes": [],
          "identity_schema_version": 0,
          "identity": {
            "account_id": "329327479095",
            "id": "sg-0af3855e34178860f",
            "region": "sa-east-1"
          },
          "private": "eyJlMmJmYjczMC1lY2FhLTExZTYtOGY4OC0zNDM2M2JjN2M0YzAiOnsiY3JlYXRlIjo2MDAwMDAwMDAwMDAsImRlbGV0ZSI6OTAwMDAwMDAwMDAwfSwic2NoZW1hX3ZlcnNpb24iOiIxIn0=",
          "dependencies": [
            "aws_vpc.Star"
          ]
        }
      ]
    },
    {
      "mode": "managed",
      "type": "aws_sns_topic",
      "name": "health_check_topic",
      "provider": "provider[\"registry.terraform.io/hashicorp/aws\"]",
      "instances": [
        {
          "schema_version": 0,
          "attributes": {
            "application_failure_feedback_role_arn": "",
            "application_success_feedback_role_arn": "",
            "application_success_feedback_sample_rate": 0,
            "archive_policy": "",
            "arn": "arn:aws:sns:sa-east-1:329327479095:ServiceHealthCheckTopic",
            "beginning_archive_time": "",
            "content_based_deduplication": false,
            "delivery_policy": "",
            "display_name": "",
            "fifo_throughput_scope": "",
            "fifo_topic": false,
            "firehose_failure_feedback_role_arn": "",
            "firehose_success_feedback_role_arn": "",
            "firehose_success_feedback_sample_rate": 0,
            "http_failure_feedback_role_arn": "",
            "http_success_feedback_role_arn": "",
            "http_success_feedback_sample_rate": 0,
            "id": "arn:aws:sns:sa-east-1:329327479095:ServiceHealthCheckTopic",
            "kms_master_key_id": "",
            "lambda_failure_feedback_role_arn": "",
            "lambda_success_feedback_role_arn": "",
            "lambda_success_feedback_sample_rate": 0,
            "name": "ServiceHealthCheckTopic",
            "name_prefix": "",
            "owner": "329327479095",
            "policy": "{\"Id\":\"__default_policy_ID\",\"Statement\":[{\"Action\":[\"SNS:GetTopicAttributes\",\"SNS:SetTopicAttributes\",\"SNS:AddPermission\",\"SNS:RemovePermission\",\"SNS:DeleteTopic\",\"SNS:Subscribe\",\"SNS:ListSubscriptionsByTopic\",\"SNS:Publish\"],\"Condition\":{\"StringEquals\":{\"AWS:SourceOwner\":\"329327479095\"}},\"Effect\":\"Allow\",\"Principal\":{\"AWS\":\"*\"},\"Resource\":\"arn:aws:sns:sa-east-1:329327479095:ServiceHealthCheckTopic\",\"Sid\":\"__default_statement_ID\"}],\"Version\":\"2008-10-17\"}",
            "region": "sa-east-1",
            "signature_version": 0,
            "sqs_failure_feedback_role_arn": "",
            "sqs_success_feedback_role_arn": "",
            "sqs_success_feedback_sample_rate": 0,
            "tags": {},
            "tags_all": {},
            "tracing_config": ""
          },
          "sensitive_attributes": [],
          "identity_schema_version": 0,
          "identity": {
            "arn": "arn:aws:sns:sa-east-1:329327479095:ServiceHealthCheckTopic"
          },
          "private": "bnVsbA=="
        }
      ]
    },
    {
      "mode": "managed",
      "type": "aws_sns_topic_subscription",
      "name": "email_subscription",
      "provider": "provider[\"registry.terraform.io/hashicorp/aws\"]",
      "instances": [
        {
          "schema_version": 0,
          "attributes": {
            "arn": "arn:aws:sns:sa-east-1:329327479095:ServiceHealthCheckTopic:7b683346-e07c-4bbd-9f8c-ad67eb1b39c4",
            "confirmation_timeout_in_minutes": 1,
            "confirmation_was_authenticated": false,
            "delivery_policy": "",
            "endpoint": "pauljacksonn596@gmail.com",
            "endpoint_auto_confirms": false,
            "filter_policy": "",
            "filter_policy_scope": "",
            "id": "arn:aws:sns:sa-east-1:329327479095:ServiceHealthCheckTopic:7b683346-e07c-4bbd-9f8c-ad67eb1b39c4",
            "owner_id": "329327479095",
            "pending_confirmation": true,
            "protocol": "email",
            "raw_message_delivery": false,
            "redrive_policy": "",
            "region": "sa-east-1",
            "replay_policy": "",
            "subscription_role_arn": "",
            "topic_arn": "arn:aws:sns:sa-east-1:329327479095:ServiceHealthCheckTopic"
          },
          "sensitive_attributes": [],
          "identity_schema_version": 0,
          "identity": {
            "arn": "arn:aws:sns:sa-east-1:329327479095:ServiceHealthCheckTopic:7b683346-e07c-4bbd-9f8c-ad67eb1b39c4"
          },
          "private": "bnVsbA==",
          "dependencies": [
            "aws_sns_topic.health_check_topic"
          ]
        }
      ]
    },
    {
      "mode": "managed",
      "type": "aws_subnet",
      "name": "Star_Private_AZ1",
      "provider": "provider[\"registry.terraform.io/hashicorp/aws\"]",
      "instances": [
        {
          "schema_version": 1,
          "attributes": {
            "arn": "arn:aws:ec2:sa-east-1:329327479095:subnet/subnet-0e35a805660b28407",
            "assign_ipv6_address_on_creation": false,
            "availability_zone": "sa-east-1a",
            "availability_zone_id": "sae1-az1",
            "cidr_block": "10.200.11.0/24",
            "customer_owned_ipv4_pool": "",
            "enable_dns64": false,
            "enable_lni_at_device_index": 0,
            "enable_resource_name_dns_a_record_on_launch": false,
            "enable_resource_name_dns_aaaa_record_on_launch": false,
            "id": "subnet-0e35a805660b28407",
            "ipv6_cidr_block": "",
            "ipv6_cidr_block_association_id": "",
            "ipv6_native": false,
            "map_customer_owned_ip_on_launch": false,
            "map_public_ip_on_launch": false,
            "outpost_arn": "",
            "owner_id": "329327479095",
            "private_dns_hostname_type_on_launch": "ip-name",
            "region": "sa-east-1",
            "tags": {
              "Name": "Star_Private_AZ1"
            },
            "tags_all": {
              "Name": "Star_Private_AZ1"
            },
            "timeouts": null,
            "vpc_id": "vpc-0c4fe5adffb914b12"
          },
          "sensitive_attributes": [],
          "identity_schema_version": 0,
          "identity": {
            "account_id": "329327479095",
            "id": "subnet-0e35a805660b28407",
            "region": "sa-east-1"
          },
          "private": "eyJlMmJmYjczMC1lY2FhLTExZTYtOGY4OC0zNDM2M2JjN2M0YzAiOnsiY3JlYXRlIjo2MDAwMDAwMDAwMDAsImRlbGV0ZSI6MTIwMDAwMDAwMDAwMH0sInNjaGVtYV92ZXJzaW9uIjoiMSJ9",
          "dependencies": [
            "aws_vpc.Star",
            "data.aws_availability_zones.available"
          ]
        }
      ]
    },
    {
      "mode": "managed",
      "type": "aws_subnet",
      "name": "Star_Private_AZ2",
      "provider": "provider[\"registry.terraform.io/hashicorp/aws\"]",
      "instances": [
        {
          "schema_version": 1,
          "attributes": {
            "arn": "arn:aws:ec2:sa-east-1:329327479095:subnet/subnet-033dc43cc6a544000",
            "assign_ipv6_address_on_creation": false,
            "availability_zone": "sa-east-1b",
            "availability_zone_id": "sae1-az2",
            "cidr_block": "10.200.12.0/24",
            "customer_owned_ipv4_pool": "",
            "enable_dns64": false,
            "enable_lni_at_device_index": 0,
            "enable_resource_name_dns_a_record_on_launch": false,
            "enable_resource_name_dns_aaaa_record_on_launch": false,
            "id": "subnet-033dc43cc6a544000",
            "ipv6_cidr_block": "",
            "ipv6_cidr_block_association_id": "",
            "ipv6_native": false,
            "map_customer_owned_ip_on_launch": false,
            "map_public_ip_on_launch": false,
            "outpost_arn": "",
            "owner_id": "329327479095",
            "private_dns_hostname_type_on_launch": "ip-name",
            "region": "sa-east-1",
            "tags": {
              "Name": "Star_Private_AZ2"
            },
            "tags_all": {
              "Name": "Star_Private_AZ2"
            },
            "timeouts": null,
            "vpc_id": "vpc-0c4fe5adffb914b12"
          },
          "sensitive_attributes": [],
          "identity_schema_version": 0,
          "identity": {
            "account_id": "329327479095",
            "id": "subnet-033dc43cc6a544000",
            "region": "sa-east-1"
          },
          "private": "eyJlMmJmYjczMC1lY2FhLTExZTYtOGY4OC0zNDM2M2JjN2M0YzAiOnsiY3JlYXRlIjo2MDAwMDAwMDAwMDAsImRlbGV0ZSI6MTIwMDAwMDAwMDAwMH0sInNjaGVtYV92ZXJzaW9uIjoiMSJ9",
          "dependencies": [
            "aws_vpc.Star",
            "data.aws_availability_zones.available"
          ]
        }
      ]
    },
    {
      "mode": "managed",
      "type": "aws_subnet",
      "name": "Star_Public_AZ1",
      "provider": "provider[\"registry.terraform.io/hashicorp/aws\"]",
      "instances": [
        {
          "schema_version": 1,
          "attributes": {
            "arn": "arn:aws:ec2:sa-east-1:329327479095:subnet/subnet-04d89754bf4c5d01c",
            "assign_ipv6_address_on_creation": false,
            "availability_zone": "sa-east-1a",
            "availability_zone_id": "sae1-az1",
            "cidr_block": "10.200.1.0/24",
            "customer_owned_ipv4_pool": "",
            "enable_dns64": false,
            "enable_lni_at_device_index": 0,
            "enable_resource_name_dns_a_record_on_launch": false,
            "enable_resource_name_dns_aaaa_record_on_launch": false,
            "id": "subnet-04d89754bf4c5d01c",
            "ipv6_cidr_block": "",
            "ipv6_cidr_block_association_id": "",
            "ipv6_native": false,
            "map_customer_owned_ip_on_launch": false,
            "map_public_ip_on_launch": true,
            "outpost_arn": "",
            "owner_id": "329327479095",
            "private_dns_hostname_type_on_launch": "ip-name",
            "region": "sa-east-1",
            "tags": {
              "Name": "Star_Public_AZ1"
            },
            "tags_all": {
              "Name": "Star_Public_AZ1"
            },
            "timeouts": null,
            "vpc_id": "vpc-0c4fe5adffb914b12"
          },
          "sensitive_attributes": [],
          "identity_schema_version": 0,
          "identity": {
            "account_id": "329327479095",
            "id": "subnet-04d89754bf4c5d01c",
            "region": "sa-east-1"
          },
          "private": "eyJlMmJmYjczMC1lY2FhLTExZTYtOGY4OC0zNDM2M2JjN2M0YzAiOnsiY3JlYXRlIjo2MDAwMDAwMDAwMDAsImRlbGV0ZSI6MTIwMDAwMDAwMDAwMH0sInNjaGVtYV92ZXJzaW9uIjoiMSJ9",
          "dependencies": [
            "aws_vpc.Star",
            "data.aws_availability_zones.available"
          ]
        }
      ]
    },
    {
      "mode": "managed",
      "type": "aws_subnet",
      "name": "Star_Public_AZ2",
      "provider": "provider[\"registry.terraform.io/hashicorp/aws\"]",
      "instances": [
        {
          "schema_version": 1,
          "attributes": {
            "arn": "arn:aws:ec2:sa-east-1:329327479095:subnet/subnet-069165f193a8d36b9",
            "assign_ipv6_address_on_creation": false,
            "availability_zone": "sa-east-1b",
            "availability_zone_id": "sae1-az2",
            "cidr_block": "10.200.2.0/24",
            "customer_owned_ipv4_pool": "",
            "enable_dns64": false,
            "enable_lni_at_device_index": 0,
            "enable_resource_name_dns_a_record_on_launch": false,
            "enable_resource_name_dns_aaaa_record_on_launch": false,
            "id": "subnet-069165f193a8d36b9",
            "ipv6_cidr_block": "",
            "ipv6_cidr_block_association_id": "",
            "ipv6_native": false,
            "map_customer_owned_ip_on_launch": false,
            "map_public_ip_on_launch": true,
            "outpost_arn": "",
            "owner_id": "329327479095",
            "private_dns_hostname_type_on_launch": "ip-name",
            "region": "sa-east-1",
            "tags": {
              "Name": "Star_Public_AZ2"
            },
            "tags_all": {
              "Name": "Star_Public_AZ2"
            },
            "timeouts": null,
            "vpc_id": "vpc-0c4fe5adffb914b12"
          },
          "sensitive_attributes": [],
          "identity_schema_version": 0,
          "identity": {
            "account_id": "329327479095",
            "id": "subnet-069165f193a8d36b9",
            "region": "sa-east-1"
          },
          "private": "eyJlMmJmYjczMC1lY2FhLTExZTYtOGY4OC0zNDM2M2JjN2M0YzAiOnsiY3JlYXRlIjo2MDAwMDAwMDAwMDAsImRlbGV0ZSI6MTIwMDAwMDAwMDAwMH0sInNjaGVtYV92ZXJzaW9uIjoiMSJ9",
          "dependencies": [
            "aws_vpc.Star",
            "data.aws_availability_zones.available"
          ]
        }
      ]
    },
    {
      "mode": "managed",
      "type": "aws_vpc",
      "name": "Star",
      "provider": "provider[\"registry.terraform.io/hashicorp/aws\"]",
      "instances": [
        {
          "schema_version": 1,
          "attributes": {
            "arn": "arn:aws:ec2:sa-east-1:329327479095:vpc/vpc-0c4fe5adffb914b12",
            "assign_generated_ipv6_cidr_block": false,
            "cidr_block": "10.200.0.0/16",
            "default_network_acl_id": "acl-0391fb4092de3a375",
            "default_route_table_id": "rtb-0202e2e9a7ace30e6",
            "default_security_group_id": "sg-03b4a1dcfd77af5f7",
            "dhcp_options_id": "dopt-05dd911f840ab899d",
            "enable_dns_hostnames": true,
            "enable_dns_support": true,
            "enable_network_address_usage_metrics": false,
            "id": "vpc-0c4fe5adffb914b12",
            "instance_tenancy": "default",
            "ipv4_ipam_pool_id": null,
            "ipv4_netmask_length": null,
            "ipv6_association_id": "",
            "ipv6_cidr_block": "",
            "ipv6_cidr_block_network_border_group": "",
            "ipv6_ipam_pool_id": "",
            "ipv6_netmask_length": 0,
            "main_route_table_id": "rtb-0202e2e9a7ace30e6",
            "owner_id": "329327479095",
            "region": "sa-east-1",
            "tags": {
              "Name": "star1"
            },
            "tags_all": {
              "Name": "star1"
            }
          },
          "sensitive_attributes": [],
          "identity_schema_version": 0,
          "identity": {
            "account_id": "329327479095",
            "id": "vpc-0c4fe5adffb914b12",
            "region": "sa-east-1"
          },
          "private": "eyJzY2hlbWFfdmVyc2lvbiI6IjEifQ=="
        }
      ]
    },
    {
      "mode": "managed",
      "type": "aws_vpc_endpoint",
      "name": "ec2messages",
      "provider": "provider[\"registry.terraform.io/hashicorp/aws\"]",
      "instances": [
        {
          "schema_version": 0,
          "attributes": {
            "arn": "arn:aws:ec2:sa-east-1:329327479095:vpc-endpoint/vpce-0fc95f21fcb240159",
            "auto_accept": null,
            "cidr_blocks": [],
            "dns_entry": [
              {
                "dns_name": "vpce-0fc95f21fcb240159-4bx2smn1.ec2messages.sa-east-1.vpce.amazonaws.com",
                "hosted_zone_id": "Z2LXUWEVLCVZIB"
              },
              {
                "dns_name": "vpce-0fc95f21fcb240159-4bx2smn1-sa-east-1a.ec2messages.sa-east-1.vpce.amazonaws.com",
                "hosted_zone_id": "Z2LXUWEVLCVZIB"
              },
              {
                "dns_name": "vpce-0fc95f21fcb240159-4bx2smn1-sa-east-1b.ec2messages.sa-east-1.vpce.amazonaws.com",
                "hosted_zone_id": "Z2LXUWEVLCVZIB"
              },
              {
                "dns_name": "ec2messages.sa-east-1.amazonaws.com",
                "hosted_zone_id": "Z03331672YYM00YGIUL0X"
              }
            ],
            "dns_options": [
              {
                "dns_record_ip_type": "ipv4",
                "private_dns_only_for_inbound_resolver_endpoint": false,
                "private_dns_preference": "",
                "private_dns_specified_domains": []
              }
            ],
            "id": "vpce-0fc95f21fcb240159",
            "ip_address_type": "ipv4",
            "network_interface_ids": [
              "eni-0e571a15a957d9287",
              "eni-0ef73968193bf3392"
            ],
            "owner_id": "329327479095",
            "policy": "{\"Statement\":[{\"Action\":\"*\",\"Effect\":\"Allow\",\"Principal\":\"*\",\"Resource\":\"*\"}]}",
            "prefix_list_id": null,
            "private_dns_enabled": true,
            "region": "sa-east-1",
            "requester_managed": false,
            "resource_configuration_arn": "",
            "route_table_ids": [],
            "security_group_ids": [
              "sg-0af3855e34178860f"
            ],
            "service_name": "com.amazonaws.sa-east-1.ec2messages",
            "service_network_arn": "",
            "service_region": "sa-east-1",
            "state": "available",
            "subnet_configuration": [
              {
                "ipv4": "10.200.11.207",
                "ipv6": "",
                "subnet_id": "subnet-0e35a805660b28407"
              },
              {
                "ipv4": "10.200.12.165",
                "ipv6": "",
                "subnet_id": "subnet-033dc43cc6a544000"
              }
            ],
            "subnet_ids": [
              "subnet-033dc43cc6a544000",
              "subnet-0e35a805660b28407"
            ],
            "tags": {
              "Name": "EC2Messages VPC Endpoint"
            },
            "tags_all": {
              "Name": "EC2Messages VPC Endpoint"
            },
            "timeouts": null,
            "vpc_endpoint_type": "Interface",
            "vpc_id": "vpc-0c4fe5adffb914b12"
          },
          "sensitive_attributes": [],
          "identity_schema_version": 0,
          "identity": {
            "account_id": "329327479095",
            "id": "vpce-0fc95f21fcb240159",
            "region": "sa-east-1"
          },
          "private": "eyJlMmJmYjczMC1lY2FhLTExZTYtOGY4OC0zNDM2M2JjN2M0YzAiOnsiY3JlYXRlIjo2MDAwMDAwMDAwMDAsImRlbGV0ZSI6NjAwMDAwMDAwMDAwLCJ1cGRhdGUiOjYwMDAwMDAwMDAwMH19",
          "dependencies": [
            "aws_security_group.Endpoint_SG",
            "aws_subnet.Star_Private_AZ1",
            "aws_subnet.Star_Private_AZ2",
            "aws_vpc.Star",
            "data.aws_availability_zones.available",
            "data.aws_region.current"
          ]
        }
      ]
    },
    {
      "mode": "managed",
      "type": "aws_vpc_endpoint",
      "name": "logs",
      "provider": "provider[\"registry.terraform.io/hashicorp/aws\"]",
      "instances": [
        {
          "schema_version": 0,
          "attributes": {
            "arn": "arn:aws:ec2:sa-east-1:329327479095:vpc-endpoint/vpce-0cce13f7dd543678d",
            "auto_accept": null,
            "cidr_blocks": [],
            "dns_entry": [
              {
                "dns_name": "vpce-0cce13f7dd543678d-5sgfpa7i.logs.sa-east-1.vpce.amazonaws.com",
                "hosted_zone_id": "Z2LXUWEVLCVZIB"
              },
              {
                "dns_name": "vpce-0cce13f7dd543678d-5sgfpa7i-sa-east-1b.logs.sa-east-1.vpce.amazonaws.com",
                "hosted_zone_id": "Z2LXUWEVLCVZIB"
              },
              {
                "dns_name": "vpce-0cce13f7dd543678d-5sgfpa7i-sa-east-1a.logs.sa-east-1.vpce.amazonaws.com",
                "hosted_zone_id": "Z2LXUWEVLCVZIB"
              },
              {
                "dns_name": "logs.sa-east-1.amazonaws.com",
                "hosted_zone_id": "Z0332170322V1FPXUWVRQ"
              },
              {
                "dns_name": "streaming-logs.sa-east-1.amazonaws.com",
                "hosted_zone_id": "Z04059103MBIYNENDXWAA"
              },
              {
                "dns_name": "logs.sa-east-1.api.aws",
                "hosted_zone_id": "Z02140743HY3TKL25DYTO"
              },
              {
                "dns_name": "streaming-logs.sa-east-1.api.aws",
                "hosted_zone_id": "Z0407415KPILMPZEHK97"
              }
            ],
            "dns_options": [
              {
                "dns_record_ip_type": "ipv4",
                "private_dns_only_for_inbound_resolver_endpoint": false,
                "private_dns_preference": "",
                "private_dns_specified_domains": []
              }
            ],
            "id": "vpce-0cce13f7dd543678d",
            "ip_address_type": "ipv4",
            "network_interface_ids": [
              "eni-046e6083bfbce6f85",
              "eni-0f0a13ef913b8c2ee"
            ],
            "owner_id": "329327479095",
            "policy": "{\"Statement\":[{\"Action\":\"*\",\"Effect\":\"Allow\",\"Principal\":\"*\",\"Resource\":\"*\"}]}",
            "prefix_list_id": null,
            "private_dns_enabled": true,
            "region": "sa-east-1",
            "requester_managed": false,
            "resource_configuration_arn": "",
            "route_table_ids": [],
            "security_group_ids": [
              "sg-0af3855e34178860f"
            ],
            "service_name": "com.amazonaws.sa-east-1.logs",
            "service_network_arn": "",
            "service_region": "sa-east-1",
            "state": "available",
            "subnet_configuration": [
              {
                "ipv4": "10.200.11.213",
                "ipv6": "",
                "subnet_id": "subnet-0e35a805660b28407"
              },
              {
                "ipv4": "10.200.12.35",
                "ipv6": "",
                "subnet_id": "subnet-033dc43cc6a544000"
              }
            ],
            "subnet_ids": [
              "subnet-033dc43cc6a544000",
              "subnet-0e35a805660b28407"
            ],
            "tags": {
              "Name": "deathless-god-endpoint-cloudwatch-logs"
            },
            "tags_all": {
              "Name": "deathless-god-endpoint-cloudwatch-logs"
            },
            "timeouts": null,
            "vpc_endpoint_type": "Interface",
            "vpc_id": "vpc-0c4fe5adffb914b12"
          },
          "sensitive_attributes": [],
          "identity_schema_version": 0,
          "identity": {
            "account_id": "329327479095",
            "id": "vpce-0cce13f7dd543678d",
            "region": "sa-east-1"
          },
          "private": "eyJlMmJmYjczMC1lY2FhLTExZTYtOGY4OC0zNDM2M2JjN2M0YzAiOnsiY3JlYXRlIjo2MDAwMDAwMDAwMDAsImRlbGV0ZSI6NjAwMDAwMDAwMDAwLCJ1cGRhdGUiOjYwMDAwMDAwMDAwMH19",
          "dependencies": [
            "aws_security_group.Endpoint_SG",
            "aws_subnet.Star_Private_AZ1",
            "aws_subnet.Star_Private_AZ2",
            "aws_vpc.Star",
            "data.aws_availability_zones.available",
            "data.aws_region.current"
          ]
        }
      ]
    },
    {
      "mode": "managed",
      "type": "aws_vpc_endpoint",
      "name": "s3_gateway_endpoint",
      "provider": "provider[\"registry.terraform.io/hashicorp/aws\"]",
      "instances": [
        {
          "schema_version": 0,
          "attributes": {
            "arn": "arn:aws:ec2:sa-east-1:329327479095:vpc-endpoint/vpce-018c0fc8c70620e53",
            "auto_accept": null,
            "cidr_blocks": [
              "16.12.2.0/24",
              "3.5.232.0/22",
              "16.12.0.0/23",
              "52.95.163.0/24",
              "52.95.164.0/23"
            ],
            "dns_entry": [],
            "dns_options": [
              {
                "dns_record_ip_type": "service-defined",
                "private_dns_only_for_inbound_resolver_endpoint": false,
                "private_dns_preference": "",
                "private_dns_specified_domains": []
              }
            ],
            "id": "vpce-018c0fc8c70620e53",
            "ip_address_type": "ipv4",
            "network_interface_ids": [],
            "owner_id": "329327479095",
            "policy": "{\"Statement\":[{\"Action\":\"*\",\"Effect\":\"Allow\",\"Principal\":\"*\",\"Resource\":\"*\"}],\"Version\":\"2008-10-17\"}",
            "prefix_list_id": "pl-6aa54003",
            "private_dns_enabled": false,
            "region": "sa-east-1",
            "requester_managed": false,
            "resource_configuration_arn": "",
            "route_table_ids": [
              "rtb-03371ae820d0f319e"
            ],
            "security_group_ids": [],
            "service_name": "com.amazonaws.sa-east-1.s3",
            "service_network_arn": "",
            "service_region": "sa-east-1",
            "state": "available",
            "subnet_configuration": [],
            "subnet_ids": [],
            "tags": {
              "Name": "S3-Gateway-Endpoint"
            },
            "tags_all": {
              "Name": "S3-Gateway-Endpoint"
            },
            "timeouts": null,
            "vpc_endpoint_type": "Gateway",
            "vpc_id": "vpc-0c4fe5adffb914b12"
          },
          "sensitive_attributes": [],
          "identity_schema_version": 0,
          "identity": {
            "account_id": "329327479095",
            "id": "vpce-018c0fc8c70620e53",
            "region": "sa-east-1"
          },
          "private": "eyJlMmJmYjczMC1lY2FhLTExZTYtOGY4OC0zNDM2M2JjN2M0YzAiOnsiY3JlYXRlIjo2MDAwMDAwMDAwMDAsImRlbGV0ZSI6NjAwMDAwMDAwMDAwLCJ1cGRhdGUiOjYwMDAwMDAwMDAwMH19",
          "dependencies": [
            "aws_route_table.Private",
            "aws_vpc.Star",
            "data.aws_region.current"
          ]
        }
      ]
    },
    {
      "mode": "managed",
      "type": "aws_vpc_endpoint",
      "name": "secrets_manager",
      "provider": "provider[\"registry.terraform.io/hashicorp/aws\"]",
      "instances": [
        {
          "schema_version": 0,
          "attributes": {
            "arn": "arn:aws:ec2:sa-east-1:329327479095:vpc-endpoint/vpce-06836a293f653d5d4",
            "auto_accept": null,
            "cidr_blocks": [],
            "dns_entry": [
              {
                "dns_name": "vpce-06836a293f653d5d4-7uh4qe3h.secretsmanager.sa-east-1.vpce.amazonaws.com",
                "hosted_zone_id": "Z2LXUWEVLCVZIB"
              },
              {
                "dns_name": "vpce-06836a293f653d5d4-7uh4qe3h-sa-east-1b.secretsmanager.sa-east-1.vpce.amazonaws.com",
                "hosted_zone_id": "Z2LXUWEVLCVZIB"
              },
              {
                "dns_name": "vpce-06836a293f653d5d4-7uh4qe3h-sa-east-1a.secretsmanager.sa-east-1.vpce.amazonaws.com",
                "hosted_zone_id": "Z2LXUWEVLCVZIB"
              },
              {
                "dns_name": "secretsmanager.sa-east-1.amazonaws.com",
                "hosted_zone_id": "Z06283523UFURQOBD5DJZ"
              }
            ],
            "dns_options": [
              {
                "dns_record_ip_type": "ipv4",
                "private_dns_only_for_inbound_resolver_endpoint": false,
                "private_dns_preference": "",
                "private_dns_specified_domains": []
              }
            ],
            "id": "vpce-06836a293f653d5d4",
            "ip_address_type": "ipv4",
            "network_interface_ids": [
              "eni-05d25b6d3ef27dc09",
              "eni-0cbc9ec3a9cff191b"
            ],
            "owner_id": "329327479095",
            "policy": "{\"Statement\":[{\"Action\":\"*\",\"Effect\":\"Allow\",\"Principal\":\"*\",\"Resource\":\"*\"}]}",
            "prefix_list_id": null,
            "private_dns_enabled": true,
            "region": "sa-east-1",
            "requester_managed": false,
            "resource_configuration_arn": "",
            "route_table_ids": [],
            "security_group_ids": [
              "sg-0af3855e34178860f"
            ],
            "service_name": "com.amazonaws.sa-east-1.secretsmanager",
            "service_network_arn": "",
            "service_region": "sa-east-1",
            "state": "available",
            "subnet_configuration": [
              {
                "ipv4": "10.200.11.235",
                "ipv6": "",
                "subnet_id": "subnet-0e35a805660b28407"
              },
              {
                "ipv4": "10.200.12.158",
                "ipv6": "",
                "subnet_id": "subnet-033dc43cc6a544000"
              }
            ],
            "subnet_ids": [
              "subnet-033dc43cc6a544000",
              "subnet-0e35a805660b28407"
            ],
            "tags": {
              "Name": "SecretsManagerVPCEndpoint"
            },
            "tags_all": {
              "Name": "SecretsManagerVPCEndpoint"
            },
            "timeouts": null,
            "vpc_endpoint_type": "Interface",
            "vpc_id": "vpc-0c4fe5adffb914b12"
          },
          "sensitive_attributes": [],
          "identity_schema_version": 0,
          "identity": {
            "account_id": "329327479095",
            "id": "vpce-06836a293f653d5d4",
            "region": "sa-east-1"
          },
          "private": "eyJlMmJmYjczMC1lY2FhLTExZTYtOGY4OC0zNDM2M2JjN2M0YzAiOnsiY3JlYXRlIjo2MDAwMDAwMDAwMDAsImRlbGV0ZSI6NjAwMDAwMDAwMDAwLCJ1cGRhdGUiOjYwMDAwMDAwMDAwMH19",
          "dependencies": [
            "aws_security_group.Endpoint_SG",
            "aws_subnet.Star_Private_AZ1",
            "aws_subnet.Star_Private_AZ2",
            "aws_vpc.Star",
            "data.aws_availability_zones.available",
            "data.aws_region.current"
          ]
        }
      ]
    },
    {
      "mode": "managed",
      "type": "aws_vpc_endpoint",
      "name": "ssm",
      "provider": "provider[\"registry.terraform.io/hashicorp/aws\"]",
      "instances": [
        {
          "schema_version": 0,
          "attributes": {
            "arn": "arn:aws:ec2:sa-east-1:329327479095:vpc-endpoint/vpce-05b55802b798318e1",
            "auto_accept": null,
            "cidr_blocks": [],
            "dns_entry": [
              {
                "dns_name": "vpce-05b55802b798318e1-7ddw0fdx.ssm.sa-east-1.vpce.amazonaws.com",
                "hosted_zone_id": "Z2LXUWEVLCVZIB"
              },
              {
                "dns_name": "vpce-05b55802b798318e1-7ddw0fdx-sa-east-1a.ssm.sa-east-1.vpce.amazonaws.com",
                "hosted_zone_id": "Z2LXUWEVLCVZIB"
              },
              {
                "dns_name": "vpce-05b55802b798318e1-7ddw0fdx-sa-east-1b.ssm.sa-east-1.vpce.amazonaws.com",
                "hosted_zone_id": "Z2LXUWEVLCVZIB"
              },
              {
                "dns_name": "ssm.sa-east-1.amazonaws.com",
                "hosted_zone_id": "Z02155684QX94Q4T1M24"
              },
              {
                "dns_name": "ssm-facade.sa-east-1.amazonaws.com",
                "hosted_zone_id": "Z040748226VUJZZ9UNX6L"
              },
              {
                "dns_name": "ssm.sa-east-1.api.aws",
                "hosted_zone_id": "Z0215787TNW3ODQDOMKK"
              }
            ],
            "dns_options": [
              {
                "dns_record_ip_type": "ipv4",
                "private_dns_only_for_inbound_resolver_endpoint": false,
                "private_dns_preference": "",
                "private_dns_specified_domains": []
              }
            ],
            "id": "vpce-05b55802b798318e1",
            "ip_address_type": "ipv4",
            "network_interface_ids": [
              "eni-0151e955181ffe9cd",
              "eni-0a7a7946c619be8f8"
            ],
            "owner_id": "329327479095",
            "policy": "{\"Statement\":[{\"Action\":\"*\",\"Effect\":\"Allow\",\"Principal\":\"*\",\"Resource\":\"*\"}]}",
            "prefix_list_id": null,
            "private_dns_enabled": true,
            "region": "sa-east-1",
            "requester_managed": false,
            "resource_configuration_arn": "",
            "route_table_ids": [],
            "security_group_ids": [
              "sg-0af3855e34178860f"
            ],
            "service_name": "com.amazonaws.sa-east-1.ssm",
            "service_network_arn": "",
            "service_region": "sa-east-1",
            "state": "available",
            "subnet_configuration": [
              {
                "ipv4": "10.200.11.114",
                "ipv6": "",
                "subnet_id": "subnet-0e35a805660b28407"
              },
              {
                "ipv4": "10.200.12.154",
                "ipv6": "",
                "subnet_id": "subnet-033dc43cc6a544000"
              }
            ],
            "subnet_ids": [
              "subnet-033dc43cc6a544000",
              "subnet-0e35a805660b28407"
            ],
            "tags": {
              "Name": "ssm-endpoint"
            },
            "tags_all": {
              "Name": "ssm-endpoint"
            },
            "timeouts": null,
            "vpc_endpoint_type": "Interface",
            "vpc_id": "vpc-0c4fe5adffb914b12"
          },
          "sensitive_attributes": [],
          "identity_schema_version": 0,
          "identity": {
            "account_id": "329327479095",
            "id": "vpce-05b55802b798318e1",
            "region": "sa-east-1"
          },
          "private": "eyJlMmJmYjczMC1lY2FhLTExZTYtOGY4OC0zNDM2M2JjN2M0YzAiOnsiY3JlYXRlIjo2MDAwMDAwMDAwMDAsImRlbGV0ZSI6NjAwMDAwMDAwMDAwLCJ1cGRhdGUiOjYwMDAwMDAwMDAwMH19",
          "dependencies": [
            "aws_security_group.Endpoint_SG",
            "aws_subnet.Star_Private_AZ1",
            "aws_subnet.Star_Private_AZ2",
            "aws_vpc.Star",
            "data.aws_availability_zones.available",
            "data.aws_region.current"
          ]
        }
      ]
    },
    {
      "mode": "managed",
      "type": "aws_vpc_endpoint",
      "name": "ssmmessages",
      "provider": "provider[\"registry.terraform.io/hashicorp/aws\"]",
      "instances": [
        {
          "schema_version": 0,
          "attributes": {
            "arn": "arn:aws:ec2:sa-east-1:329327479095:vpc-endpoint/vpce-080ef5f48d0f8268a",
            "auto_accept": null,
            "cidr_blocks": [],
            "dns_entry": [
              {
                "dns_name": "vpce-080ef5f48d0f8268a-wnehechp.ssmmessages.sa-east-1.vpce.amazonaws.com",
                "hosted_zone_id": "Z2LXUWEVLCVZIB"
              },
              {
                "dns_name": "vpce-080ef5f48d0f8268a-wnehechp-sa-east-1b.ssmmessages.sa-east-1.vpce.amazonaws.com",
                "hosted_zone_id": "Z2LXUWEVLCVZIB"
              },
              {
                "dns_name": "vpce-080ef5f48d0f8268a-wnehechp-sa-east-1a.ssmmessages.sa-east-1.vpce.amazonaws.com",
                "hosted_zone_id": "Z2LXUWEVLCVZIB"
              },
              {
                "dns_name": "ssmmessages.sa-east-1.amazonaws.com",
                "hosted_zone_id": "Z0628529FMYFUQB0BCIJ"
              },
              {
                "dns_name": "ssmmessages.sa-east-1.api.aws",
                "hosted_zone_id": "Z04069521W8F13ON21K2Z"
              }
            ],
            "dns_options": [
              {
                "dns_record_ip_type": "ipv4",
                "private_dns_only_for_inbound_resolver_endpoint": false,
                "private_dns_preference": "",
                "private_dns_specified_domains": []
              }
            ],
            "id": "vpce-080ef5f48d0f8268a",
            "ip_address_type": "ipv4",
            "network_interface_ids": [
              "eni-011a6f569eaba7032",
              "eni-0c2da647d8ce71367"
            ],
            "owner_id": "329327479095",
            "policy": "{\"Statement\":[{\"Action\":\"*\",\"Effect\":\"Allow\",\"Principal\":\"*\",\"Resource\":\"*\"}]}",
            "prefix_list_id": null,
            "private_dns_enabled": true,
            "region": "sa-east-1",
            "requester_managed": false,
            "resource_configuration_arn": "",
            "route_table_ids": [],
            "security_group_ids": [
              "sg-0af3855e34178860f"
            ],
            "service_name": "com.amazonaws.sa-east-1.ssmmessages",
            "service_network_arn": "",
            "service_region": "sa-east-1",
            "state": "available",
            "subnet_configuration": [
              {
                "ipv4": "10.200.11.92",
                "ipv6": "",
                "subnet_id": "subnet-0e35a805660b28407"
              },
              {
                "ipv4": "10.200.12.228",
                "ipv6": "",
                "subnet_id": "subnet-033dc43cc6a544000"
              }
            ],
            "subnet_ids": [
              "subnet-033dc43cc6a544000",
              "subnet-0e35a805660b28407"
            ],
            "tags": {
              "Name": "ssmmessages-endpoint"
            },
            "tags_all": {
              "Name": "ssmmessages-endpoint"
            },
            "timeouts": null,
            "vpc_endpoint_type": "Interface",
            "vpc_id": "vpc-0c4fe5adffb914b12"
          },
          "sensitive_attributes": [],
          "identity_schema_version": 0,
          "identity": {
            "account_id": "329327479095",
            "id": "vpce-080ef5f48d0f8268a",
            "region": "sa-east-1"
          },
          "private": "eyJlMmJmYjczMC1lY2FhLTExZTYtOGY4OC0zNDM2M2JjN2M0YzAiOnsiY3JlYXRlIjo2MDAwMDAwMDAwMDAsImRlbGV0ZSI6NjAwMDAwMDAwMDAwLCJ1cGRhdGUiOjYwMDAwMDAwMDAwMH19",
          "dependencies": [
            "aws_security_group.Endpoint_SG",
            "aws_subnet.Star_Private_AZ1",
            "aws_subnet.Star_Private_AZ2",
            "aws_vpc.Star",
            "data.aws_availability_zones.available",
            "data.aws_region.current"
          ]
        }
      ]
    },
    {
      "mode": "managed",
      "type": "aws_vpc_endpoint",
      "name": "sts",
      "provider": "provider[\"registry.terraform.io/hashicorp/aws\"]",
      "instances": [
        {
          "schema_version": 0,
          "attributes": {
            "arn": "arn:aws:ec2:sa-east-1:329327479095:vpc-endpoint/vpce-0c0637163a037b381",
            "auto_accept": null,
            "cidr_blocks": [],
            "dns_entry": [
              {
                "dns_name": "vpce-0c0637163a037b381-bwh5rgdm.sts.sa-east-1.vpce.amazonaws.com",
                "hosted_zone_id": "Z2LXUWEVLCVZIB"
              },
              {
                "dns_name": "vpce-0c0637163a037b381-bwh5rgdm-sa-east-1a.sts.sa-east-1.vpce.amazonaws.com",
                "hosted_zone_id": "Z2LXUWEVLCVZIB"
              },
              {
                "dns_name": "vpce-0c0637163a037b381-bwh5rgdm-sa-east-1b.sts.sa-east-1.vpce.amazonaws.com",
                "hosted_zone_id": "Z2LXUWEVLCVZIB"
              },
              {
                "dns_name": "sts.sa-east-1.amazonaws.com",
                "hosted_zone_id": "Z03321693HC33CCSB7NJO"
              },
              {
                "dns_name": "sts.sa-east-1.api.aws",
                "hosted_zone_id": "Z04059053Q2OPLADRHHTA"
              }
            ],
            "dns_options": [
              {
                "dns_record_ip_type": "ipv4",
                "private_dns_only_for_inbound_resolver_endpoint": false,
                "private_dns_preference": "",
                "private_dns_specified_domains": []
              }
            ],
            "id": "vpce-0c0637163a037b381",
            "ip_address_type": "ipv4",
            "network_interface_ids": [
              "eni-01771ec46ae79ae2a",
              "eni-018fb2fb64f94628e"
            ],
            "owner_id": "329327479095",
            "policy": "{\"Statement\":[{\"Action\":\"*\",\"Effect\":\"Allow\",\"Principal\":\"*\",\"Resource\":\"*\"}]}",
            "prefix_list_id": null,
            "private_dns_enabled": true,
            "region": "sa-east-1",
            "requester_managed": false,
            "resource_configuration_arn": "",
            "route_table_ids": [],
            "security_group_ids": [
              "sg-0af3855e34178860f"
            ],
            "service_name": "com.amazonaws.sa-east-1.sts",
            "service_network_arn": "",
            "service_region": "sa-east-1",
            "state": "available",
            "subnet_configuration": [
              {
                "ipv4": "10.200.11.101",
                "ipv6": "",
                "subnet_id": "subnet-0e35a805660b28407"
              },
              {
                "ipv4": "10.200.12.124",
                "ipv6": "",
                "subnet_id": "subnet-033dc43cc6a544000"
              }
            ],
            "subnet_ids": [
              "subnet-033dc43cc6a544000",
              "subnet-0e35a805660b28407"
            ],
            "tags": {
              "Name": "STSVPCEndpoint"
            },
            "tags_all": {
              "Name": "STSVPCEndpoint"
            },
            "timeouts": null,
            "vpc_endpoint_type": "Interface",
            "vpc_id": "vpc-0c4fe5adffb914b12"
          },
          "sensitive_attributes": [],
          "identity_schema_version": 0,
          "identity": {
            "account_id": "329327479095",
            "id": "vpce-0c0637163a037b381",
            "region": "sa-east-1"
          },
          "private": "eyJlMmJmYjczMC1lY2FhLTExZTYtOGY4OC0zNDM2M2JjN2M0YzAiOnsiY3JlYXRlIjo2MDAwMDAwMDAwMDAsImRlbGV0ZSI6NjAwMDAwMDAwMDAwLCJ1cGRhdGUiOjYwMDAwMDAwMDAwMH19",
          "dependencies": [
            "aws_security_group.Endpoint_SG",
            "aws_subnet.Star_Private_AZ1",
            "aws_subnet.Star_Private_AZ2",
            "aws_vpc.Star",
            "data.aws_availability_zones.available",
            "data.aws_region.current"
          ]
        }
      ]
    },
    {
      "mode": "managed",
      "type": "aws_vpc_security_group_egress_rule",
      "name": "allow_all_egress_ipv4",
      "provider": "provider[\"registry.terraform.io/hashicorp/aws\"]",
      "instances": [
        {
          "index_key": "dos",
          "schema_version": 0,
          "attributes": {
            "arn": "arn:aws:ec2:sa-east-1:329327479095:security-group-rule/sgr-01d9f0e17d68ee703",
            "cidr_ipv4": "0.0.0.0/0",
            "cidr_ipv6": null,
            "description": null,
            "from_port": null,
            "id": "sgr-01d9f0e17d68ee703",
            "ip_protocol": "-1",
            "prefix_list_id": null,
            "referenced_security_group_id": null,
            "region": "sa-east-1",
            "security_group_id": "sg-0af3855e34178860f",
            "security_group_rule_id": "sgr-01d9f0e17d68ee703",
            "tags": null,
            "tags_all": {},
            "to_port": null
          },
          "sensitive_attributes": [],
          "identity_schema_version": 0,
          "identity": {
            "account_id": "329327479095",
            "id": "sgr-01d9f0e17d68ee703",
            "region": "sa-east-1"
          },
          "dependencies": [
            "aws_security_group.ALB",
            "aws_security_group.EC2_SG",
            "aws_security_group.Endpoint_SG",
            "aws_vpc.Star"
          ]
        },
        {
          "index_key": "tre",
          "schema_version": 0,
          "attributes": {
            "arn": "arn:aws:ec2:sa-east-1:329327479095:security-group-rule/sgr-0debc97470489307a",
            "cidr_ipv4": "0.0.0.0/0",
            "cidr_ipv6": null,
            "description": null,
            "from_port": null,
            "id": "sgr-0debc97470489307a",
            "ip_protocol": "-1",
            "prefix_list_id": null,
            "referenced_security_group_id": null,
            "region": "sa-east-1",
            "security_group_id": "sg-0674e69c8a590de9d",
            "security_group_rule_id": "sgr-0debc97470489307a",
            "tags": null,
            "tags_all": {},
            "to_port": null
          },
          "sensitive_attributes": [],
          "identity_schema_version": 0,
          "identity": {
            "account_id": "329327479095",
            "id": "sgr-0debc97470489307a",
            "region": "sa-east-1"
          },
          "dependencies": [
            "aws_security_group.ALB",
            "aws_security_group.EC2_SG",
            "aws_security_group.Endpoint_SG",
            "aws_vpc.Star"
          ]
        },
        {
          "index_key": "uno",
          "schema_version": 0,
          "attributes": {
            "arn": "arn:aws:ec2:sa-east-1:329327479095:security-group-rule/sgr-0e0684bf933b57954",
            "cidr_ipv4": "0.0.0.0/0",
            "cidr_ipv6": null,
            "description": null,
            "from_port": null,
            "id": "sgr-0e0684bf933b57954",
            "ip_protocol": "-1",
            "prefix_list_id": null,
            "referenced_security_group_id": null,
            "region": "sa-east-1",
            "security_group_id": "sg-0eb024dd1c8072b94",
            "security_group_rule_id": "sgr-0e0684bf933b57954",
            "tags": null,
            "tags_all": {},
            "to_port": null
          },
          "sensitive_attributes": [],
          "identity_schema_version": 0,
          "identity": {
            "account_id": "329327479095",
            "id": "sgr-0e0684bf933b57954",
            "region": "sa-east-1"
          },
          "dependencies": [
            "aws_security_group.ALB",
            "aws_security_group.EC2_SG",
            "aws_security_group.Endpoint_SG",
            "aws_vpc.Star"
          ]
        }
      ]
    },
    {
      "mode": "managed",
      "type": "aws_vpc_security_group_ingress_rule",
      "name": "alb_from_cloudfront_443",
      "provider": "provider[\"registry.terraform.io/hashicorp/aws\"]",
      "instances": [
        {
          "index_key": 0,
          "schema_version": 0,
          "attributes": {
            "arn": "arn:aws:ec2:sa-east-1:329327479095:security-group-rule/sgr-05ec323abf0b4cf15",
            "cidr_ipv4": null,
            "cidr_ipv6": null,
            "description": "Allow HTTPS from CloudFront only",
            "from_port": 443,
            "id": "sgr-05ec323abf0b4cf15",
            "ip_protocol": "tcp",
            "prefix_list_id": "pl-5da64334",
            "referenced_security_group_id": null,
            "region": "sa-east-1",
            "security_group_id": "sg-0674e69c8a590de9d",
            "security_group_rule_id": "sgr-05ec323abf0b4cf15",
            "tags": null,
            "tags_all": {},
            "to_port": 443
          },
          "sensitive_attributes": [],
          "identity_schema_version": 0,
          "identity": {
            "account_id": "329327479095",
            "id": "sgr-05ec323abf0b4cf15",
            "region": "sa-east-1"
          },
          "dependencies": [
            "aws_security_group.ALB",
            "aws_vpc.Star",
            "data.aws_ec2_managed_prefix_list.cloudfront_origin_facing"
          ]
        }
      ]
    },
    {
      "mode": "managed",
      "type": "aws_vpc_security_group_ingress_rule",
      "name": "allow_http_ipv4",
      "provider": "provider[\"registry.terraform.io/hashicorp/aws\"]",
      "instances": [
        {
          "index_key": "dos",
          "schema_version": 0,
          "attributes": {
            "arn": "arn:aws:ec2:sa-east-1:329327479095:security-group-rule/sgr-060d145930f7d45cc",
            "cidr_ipv4": "0.0.0.0/0",
            "cidr_ipv6": null,
            "description": null,
            "from_port": 80,
            "id": "sgr-060d145930f7d45cc",
            "ip_protocol": "tcp",
            "prefix_list_id": null,
            "referenced_security_group_id": null,
            "region": "sa-east-1",
            "security_group_id": "sg-0af3855e34178860f",
            "security_group_rule_id": "sgr-060d145930f7d45cc",
            "tags": null,
            "tags_all": {},
            "to_port": 80
          },
          "sensitive_attributes": [],
          "identity_schema_version": 0,
          "identity": {
            "account_id": "329327479095",
            "id": "sgr-060d145930f7d45cc",
            "region": "sa-east-1"
          },
          "dependencies": [
            "aws_security_group.EC2_SG",
            "aws_security_group.Endpoint_SG",
            "aws_vpc.Star"
          ]
        },
        {
          "index_key": "uno",
          "schema_version": 0,
          "attributes": {
            "arn": "arn:aws:ec2:sa-east-1:329327479095:security-group-rule/sgr-0f4004a5834a42d46",
            "cidr_ipv4": "0.0.0.0/0",
            "cidr_ipv6": null,
            "description": null,
            "from_port": 80,
            "id": "sgr-0f4004a5834a42d46",
            "ip_protocol": "tcp",
            "prefix_list_id": null,
            "referenced_security_group_id": null,
            "region": "sa-east-1",
            "security_group_id": "sg-0eb024dd1c8072b94",
            "security_group_rule_id": "sgr-0f4004a5834a42d46",
            "tags": null,
            "tags_all": {},
            "to_port": 80
          },
          "sensitive_attributes": [],
          "identity_schema_version": 0,
          "identity": {
            "account_id": "329327479095",
            "id": "sgr-0f4004a5834a42d46",
            "region": "sa-east-1"
          },
          "dependencies": [
            "aws_security_group.EC2_SG",
            "aws_security_group.Endpoint_SG",
            "aws_vpc.Star"
          ]
        }
      ]
    },
    {
      "mode": "managed",
      "type": "aws_vpc_security_group_ingress_rule",
      "name": "allow_https_ipv4",
      "provider": "provider[\"registry.terraform.io/hashicorp/aws\"]",
      "instances": [
        {
          "index_key": "dos",
          "schema_version": 0,
          "attributes": {
            "arn": "arn:aws:ec2:sa-east-1:329327479095:security-group-rule/sgr-0cc886d3fffdae537",
            "cidr_ipv4": "0.0.0.0/0",
            "cidr_ipv6": null,
            "description": null,
            "from_port": 443,
            "id": "sgr-0cc886d3fffdae537",
            "ip_protocol": "tcp",
            "prefix_list_id": null,
            "referenced_security_group_id": null,
            "region": "sa-east-1",
            "security_group_id": "sg-0af3855e34178860f",
            "security_group_rule_id": "sgr-0cc886d3fffdae537",
            "tags": null,
            "tags_all": {},
            "to_port": 443
          },
          "sensitive_attributes": [],
          "identity_schema_version": 0,
          "identity": {
            "account_id": "329327479095",
            "id": "sgr-0cc886d3fffdae537",
            "region": "sa-east-1"
          },
          "dependencies": [
            "aws_security_group.EC2_SG",
            "aws_security_group.Endpoint_SG",
            "aws_vpc.Star"
          ]
        },
        {
          "index_key": "uno",
          "schema_version": 0,
          "attributes": {
            "arn": "arn:aws:ec2:sa-east-1:329327479095:security-group-rule/sgr-06cc3583ba546795a",
            "cidr_ipv4": "0.0.0.0/0",
            "cidr_ipv6": null,
            "description": null,
            "from_port": 443,
            "id": "sgr-06cc3583ba546795a",
            "ip_protocol": "tcp",
            "prefix_list_id": null,
            "referenced_security_group_id": null,
            "region": "sa-east-1",
            "security_group_id": "sg-0eb024dd1c8072b94",
            "security_group_rule_id": "sgr-06cc3583ba546795a",
            "tags": null,
            "tags_all": {},
            "to_port": 443
          },
          "sensitive_attributes": [],
          "identity_schema_version": 0,
          "identity": {
            "account_id": "329327479095",
            "id": "sgr-06cc3583ba546795a",
            "region": "sa-east-1"
          },
          "dependencies": [
            "aws_security_group.EC2_SG",
            "aws_security_group.Endpoint_SG",
            "aws_vpc.Star"
          ]
        }
      ]
    },
    {
      "mode": "managed",
      "type": "aws_vpc_security_group_ingress_rule",
      "name": "allow_mysql_ipv4",
      "provider": "provider[\"registry.terraform.io/hashicorp/aws\"]",
      "instances": [
        {
          "index_key": "uno",
          "schema_version": 0,
          "attributes": {
            "arn": "arn:aws:ec2:sa-east-1:329327479095:security-group-rule/sgr-09172c4cd1aeaad82",
            "cidr_ipv4": "0.0.0.0/0",
            "cidr_ipv6": null,
            "description": null,
            "from_port": 3306,
            "id": "sgr-09172c4cd1aeaad82",
            "ip_protocol": "tcp",
            "prefix_list_id": null,
            "referenced_security_group_id": null,
            "region": "sa-east-1",
            "security_group_id": "sg-0eb024dd1c8072b94",
            "security_group_rule_id": "sgr-09172c4cd1aeaad82",
            "tags": null,
            "tags_all": {},
            "to_port": 3306
          },
          "sensitive_attributes": [],
          "identity_schema_version": 0,
          "identity": {
            "account_id": "329327479095",
            "id": "sgr-09172c4cd1aeaad82",
            "region": "sa-east-1"
          },
          "dependencies": [
            "aws_security_group.EC2_SG",
            "aws_vpc.Star"
          ]
        }
      ]
    },
    {
      "mode": "managed",
      "type": "aws_wafv2_web_acl",
      "name": "alb_waf",
      "provider": "provider[\"registry.terraform.io/hashicorp/aws\"].us-east",
      "instances": [
        {
          "index_key": 0,
          "schema_version": 0,
          "attributes": {
            "application_integration_url": "",
            "arn": "arn:aws:wafv2:us-east-1:329327479095:global/webacl/star-cloudfront-waf/dac192ca-c75b-4228-beef-4ed8093d5f29",
            "association_config": [],
            "capacity": 700,
            "captcha_config": [],
            "challenge_config": [],
            "custom_response_body": [],
            "data_protection_config": [],
            "default_action": [
              {
                "allow": [
                  {
                    "custom_request_handling": []
                  }
                ],
                "block": []
              }
            ],
            "description": "",
            "id": "dac192ca-c75b-4228-beef-4ed8093d5f29",
            "lock_token": "0e4d30c4-1439-4631-b6ec-b7b9f983fe1c",
            "name": "star-cloudfront-waf",
            "name_prefix": "",
            "region": "us-east-1",
            "rule": [
              {
                "action": [],
                "captcha_config": [],
                "challenge_config": [],
                "name": "AWSManagedRulesCommonRuleSet",
                "override_action": [
                  {
                    "count": [],
                    "none": [
                      {}
                    ]
                  }
                ],
                "priority": 1,
                "rule_label": [],
                "statement": [
                  {
                    "and_statement": [],
                    "asn_match_statement": [],
                    "byte_match_statement": [],
                    "geo_match_statement": [],
                    "ip_set_reference_statement": [],
                    "label_match_statement": [],
                    "managed_rule_group_statement": [
                      {
                        "managed_rule_group_configs": [],
                        "name": "AWSManagedRulesCommonRuleSet",
                        "rule_action_override": [],
                        "scope_down_statement": [],
                        "vendor_name": "AWS",
                        "version": ""
                      }
                    ],
                    "not_statement": [],
                    "or_statement": [],
                    "rate_based_statement": [],
                    "regex_match_statement": [],
                    "regex_pattern_set_reference_statement": [],
                    "rule_group_reference_statement": [],
                    "size_constraint_statement": [],
                    "sqli_match_statement": [],
                    "xss_match_statement": []
                  }
                ],
                "visibility_config": [
                  {
                    "cloudwatch_metrics_enabled": true,
                    "metric_name": "star-cf-waf-common",
                    "sampled_requests_enabled": true
                  }
                ]
              }
            ],
            "rule_json": null,
            "scope": "CLOUDFRONT",
            "tags": {
              "Name": "star-cloudfront-waf"
            },
            "tags_all": {
              "Name": "star-cloudfront-waf"
            },
            "token_domains": [],
            "visibility_config": [
              {
                "cloudwatch_metrics_enabled": true,
                "metric_name": "star-cloudfront-waf",
                "sampled_requests_enabled": true
              }
            ]
          },
          "sensitive_attributes": [],
          "identity_schema_version": 0,
          "private": "bnVsbA=="
        }
      ]
    },
    {
      "mode": "managed",
      "type": "aws_wafv2_web_acl_logging_configuration",
      "name": "chewbacca_waf_logging01",
      "provider": "provider[\"registry.terraform.io/hashicorp/aws\"].us-east",
      "instances": [
        {
          "index_key": 0,
          "schema_version": 0,
          "attributes": {
            "id": "arn:aws:wafv2:us-east-1:329327479095:global/webacl/star-cloudfront-waf/dac192ca-c75b-4228-beef-4ed8093d5f29",
            "log_destination_configs": [
              "arn:aws:logs:us-east-1:329327479095:log-group:aws-waf-logs-star1-webacl01"
            ],
            "logging_filter": [],
            "redacted_fields": [],
            "region": "us-east-1",
            "resource_arn": "arn:aws:wafv2:us-east-1:329327479095:global/webacl/star-cloudfront-waf/dac192ca-c75b-4228-beef-4ed8093d5f29"
          },
          "sensitive_attributes": [],
          "identity_schema_version": 0,
          "private": "bnVsbA==",
          "dependencies": [
            "aws_cloudwatch_log_group.star-alb-log1",
            "aws_vpc.Star",
            "aws_wafv2_web_acl.alb_waf"
          ]
        }
      ]
    },
    {
      "mode": "managed",
      "type": "aws_wafv2_web_acl_logging_configuration",
      "name": "chewbacca_waf_logging_firehose01",
      "provider": "provider[\"registry.terraform.io/hashicorp/aws\"].us-east",
      "instances": [
        {
          "index_key": 0,
          "schema_version": 0,
          "attributes": {
            "id": "arn:aws:wafv2:us-east-1:329327479095:global/webacl/star-cloudfront-waf/dac192ca-c75b-4228-beef-4ed8093d5f29",
            "log_destination_configs": [
              "arn:aws:firehose:us-east-1:329327479095:deliverystream/aws-waf-logs-star1-firehose01"
            ],
            "logging_filter": [],
            "redacted_fields": [],
            "region": "us-east-1",
            "resource_arn": "arn:aws:wafv2:us-east-1:329327479095:global/webacl/star-cloudfront-waf/dac192ca-c75b-4228-beef-4ed8093d5f29"
          },
          "sensitive_attributes": [],
          "identity_schema_version": 0,
          "private": "bnVsbA==",
          "dependencies": [
            "aws_iam_role.star_fire_hose1",
            "aws_kinesis_firehose_delivery_stream.Star_Firehose_delivery1",
            "aws_s3_bucket.star_firehouse_waf_log",
            "aws_s3_bucket.star_waf_bucket_uno",
            "aws_vpc.Star",
            "aws_wafv2_web_acl.alb_waf",
            "aws_wafv2_web_acl_logging_configuration.chewbacca_waf_logging_s3_01",
            "data.aws_caller_identity.current",
            "data.aws_region.current"
          ]
        }
      ]
    },
    {
      "mode": "managed",
      "type": "aws_wafv2_web_acl_logging_configuration",
      "name": "chewbacca_waf_logging_s3_01",
      "provider": "provider[\"registry.terraform.io/hashicorp/aws\"].us-east",
      "instances": [
        {
          "index_key": 0,
          "schema_version": 0,
          "attributes": {
            "id": "arn:aws:wafv2:us-east-1:329327479095:global/webacl/star-cloudfront-waf/dac192ca-c75b-4228-beef-4ed8093d5f29",
            "log_destination_configs": [
              "arn:aws:firehose:us-east-1:329327479095:deliverystream/aws-waf-logs-star1-firehose01"
            ],
            "logging_filter": [],
            "redacted_fields": [],
            "region": "us-east-1",
            "resource_arn": "arn:aws:wafv2:us-east-1:329327479095:global/webacl/star-cloudfront-waf/dac192ca-c75b-4228-beef-4ed8093d5f29"
          },
          "sensitive_attributes": [],
          "identity_schema_version": 0,
          "private": "bnVsbA==",
          "dependencies": [
            "aws_s3_bucket.star_waf_bucket_uno",
            "aws_vpc.Star",
            "aws_wafv2_web_acl.alb_waf",
            "data.aws_caller_identity.current",
            "data.aws_region.current"
          ]
        }
      ]
    },
    {
      "mode": "managed",
      "type": "random_password",
      "name": "origin_header_secret",
      "provider": "provider[\"registry.terraform.io/hashicorp/random\"]",
      "instances": [
        {
          "index_key": 0,
          "schema_version": 3,
          "attributes": {
            "bcrypt_hash": "$2a$10$KkuTVEvXgr/yIyHm6b3JlO3iZ0Hd5krXWenZvuhjzZCp/oSJTLdte",
            "id": "none",
            "keepers": null,
            "length": 32,
            "lower": true,
            "min_lower": 0,
            "min_numeric": 0,
            "min_special": 0,
            "min_upper": 0,
            "number": true,
            "numeric": true,
            "override_special": null,
            "result": "aMDvr8G00AxaOL0aqokUpJjsGZPdYfFb",
            "special": false,
            "upper": true
          },
          "sensitive_attributes": [
            [
              {
                "type": "get_attr",
                "value": "bcrypt_hash"
              }
            ],
            [
              {
                "type": "get_attr",
                "value": "result"
              }
            ]
          ],
          "identity_schema_version": 0
        }
      ]
    },
    {
      "mode": "managed",
      "type": "time_sleep",
      "name": "wait_for_ami_settle",
      "provider": "provider[\"registry.terraform.io/hashicorp/time\"]",
      "instances": [
        {
          "schema_version": 0,
          "attributes": {
            "create_duration": "120s",
            "destroy_duration": null,
            "id": "2026-02-09T02:25:56Z",
            "triggers": null
          },
          "sensitive_attributes": [],
          "identity_schema_version": 0,
          "dependencies": [
            "aws_iam_instance_profile.second",
            "aws_iam_role.EC2_Role2",
            "aws_instance.lab-ec2-app-public",
            "aws_security_group.EC2_SG",
            "aws_subnet.Star_Public_AZ1",
            "aws_vpc.Star",
            "data.aws_ami.amazon_linux",
            "data.aws_availability_zones.available"
          ]
        }
      ]
    }
  ],
  "check_results": null
}
